PODS:
  - Alamofire (4.7.3)
  - Toast-Swift (5.0.1)

DEPENDENCIES:
  - Alamofire (= 4.7.3)
  - Toast-Swift (~> 5.0.0)

SPEC REPOS:
  trunk:
    - Alamofire
    - Toast-Swift

SPEC CHECKSUMS:
  Alamofire: c7287b6e5d7da964a70935e5db17046b7fde6568
  Toast-Swift: 9b6a70f28b3bf0b96c40d46c0c4b9d6639846711

PODFILE CHECKSUM: 6f6b10d74073a4d5b431adbe296e42546803b305

COCOAPODS: 1.11.3
