PODS:
  - Alamofire (5.1.0)
  - Toast-Swift (5.0.1)

DEPENDENCIES:
  - Alamofire (= 5.1)
  - Toast-Swift (~> 5.0.0)

SPEC REPOS:
  trunk:
    - Alamofire
    - Toast-Swift

SPEC CHECKSUMS:
  Alamofire: 9d5c5f602928e512395b30950c5984eca840093c
  Toast-Swift: 9b6a70f28b3bf0b96c40d46c0c4b9d6639846711

PODFILE CHECKSUM: e95e28768a742e8477ca34aefbe985256e903f41

COCOAPODS: 1.11.3
