// !$*UTF8*$!
{
	archiveVersion = 1;
	classes = {
	};
	objectVersion = 55;
	objects = {

/* Begin PBXBuildFile section */
		6C105832280E6A0E00C0B462 /* UIColorExtension.swift in Sources */ = {isa = PBXBuildFile; fileRef = 6C105831280E6A0E00C0B462 /* UIColorExtension.swift */; };
		6C105834280E6B9D00C0B462 /* StringExtension.swift in Sources */ = {isa = PBXBuildFile; fileRef = 6C105833280E6B9D00C0B462 /* StringExtension.swift */; };
		6C105839280E7FD500C0B462 /* BriefBanchanReusableView.swift in Sources */ = {isa = PBXBuildFile; fileRef = 6C105838280E7FD500C0B462 /* BriefBanchanReusableView.swift */; };
		6C10583B280E893100C0B462 /* CGFloatExtension.swift in Sources */ = {isa = PBXBuildFile; fileRef = 6C10583A280E893100C0B462 /* CGFloatExtension.swift */; };
		6CEE0802280D080000D2D401 /* AppDelegate.swift in Sources */ = {isa = PBXBuildFile; fileRef = 6CEE0801280D080000D2D401 /* AppDelegate.swift */; };
		6CEE0804280D080000D2D401 /* SceneDelegate.swift in Sources */ = {isa = PBXBuildFile; fileRef = 6CEE0803280D080000D2D401 /* SceneDelegate.swift */; };
		6CEE0806280D080000D2D401 /* MainViewController.swift in Sources */ = {isa = PBXBuildFile; fileRef = 6CEE0805280D080000D2D401 /* MainViewController.swift */; };
		6CEE0809280D080000D2D401 /* Main.storyboard in Resources */ = {isa = PBXBuildFile; fileRef = 6CEE0807280D080000D2D401 /* Main.storyboard */; };
		6CEE080B280D080300D2D401 /* Assets.xcassets in Resources */ = {isa = PBXBuildFile; fileRef = 6CEE080A280D080300D2D401 /* Assets.xcassets */; };
		6CEE080E280D080300D2D401 /* LaunchScreen.storyboard in Resources */ = {isa = PBXBuildFile; fileRef = 6CEE080C280D080300D2D401 /* LaunchScreen.storyboard */; };
		6CEE0818280D616E00D2D401 /* Dish.swift in Sources */ = {isa = PBXBuildFile; fileRef = 6CEE0817280D616E00D2D401 /* Dish.swift */; };
		C6593D15DB8049FB6831B879 /* Pods_SideDish_team24.framework in Frameworks */ = {isa = PBXBuildFile; fileRef = E7233DD1620B28E72B0AFE8F /* Pods_SideDish_team24.framework */; };
		F56668C1280D86B0007ECAD0 /* Dishes.swift in Sources */ = {isa = PBXBuildFile; fileRef = F56668C0280D86B0007ECAD0 /* Dishes.swift */; };
		F57135BB280E49930040C5A4 /* BriefBanchanViewController.swift in Sources */ = {isa = PBXBuildFile; fileRef = F57135BA280E49930040C5A4 /* BriefBanchanViewController.swift */; };
		F57135BE280E4ABB0040C5A4 /* BriefBanchanViewCell.swift in Sources */ = {isa = PBXBuildFile; fileRef = F57135BD280E4ABB0040C5A4 /* BriefBanchanViewCell.swift */; };
		F57135C2280E98500040C5A4 /* DetailBanchanBriefView.swift in Sources */ = {isa = PBXBuildFile; fileRef = F57135C1280E98500040C5A4 /* DetailBanchanBriefView.swift */; };
		F5F1A1AA280E4736006EFDE2 /* DetailBanchanViewController.swift in Sources */ = {isa = PBXBuildFile; fileRef = F5F1A1A9280E4736006EFDE2 /* DetailBanchanViewController.swift */; };
/* End PBXBuildFile section */

/* Begin PBXFileReference section */
		4E1077FD4E4F626AAB5120A2 /* Pods-SideDish-team24.release.xcconfig */ = {isa = PBXFileReference; includeInIndex = 1; lastKnownFileType = text.xcconfig; name = "Pods-SideDish-team24.release.xcconfig"; path = "Target Support Files/Pods-SideDish-team24/Pods-SideDish-team24.release.xcconfig"; sourceTree = "<group>"; };
		6C105831280E6A0E00C0B462 /* UIColorExtension.swift */ = {isa = PBXFileReference; lastKnownFileType = sourcecode.swift; path = UIColorExtension.swift; sourceTree = "<group>"; };
		6C105833280E6B9D00C0B462 /* StringExtension.swift */ = {isa = PBXFileReference; lastKnownFileType = sourcecode.swift; path = StringExtension.swift; sourceTree = "<group>"; };
		6C105838280E7FD500C0B462 /* BriefBanchanReusableView.swift */ = {isa = PBXFileReference; lastKnownFileType = sourcecode.swift; path = BriefBanchanReusableView.swift; sourceTree = "<group>"; };
		6C10583A280E893100C0B462 /* CGFloatExtension.swift */ = {isa = PBXFileReference; lastKnownFileType = sourcecode.swift; path = CGFloatExtension.swift; sourceTree = "<group>"; };
		6CEE07FE280D080000D2D401 /* SideDish-team24.app */ = {isa = PBXFileReference; explicitFileType = wrapper.application; includeInIndex = 0; path = "SideDish-team24.app"; sourceTree = BUILT_PRODUCTS_DIR; };
		6CEE0801280D080000D2D401 /* AppDelegate.swift */ = {isa = PBXFileReference; lastKnownFileType = sourcecode.swift; path = AppDelegate.swift; sourceTree = "<group>"; };
		6CEE0803280D080000D2D401 /* SceneDelegate.swift */ = {isa = PBXFileReference; lastKnownFileType = sourcecode.swift; path = SceneDelegate.swift; sourceTree = "<group>"; };
		6CEE0805280D080000D2D401 /* MainViewController.swift */ = {isa = PBXFileReference; lastKnownFileType = sourcecode.swift; path = MainViewController.swift; sourceTree = "<group>"; };
		6CEE0808280D080000D2D401 /* Base */ = {isa = PBXFileReference; lastKnownFileType = file.storyboard; name = Base; path = Base.lproj/Main.storyboard; sourceTree = "<group>"; };
		6CEE080A280D080300D2D401 /* Assets.xcassets */ = {isa = PBXFileReference; lastKnownFileType = folder.assetcatalog; path = Assets.xcassets; sourceTree = "<group>"; };
		6CEE080D280D080300D2D401 /* Base */ = {isa = PBXFileReference; lastKnownFileType = file.storyboard; name = Base; path = Base.lproj/LaunchScreen.storyboard; sourceTree = "<group>"; };
		6CEE080F280D080300D2D401 /* Info.plist */ = {isa = PBXFileReference; lastKnownFileType = text.plist.xml; path = Info.plist; sourceTree = "<group>"; };
		6CEE0817280D616E00D2D401 /* Dish.swift */ = {isa = PBXFileReference; lastKnownFileType = sourcecode.swift; path = Dish.swift; sourceTree = "<group>"; };
		E5F547B859D2A20736FC1BCD /* Pods-SideDish-team24.debug.xcconfig */ = {isa = PBXFileReference; includeInIndex = 1; lastKnownFileType = text.xcconfig; name = "Pods-SideDish-team24.debug.xcconfig"; path = "Target Support Files/Pods-SideDish-team24/Pods-SideDish-team24.debug.xcconfig"; sourceTree = "<group>"; };
		E7233DD1620B28E72B0AFE8F /* Pods_SideDish_team24.framework */ = {isa = PBXFileReference; explicitFileType = wrapper.framework; includeInIndex = 0; path = Pods_SideDish_team24.framework; sourceTree = BUILT_PRODUCTS_DIR; };
		F56668C0280D86B0007ECAD0 /* Dishes.swift */ = {isa = PBXFileReference; lastKnownFileType = sourcecode.swift; path = Dishes.swift; sourceTree = "<group>"; };
		F57135BA280E49930040C5A4 /* BriefBanchanViewController.swift */ = {isa = PBXFileReference; lastKnownFileType = sourcecode.swift; path = BriefBanchanViewController.swift; sourceTree = "<group>"; };
		F57135BD280E4ABB0040C5A4 /* BriefBanchanViewCell.swift */ = {isa = PBXFileReference; lastKnownFileType = sourcecode.swift; path = BriefBanchanViewCell.swift; sourceTree = "<group>"; };
		F57135C1280E98500040C5A4 /* DetailBanchanBriefView.swift */ = {isa = PBXFileReference; lastKnownFileType = sourcecode.swift; path = DetailBanchanBriefView.swift; sourceTree = "<group>"; };
		F5F1A1A9280E4736006EFDE2 /* DetailBanchanViewController.swift */ = {isa = PBXFileReference; lastKnownFileType = sourcecode.swift; path = DetailBanchanViewController.swift; sourceTree = "<group>"; };
/* End PBXFileReference section */

/* Begin PBXFrameworksBuildPhase section */
		6CEE07FB280D080000D2D401 /* Frameworks */ = {
			isa = PBXFrameworksBuildPhase;
			buildActionMask = 2147483647;
			files = (
				C6593D15DB8049FB6831B879 /* Pods_SideDish_team24.framework in Frameworks */,
			);
			runOnlyForDeploymentPostprocessing = 0;
		};
/* End PBXFrameworksBuildPhase section */

/* Begin PBXGroup section */
		0C6587959E1A7871680FA73E /* Pods */ = {
			isa = PBXGroup;
			children = (
				E5F547B859D2A20736FC1BCD /* Pods-SideDish-team24.debug.xcconfig */,
				4E1077FD4E4F626AAB5120A2 /* Pods-SideDish-team24.release.xcconfig */,
			);
			path = Pods;
			sourceTree = "<group>";
		};
		6C105830280E6A0300C0B462 /* Extension */ = {
			isa = PBXGroup;
			children = (
				6C105831280E6A0E00C0B462 /* UIColorExtension.swift */,
				6C105833280E6B9D00C0B462 /* StringExtension.swift */,
				6C10583A280E893100C0B462 /* CGFloatExtension.swift */,
			);
			path = Extension;
			sourceTree = "<group>";
		};
		6C105835280E745700C0B462 /* Delegate */ = {
			isa = PBXGroup;
			children = (
				6CEE0801280D080000D2D401 /* AppDelegate.swift */,
				6CEE0803280D080000D2D401 /* SceneDelegate.swift */,
			);
			path = Delegate;
			sourceTree = "<group>";
		};
		6CEE07F5280D080000D2D401 = {
			isa = PBXGroup;
			children = (
				6CEE0800280D080000D2D401 /* SideDish-team24 */,
				6CEE07FF280D080000D2D401 /* Products */,
				0C6587959E1A7871680FA73E /* Pods */,
				78A24B8C1BA5531D53170259 /* Frameworks */,
			);
			sourceTree = "<group>";
		};
		6CEE07FF280D080000D2D401 /* Products */ = {
			isa = PBXGroup;
			children = (
				6CEE07FE280D080000D2D401 /* SideDish-team24.app */,
			);
			name = Products;
			sourceTree = "<group>";
		};
		6CEE0800280D080000D2D401 /* SideDish-team24 */ = {
			isa = PBXGroup;
			children = (
				F56668C2280D95B4007ECAD0 /* ViewController */,
				6CEE0819280D617300D2D401 /* Model */,
				F57135BC280E4A8D0040C5A4 /* View */,
				6C105830280E6A0300C0B462 /* Extension */,
				6C105835280E745700C0B462 /* Delegate */,
				6CEE0807280D080000D2D401 /* Main.storyboard */,
				6CEE080A280D080300D2D401 /* Assets.xcassets */,
				6CEE080C280D080300D2D401 /* LaunchScreen.storyboard */,
				6CEE080F280D080300D2D401 /* Info.plist */,
			);
			path = "SideDish-team24";
			sourceTree = "<group>";
		};
		6CEE0819280D617300D2D401 /* Model */ = {
			isa = PBXGroup;
			children = (
				6CEE0817280D616E00D2D401 /* Dish.swift */,
				F56668C0280D86B0007ECAD0 /* Dishes.swift */,
			);
			path = Model;
			sourceTree = "<group>";
		};
		78A24B8C1BA5531D53170259 /* Frameworks */ = {
			isa = PBXGroup;
			children = (
				E7233DD1620B28E72B0AFE8F /* Pods_SideDish_team24.framework */,
			);
			name = Frameworks;
			sourceTree = "<group>";
		};
		F56668C2280D95B4007ECAD0 /* ViewController */ = {
			isa = PBXGroup;
			children = (
				6CEE0805280D080000D2D401 /* MainViewController.swift */,
				F5F1A1A9280E4736006EFDE2 /* DetailBanchanViewController.swift */,
				F57135BA280E49930040C5A4 /* BriefBanchanViewController.swift */,
			);
			path = ViewController;
			sourceTree = "<group>";
		};
		F57135BC280E4A8D0040C5A4 /* View */ = {
			isa = PBXGroup;
			children = (
				F57135BD280E4ABB0040C5A4 /* BriefBanchanViewCell.swift */,
				6C105838280E7FD500C0B462 /* BriefBanchanReusableView.swift */,
				F57135C1280E98500040C5A4 /* DetailBanchanBriefView.swift */,
			);
			path = View;
			sourceTree = "<group>";
		};
/* End PBXGroup section */

/* Begin PBXNativeTarget section */
		6CEE07FD280D080000D2D401 /* SideDish-team24 */ = {
			isa = PBXNativeTarget;
			buildConfigurationList = 6CEE0812280D080300D2D401 /* Build configuration list for PBXNativeTarget "SideDish-team24" */;
			buildPhases = (
				0E4427D403005D318C3FE908 /* [CP] Check Pods Manifest.lock */,
				6CEE07FA280D080000D2D401 /* Sources */,
				6CEE07FB280D080000D2D401 /* Frameworks */,
				6CEE07FC280D080000D2D401 /* Resources */,
				05310DFB430324EBB97C20F4 /* [CP] Embed Pods Frameworks */,
			);
			buildRules = (
			);
			dependencies = (
			);
			name = "SideDish-team24";
			productName = "SideDish-team24";
			productReference = 6CEE07FE280D080000D2D401 /* SideDish-team24.app */;
			productType = "com.apple.product-type.application";
		};
/* End PBXNativeTarget section */

/* Begin PBXProject section */
		6CEE07F6280D080000D2D401 /* Project object */ = {
			isa = PBXProject;
			attributes = {
				BuildIndependentTargetsInParallel = 1;
				LastSwiftUpdateCheck = 1330;
				LastUpgradeCheck = 1330;
				TargetAttributes = {
					6CEE07FD280D080000D2D401 = {
						CreatedOnToolsVersion = 13.3.1;
					};
				};
			};
			buildConfigurationList = 6CEE07F9280D080000D2D401 /* Build configuration list for PBXProject "SideDish-team24" */;
			compatibilityVersion = "Xcode 13.0";
			developmentRegion = en;
			hasScannedForEncodings = 0;
			knownRegions = (
				en,
				Base,
			);
			mainGroup = 6CEE07F5280D080000D2D401;
			productRefGroup = 6CEE07FF280D080000D2D401 /* Products */;
			projectDirPath = "";
			projectRoot = "";
			targets = (
				6CEE07FD280D080000D2D401 /* SideDish-team24 */,
			);
		};
/* End PBXProject section */

/* Begin PBXResourcesBuildPhase section */
		6CEE07FC280D080000D2D401 /* Resources */ = {
			isa = PBXResourcesBuildPhase;
			buildActionMask = 2147483647;
			files = (
				6CEE080E280D080300D2D401 /* LaunchScreen.storyboard in Resources */,
				6CEE080B280D080300D2D401 /* Assets.xcassets in Resources */,
				6CEE0809280D080000D2D401 /* Main.storyboard in Resources */,
			);
			runOnlyForDeploymentPostprocessing = 0;
		};
/* End PBXResourcesBuildPhase section */

/* Begin PBXShellScriptBuildPhase section */
		05310DFB430324EBB97C20F4 /* [CP] Embed Pods Frameworks */ = {
			isa = PBXShellScriptBuildPhase;
			buildActionMask = 2147483647;
			files = (
			);
			inputFileListPaths = (
				"${PODS_ROOT}/Target Support Files/Pods-SideDish-team24/Pods-SideDish-team24-frameworks-${CONFIGURATION}-input-files.xcfilelist",
			);
			name = "[CP] Embed Pods Frameworks";
			outputFileListPaths = (
				"${PODS_ROOT}/Target Support Files/Pods-SideDish-team24/Pods-SideDish-team24-frameworks-${CONFIGURATION}-output-files.xcfilelist",
			);
			runOnlyForDeploymentPostprocessing = 0;
			shellPath = /bin/sh;
			shellScript = "\"${PODS_ROOT}/Target Support Files/Pods-SideDish-team24/Pods-SideDish-team24-frameworks.sh\"\n";
			showEnvVarsInLog = 0;
		};
		0E4427D403005D318C3FE908 /* [CP] Check Pods Manifest.lock */ = {
			isa = PBXShellScriptBuildPhase;
			buildActionMask = 2147483647;
			files = (
			);
			inputFileListPaths = (
			);
			inputPaths = (
				"${PODS_PODFILE_DIR_PATH}/Podfile.lock",
				"${PODS_ROOT}/Manifest.lock",
			);
			name = "[CP] Check Pods Manifest.lock";
			outputFileListPaths = (
			);
			outputPaths = (
				"$(DERIVED_FILE_DIR)/Pods-SideDish-team24-checkManifestLockResult.txt",
			);
			runOnlyForDeploymentPostprocessing = 0;
			shellPath = /bin/sh;
			shellScript = "diff \"${PODS_PODFILE_DIR_PATH}/Podfile.lock\" \"${PODS_ROOT}/Manifest.lock\" > /dev/null\nif [ $? != 0 ] ; then\n    # print error to STDERR\n    echo \"error: The sandbox is not in sync with the Podfile.lock. Run 'pod install' or update your CocoaPods installation.\" >&2\n    exit 1\nfi\n# This output is used by Xcode 'outputs' to avoid re-running this script phase.\necho \"SUCCESS\" > \"${SCRIPT_OUTPUT_FILE_0}\"\n";
			showEnvVarsInLog = 0;
		};
/* End PBXShellScriptBuildPhase section */

/* Begin PBXSourcesBuildPhase section */
		6CEE07FA280D080000D2D401 /* Sources */ = {
			isa = PBXSourcesBuildPhase;
			buildActionMask = 2147483647;
			files = (
				6CEE0806280D080000D2D401 /* MainViewController.swift in Sources */,
				F56668C1280D86B0007ECAD0 /* Dishes.swift in Sources */,
				6C105834280E6B9D00C0B462 /* StringExtension.swift in Sources */,
				F57135BB280E49930040C5A4 /* BriefBanchanViewController.swift in Sources */,
				F57135BE280E4ABB0040C5A4 /* BriefBanchanViewCell.swift in Sources */,
				6CEE0818280D616E00D2D401 /* Dish.swift in Sources */,
				6C105839280E7FD500C0B462 /* BriefBanchanReusableView.swift in Sources */,
				6C105832280E6A0E00C0B462 /* UIColorExtension.swift in Sources */,
				F5F1A1AA280E4736006EFDE2 /* DetailBanchanViewController.swift in Sources */,
				6CEE0802280D080000D2D401 /* AppDelegate.swift in Sources */,
				6C10583B280E893100C0B462 /* CGFloatExtension.swift in Sources */,
				F57135C2280E98500040C5A4 /* DetailBanchanBriefView.swift in Sources */,
				6CEE0804280D080000D2D401 /* SceneDelegate.swift in Sources */,
			);
			runOnlyForDeploymentPostprocessing = 0;
		};
/* End PBXSourcesBuildPhase section */

/* Begin PBXVariantGroup section */
		6CEE0807280D080000D2D401 /* Main.storyboard */ = {
			isa = PBXVariantGroup;
			children = (
				6CEE0808280D080000D2D401 /* Base */,
			);
			name = Main.storyboard;
			sourceTree = "<group>";
		};
		6CEE080C280D080300D2D401 /* LaunchScreen.storyboard */ = {
			isa = PBXVariantGroup;
			children = (
				6CEE080D280D080300D2D401 /* Base */,
			);
			name = LaunchScreen.storyboard;
			sourceTree = "<group>";
		};
/* End PBXVariantGroup section */

/* Begin XCBuildConfiguration section */
		6CEE0810280D080300D2D401 /* Debug */ = {
			isa = XCBuildConfiguration;
			buildSettings = {
				ALWAYS_SEARCH_USER_PATHS = NO;
				CLANG_ANALYZER_NONNULL = YES;
				CLANG_ANALYZER_NUMBER_OBJECT_CONVERSION = YES_AGGRESSIVE;
				CLANG_CXX_LANGUAGE_STANDARD = "gnu++17";
				CLANG_ENABLE_MODULES = YES;
				CLANG_ENABLE_OBJC_ARC = YES;
				CLANG_ENABLE_OBJC_WEAK = YES;
				CLANG_WARN_BLOCK_CAPTURE_AUTORELEASING = YES;
				CLANG_WARN_BOOL_CONVERSION = YES;
				CLANG_WARN_COMMA = YES;
				CLANG_WARN_CONSTANT_CONVERSION = YES;
				CLANG_WARN_DEPRECATED_OBJC_IMPLEMENTATIONS = YES;
				CLANG_WARN_DIRECT_OBJC_ISA_USAGE = YES_ERROR;
				CLANG_WARN_DOCUMENTATION_COMMENTS = YES;
				CLANG_WARN_EMPTY_BODY = YES;
				CLANG_WARN_ENUM_CONVERSION = YES;
				CLANG_WARN_INFINITE_RECURSION = YES;
				CLANG_WARN_INT_CONVERSION = YES;
				CLANG_WARN_NON_LITERAL_NULL_CONVERSION = YES;
				CLANG_WARN_OBJC_IMPLICIT_RETAIN_SELF = YES;
				CLANG_WARN_OBJC_LITERAL_CONVERSION = YES;
				CLANG_WARN_OBJC_ROOT_CLASS = YES_ERROR;
				CLANG_WARN_QUOTED_INCLUDE_IN_FRAMEWORK_HEADER = YES;
				CLANG_WARN_RANGE_LOOP_ANALYSIS = YES;
				CLANG_WARN_STRICT_PROTOTYPES = YES;
				CLANG_WARN_SUSPICIOUS_MOVE = YES;
				CLANG_WARN_UNGUARDED_AVAILABILITY = YES_AGGRESSIVE;
				CLANG_WARN_UNREACHABLE_CODE = YES;
				CLANG_WARN__DUPLICATE_METHOD_MATCH = YES;
				COPY_PHASE_STRIP = NO;
				DEBUG_INFORMATION_FORMAT = dwarf;
				ENABLE_STRICT_OBJC_MSGSEND = YES;
				ENABLE_TESTABILITY = YES;
				GCC_C_LANGUAGE_STANDARD = gnu11;
				GCC_DYNAMIC_NO_PIC = NO;
				GCC_NO_COMMON_BLOCKS = YES;
				GCC_OPTIMIZATION_LEVEL = 0;
				GCC_PREPROCESSOR_DEFINITIONS = (
					"DEBUG=1",
					"$(inherited)",
				);
				GCC_WARN_64_TO_32_BIT_CONVERSION = YES;
				GCC_WARN_ABOUT_RETURN_TYPE = YES_ERROR;
				GCC_WARN_UNDECLARED_SELECTOR = YES;
				GCC_WARN_UNINITIALIZED_AUTOS = YES_AGGRESSIVE;
				GCC_WARN_UNUSED_FUNCTION = YES;
				GCC_WARN_UNUSED_VARIABLE = YES;
				IPHONEOS_DEPLOYMENT_TARGET = 15.4;
				MTL_ENABLE_DEBUG_INFO = INCLUDE_SOURCE;
				MTL_FAST_MATH = YES;
				ONLY_ACTIVE_ARCH = YES;
				SDKROOT = iphoneos;
				SWIFT_ACTIVE_COMPILATION_CONDITIONS = DEBUG;
				SWIFT_OPTIMIZATION_LEVEL = "-Onone";
			};
			name = Debug;
		};
		6CEE0811280D080300D2D401 /* Release */ = {
			isa = XCBuildConfiguration;
			buildSettings = {
				ALWAYS_SEARCH_USER_PATHS = NO;
				CLANG_ANALYZER_NONNULL = YES;
				CLANG_ANALYZER_NUMBER_OBJECT_CONVERSION = YES_AGGRESSIVE;
				CLANG_CXX_LANGUAGE_STANDARD = "gnu++17";
				CLANG_ENABLE_MODULES = YES;
				CLANG_ENABLE_OBJC_ARC = YES;
				CLANG_ENABLE_OBJC_WEAK = YES;
				CLANG_WARN_BLOCK_CAPTURE_AUTORELEASING = YES;
				CLANG_WARN_BOOL_CONVERSION = YES;
				CLANG_WARN_COMMA = YES;
				CLANG_WARN_CONSTANT_CONVERSION = YES;
				CLANG_WARN_DEPRECATED_OBJC_IMPLEMENTATIONS = YES;
				CLANG_WARN_DIRECT_OBJC_ISA_USAGE = YES_ERROR;
				CLANG_WARN_DOCUMENTATION_COMMENTS = YES;
				CLANG_WARN_EMPTY_BODY = YES;
				CLANG_WARN_ENUM_CONVERSION = YES;
				CLANG_WARN_INFINITE_RECURSION = YES;
				CLANG_WARN_INT_CONVERSION = YES;
				CLANG_WARN_NON_LITERAL_NULL_CONVERSION = YES;
				CLANG_WARN_OBJC_IMPLICIT_RETAIN_SELF = YES;
				CLANG_WARN_OBJC_LITERAL_CONVERSION = YES;
				CLANG_WARN_OBJC_ROOT_CLASS = YES_ERROR;
				CLANG_WARN_QUOTED_INCLUDE_IN_FRAMEWORK_HEADER = YES;
				CLANG_WARN_RANGE_LOOP_ANALYSIS = YES;
				CLANG_WARN_STRICT_PROTOTYPES = YES;
				CLANG_WARN_SUSPICIOUS_MOVE = YES;
				CLANG_WARN_UNGUARDED_AVAILABILITY = YES_AGGRESSIVE;
				CLANG_WARN_UNREACHABLE_CODE = YES;
				CLANG_WARN__DUPLICATE_METHOD_MATCH = YES;
				COPY_PHASE_STRIP = NO;
				DEBUG_INFORMATION_FORMAT = "dwarf-with-dsym";
				ENABLE_NS_ASSERTIONS = NO;
				ENABLE_STRICT_OBJC_MSGSEND = YES;
				GCC_C_LANGUAGE_STANDARD = gnu11;
				GCC_NO_COMMON_BLOCKS = YES;
				GCC_WARN_64_TO_32_BIT_CONVERSION = YES;
				GCC_WARN_ABOUT_RETURN_TYPE = YES_ERROR;
				GCC_WARN_UNDECLARED_SELECTOR = YES;
				GCC_WARN_UNINITIALIZED_AUTOS = YES_AGGRESSIVE;
				GCC_WARN_UNUSED_FUNCTION = YES;
				GCC_WARN_UNUSED_VARIABLE = YES;
				IPHONEOS_DEPLOYMENT_TARGET = 15.4;
				MTL_ENABLE_DEBUG_INFO = NO;
				MTL_FAST_MATH = YES;
				SDKROOT = iphoneos;
				SWIFT_COMPILATION_MODE = wholemodule;
				SWIFT_OPTIMIZATION_LEVEL = "-O";
				VALIDATE_PRODUCT = YES;
			};
			name = Release;
		};
		6CEE0813280D080300D2D401 /* Debug */ = {
			isa = XCBuildConfiguration;
			baseConfigurationReference = E5F547B859D2A20736FC1BCD /* Pods-SideDish-team24.debug.xcconfig */;
			buildSettings = {
				ASSETCATALOG_COMPILER_APPICON_NAME = AppIcon;
				ASSETCATALOG_COMPILER_GLOBAL_ACCENT_COLOR_NAME = AccentColor;
				CODE_SIGN_STYLE = Automatic;
				CURRENT_PROJECT_VERSION = 1;
				DEVELOPMENT_TEAM = B3PWYBKFUK;
				GENERATE_INFOPLIST_FILE = YES;
				INFOPLIST_FILE = "SideDish-team24/Info.plist";
				INFOPLIST_KEY_UIApplicationSupportsIndirectInputEvents = YES;
				INFOPLIST_KEY_UILaunchStoryboardName = LaunchScreen;
				INFOPLIST_KEY_UIMainStoryboardFile = Main;
				INFOPLIST_KEY_UISupportedInterfaceOrientations_iPad = "UIInterfaceOrientationPortrait UIInterfaceOrientationPortraitUpsideDown UIInterfaceOrientationLandscapeLeft UIInterfaceOrientationLandscapeRight";
				INFOPLIST_KEY_UISupportedInterfaceOrientations_iPhone = "UIInterfaceOrientationPortrait UIInterfaceOrientationLandscapeLeft UIInterfaceOrientationLandscapeRight";
				LD_RUNPATH_SEARCH_PATHS = (
					"$(inherited)",
					"@executable_path/Frameworks",
				);
				MARKETING_VERSION = 1.0;
				PRODUCT_BUNDLE_IDENTIFIER = "kr.codesquad.SideDish-team24";
				PRODUCT_NAME = "$(TARGET_NAME)";
				SWIFT_EMIT_LOC_STRINGS = YES;
				SWIFT_VERSION = 5.0;
				TARGETED_DEVICE_FAMILY = "1,2";
			};
			name = Debug;
		};
		6CEE0814280D080300D2D401 /* Release */ = {
			isa = XCBuildConfiguration;
			baseConfigurationReference = 4E1077FD4E4F626AAB5120A2 /* Pods-SideDish-team24.release.xcconfig */;
			buildSettings = {
				ASSETCATALOG_COMPILER_APPICON_NAME = AppIcon;
				ASSETCATALOG_COMPILER_GLOBAL_ACCENT_COLOR_NAME = AccentColor;
				CODE_SIGN_STYLE = Automatic;
				CURRENT_PROJECT_VERSION = 1;
				DEVELOPMENT_TEAM = B3PWYBKFUK;
				GENERATE_INFOPLIST_FILE = YES;
				INFOPLIST_FILE = "SideDish-team24/Info.plist";
				INFOPLIST_KEY_UIApplicationSupportsIndirectInputEvents = YES;
				INFOPLIST_KEY_UILaunchStoryboardName = LaunchScreen;
				INFOPLIST_KEY_UIMainStoryboardFile = Main;
				INFOPLIST_KEY_UISupportedInterfaceOrientations_iPad = "UIInterfaceOrientationPortrait UIInterfaceOrientationPortraitUpsideDown UIInterfaceOrientationLandscapeLeft UIInterfaceOrientationLandscapeRight";
				INFOPLIST_KEY_UISupportedInterfaceOrientations_iPhone = "UIInterfaceOrientationPortrait UIInterfaceOrientationLandscapeLeft UIInterfaceOrientationLandscapeRight";
				LD_RUNPATH_SEARCH_PATHS = (
					"$(inherited)",
					"@executable_path/Frameworks",
				);
				MARKETING_VERSION = 1.0;
				PRODUCT_BUNDLE_IDENTIFIER = "kr.codesquad.SideDish-team24";
				PRODUCT_NAME = "$(TARGET_NAME)";
				SWIFT_EMIT_LOC_STRINGS = YES;
				SWIFT_VERSION = 5.0;
				TARGETED_DEVICE_FAMILY = "1,2";
			};
			name = Release;
		};
/* End XCBuildConfiguration section */

/* Begin XCConfigurationList section */
		6CEE07F9280D080000D2D401 /* Build configuration list for PBXProject "SideDish-team24" */ = {
			isa = XCConfigurationList;
			buildConfigurations = (
				6CEE0810280D080300D2D401 /* Debug */,
				6CEE0811280D080300D2D401 /* Release */,
			);
			defaultConfigurationIsVisible = 0;
			defaultConfigurationName = Release;
		};
		6CEE0812280D080300D2D401 /* Build configuration list for PBXNativeTarget "SideDish-team24" */ = {
			isa = XCConfigurationList;
			buildConfigurations = (
				6CEE0813280D080300D2D401 /* Debug */,
				6CEE0814280D080300D2D401 /* Release */,
			);
			defaultConfigurationIsVisible = 0;
			defaultConfigurationName = Release;
		};
/* End XCConfigurationList section */
	};
	rootObject = 6CEE07F6280D080000D2D401 /* Project object */;
}
