// !$*UTF8*$!
{
	archiveVersion = 1;
	classes = {
	};
	objectVersion = 55;
	objects = {

/* Begin PBXBuildFile section */
		0049FA52280EE98300470FCD /* HomeViewController.swift in Sources */ = {isa = PBXBuildFile; fileRef = 0049FA51280EE98300470FCD /* HomeViewController.swift */; };
		0049FA54280EF2EB00470FCD /* SectionHeader.swift in Sources */ = {isa = PBXBuildFile; fileRef = 0049FA53280EF2EB00470FCD /* SectionHeader.swift */; };
		004EA4E0280E541000D365DB /* .swiftlint.yml in Resources */ = {isa = PBXBuildFile; fileRef = 004EA4DF280E541000D365DB /* .swiftlint.yml */; };
		024D59D22811216B007E2727 /* Font.swift in Sources */ = {isa = PBXBuildFile; fileRef = 024D59D12811216B007E2727 /* Font.swift */; };
		024D59D428112409007E2727 /* PaddingLabel.swift in Sources */ = {isa = PBXBuildFile; fileRef = 024D59D328112409007E2727 /* PaddingLabel.swift */; };
		0279B33F280FDB9E00DDBA6E /* DishCell.swift in Sources */ = {isa = PBXBuildFile; fileRef = 0279B33D280FDB9E00DDBA6E /* DishCell.swift */; };
		0279B340280FDB9E00DDBA6E /* DishCell.xib in Resources */ = {isa = PBXBuildFile; fileRef = 0279B33E280FDB9E00DDBA6E /* DishCell.xib */; };
		2A3B3EC2280E9F78003F21F4 /* SF-Pro-Display-Black.otf in Resources */ = {isa = PBXBuildFile; fileRef = 2A3B3EB0280E9F77003F21F4 /* SF-Pro-Display-Black.otf */; };
		2A3B3EC3280E9F78003F21F4 /* SF-Pro-Display-Heavy.otf in Resources */ = {isa = PBXBuildFile; fileRef = 2A3B3EB1280E9F77003F21F4 /* SF-Pro-Display-Heavy.otf */; };
		2A3B3EC4280E9F78003F21F4 /* SF-Pro-Display-Thin.otf in Resources */ = {isa = PBXBuildFile; fileRef = 2A3B3EB2280E9F77003F21F4 /* SF-Pro-Display-Thin.otf */; };
		2A3B3EC5280E9F78003F21F4 /* SF-Pro-Display-MediumItalic.otf in Resources */ = {isa = PBXBuildFile; fileRef = 2A3B3EB3280E9F77003F21F4 /* SF-Pro-Display-MediumItalic.otf */; };
		2A3B3EC6280E9F78003F21F4 /* SF-Pro-Display-RegularItalic.otf in Resources */ = {isa = PBXBuildFile; fileRef = 2A3B3EB4280E9F77003F21F4 /* SF-Pro-Display-RegularItalic.otf */; };
		2A3B3EC7280E9F78003F21F4 /* SF-Pro-Display-UltralightItalic.otf in Resources */ = {isa = PBXBuildFile; fileRef = 2A3B3EB5280E9F77003F21F4 /* SF-Pro-Display-UltralightItalic.otf */; };
		2A3B3EC8280E9F78003F21F4 /* SF-Pro-Display-Medium.otf in Resources */ = {isa = PBXBuildFile; fileRef = 2A3B3EB6280E9F77003F21F4 /* SF-Pro-Display-Medium.otf */; };
		2A3B3EC9280E9F78003F21F4 /* SF-Pro-Display-ThinItalic.otf in Resources */ = {isa = PBXBuildFile; fileRef = 2A3B3EB7280E9F77003F21F4 /* SF-Pro-Display-ThinItalic.otf */; };
		2A3B3ECA280E9F78003F21F4 /* SF-Pro-Display-Regular.otf in Resources */ = {isa = PBXBuildFile; fileRef = 2A3B3EB8280E9F77003F21F4 /* SF-Pro-Display-Regular.otf */; };
		2A3B3ECB280E9F78003F21F4 /* SF-Pro-Display-Semibold.otf in Resources */ = {isa = PBXBuildFile; fileRef = 2A3B3EB9280E9F78003F21F4 /* SF-Pro-Display-Semibold.otf */; };
		2A3B3ECC280E9F78003F21F4 /* SF-Pro-Display-HeavyItalic.otf in Resources */ = {isa = PBXBuildFile; fileRef = 2A3B3EBA280E9F78003F21F4 /* SF-Pro-Display-HeavyItalic.otf */; };
		2A3B3ECD280E9F78003F21F4 /* SF-Pro-Display-BlackItalic.otf in Resources */ = {isa = PBXBuildFile; fileRef = 2A3B3EBB280E9F78003F21F4 /* SF-Pro-Display-BlackItalic.otf */; };
		2A3B3ECE280E9F78003F21F4 /* SF-Pro-Display-LightItalic.otf in Resources */ = {isa = PBXBuildFile; fileRef = 2A3B3EBC280E9F78003F21F4 /* SF-Pro-Display-LightItalic.otf */; };
		2A3B3ECF280E9F78003F21F4 /* SF-Pro-Display-Bold.otf in Resources */ = {isa = PBXBuildFile; fileRef = 2A3B3EBD280E9F78003F21F4 /* SF-Pro-Display-Bold.otf */; };
		2A3B3ED0280E9F78003F21F4 /* SF-Pro-Display-SemiboldItalic.otf in Resources */ = {isa = PBXBuildFile; fileRef = 2A3B3EBE280E9F78003F21F4 /* SF-Pro-Display-SemiboldItalic.otf */; };
		2A3B3ED1280E9F78003F21F4 /* SF-Pro-Display-Ultralight.otf in Resources */ = {isa = PBXBuildFile; fileRef = 2A3B3EBF280E9F78003F21F4 /* SF-Pro-Display-Ultralight.otf */; };
		2A3B3ED2280E9F78003F21F4 /* SF-Pro-Display-Light.otf in Resources */ = {isa = PBXBuildFile; fileRef = 2A3B3EC0280E9F78003F21F4 /* SF-Pro-Display-Light.otf */; };
		2A3B3ED3280E9F78003F21F4 /* SF-Pro-Display-BoldItalic.otf in Resources */ = {isa = PBXBuildFile; fileRef = 2A3B3EC1280E9F78003F21F4 /* SF-Pro-Display-BoldItalic.otf */; };
		2A50C19A280D55F400AFF2F7 /* AppDelegate.swift in Sources */ = {isa = PBXBuildFile; fileRef = 2A50C199280D55F400AFF2F7 /* AppDelegate.swift */; };
		2A50C19C280D55F400AFF2F7 /* SceneDelegate.swift in Sources */ = {isa = PBXBuildFile; fileRef = 2A50C19B280D55F400AFF2F7 /* SceneDelegate.swift */; };
		2A50C1A1280D55F400AFF2F7 /* Main.storyboard in Resources */ = {isa = PBXBuildFile; fileRef = 2A50C19F280D55F400AFF2F7 /* Main.storyboard */; };
		2A50C1A4280D55F400AFF2F7 /* SideDish.xcdatamodeld in Sources */ = {isa = PBXBuildFile; fileRef = 2A50C1A2280D55F400AFF2F7 /* SideDish.xcdatamodeld */; };
		2A50C1A6280D55F500AFF2F7 /* Assets.xcassets in Resources */ = {isa = PBXBuildFile; fileRef = 2A50C1A5280D55F500AFF2F7 /* Assets.xcassets */; };
		2A50C1A9280D55F500AFF2F7 /* LaunchScreen.storyboard in Resources */ = {isa = PBXBuildFile; fileRef = 2A50C1A7280D55F500AFF2F7 /* LaunchScreen.storyboard */; };
		2A50C1B4280D55F500AFF2F7 /* SideDishTests.swift in Sources */ = {isa = PBXBuildFile; fileRef = 2A50C1B3280D55F500AFF2F7 /* SideDishTests.swift */; };
		2A50C1BE280D55F500AFF2F7 /* SideDishUITests.swift in Sources */ = {isa = PBXBuildFile; fileRef = 2A50C1BD280D55F500AFF2F7 /* SideDishUITests.swift */; };
		2A50C1C0280D55F500AFF2F7 /* SideDishUITestsLaunchTests.swift in Sources */ = {isa = PBXBuildFile; fileRef = 2A50C1BF280D55F500AFF2F7 /* SideDishUITestsLaunchTests.swift */; };
		738D4BEAB2A5305AF0539D68 /* Pods_SideDishTests.framework in Frameworks */ = {isa = PBXBuildFile; fileRef = D35D24DA6FDFE840C2889DA1 /* Pods_SideDishTests.framework */; };
		C8B4A2577E28987617CF5698 /* Pods_SideDish_SideDishUITests.framework in Frameworks */ = {isa = PBXBuildFile; fileRef = 49DCB82FACC701F525421E03 /* Pods_SideDish_SideDishUITests.framework */; };
		FB3EC5F5C68103A09B5576F4 /* Pods_SideDish.framework in Frameworks */ = {isa = PBXBuildFile; fileRef = 05CA88970920716FAF533DFC /* Pods_SideDish.framework */; };
/* End PBXBuildFile section */

/* Begin PBXContainerItemProxy section */
		2A50C1B0280D55F500AFF2F7 /* PBXContainerItemProxy */ = {
			isa = PBXContainerItemProxy;
			containerPortal = 2A50C18E280D55F400AFF2F7 /* Project object */;
			proxyType = 1;
			remoteGlobalIDString = 2A50C195280D55F400AFF2F7;
			remoteInfo = SideDish;
		};
		2A50C1BA280D55F500AFF2F7 /* PBXContainerItemProxy */ = {
			isa = PBXContainerItemProxy;
			containerPortal = 2A50C18E280D55F400AFF2F7 /* Project object */;
			proxyType = 1;
			remoteGlobalIDString = 2A50C195280D55F400AFF2F7;
			remoteInfo = SideDish;
		};
/* End PBXContainerItemProxy section */

/* Begin PBXFileReference section */
		0049FA51280EE98300470FCD /* HomeViewController.swift */ = {isa = PBXFileReference; lastKnownFileType = sourcecode.swift; path = HomeViewController.swift; sourceTree = "<group>"; };
		0049FA53280EF2EB00470FCD /* SectionHeader.swift */ = {isa = PBXFileReference; lastKnownFileType = sourcecode.swift; path = SectionHeader.swift; sourceTree = "<group>"; };
		004EA4DF280E541000D365DB /* .swiftlint.yml */ = {isa = PBXFileReference; lastKnownFileType = text.yaml; path = .swiftlint.yml; sourceTree = "<group>"; };
		024D59D12811216B007E2727 /* Font.swift */ = {isa = PBXFileReference; lastKnownFileType = sourcecode.swift; path = Font.swift; sourceTree = "<group>"; };
		024D59D328112409007E2727 /* PaddingLabel.swift */ = {isa = PBXFileReference; lastKnownFileType = sourcecode.swift; path = PaddingLabel.swift; sourceTree = "<group>"; };
		0279B33D280FDB9E00DDBA6E /* DishCell.swift */ = {isa = PBXFileReference; fileEncoding = 4; lastKnownFileType = sourcecode.swift; path = DishCell.swift; sourceTree = "<group>"; };
		0279B33E280FDB9E00DDBA6E /* DishCell.xib */ = {isa = PBXFileReference; fileEncoding = 4; lastKnownFileType = file.xib; path = DishCell.xib; sourceTree = "<group>"; };
		05CA88970920716FAF533DFC /* Pods_SideDish.framework */ = {isa = PBXFileReference; explicitFileType = wrapper.framework; includeInIndex = 0; path = Pods_SideDish.framework; sourceTree = BUILT_PRODUCTS_DIR; };
		0610F82D47EF6C51A3403E55 /* Pods-SideDish.debug.xcconfig */ = {isa = PBXFileReference; includeInIndex = 1; lastKnownFileType = text.xcconfig; name = "Pods-SideDish.debug.xcconfig"; path = "Target Support Files/Pods-SideDish/Pods-SideDish.debug.xcconfig"; sourceTree = "<group>"; };
		08B6432E83B949F7C197B7D3 /* Pods-SideDish-SideDishUITests.release.xcconfig */ = {isa = PBXFileReference; includeInIndex = 1; lastKnownFileType = text.xcconfig; name = "Pods-SideDish-SideDishUITests.release.xcconfig"; path = "Target Support Files/Pods-SideDish-SideDishUITests/Pods-SideDish-SideDishUITests.release.xcconfig"; sourceTree = "<group>"; };
		2A3B3EB0280E9F77003F21F4 /* SF-Pro-Display-Black.otf */ = {isa = PBXFileReference; lastKnownFileType = file; path = "SF-Pro-Display-Black.otf"; sourceTree = "<group>"; };
		2A3B3EB1280E9F77003F21F4 /* SF-Pro-Display-Heavy.otf */ = {isa = PBXFileReference; lastKnownFileType = file; path = "SF-Pro-Display-Heavy.otf"; sourceTree = "<group>"; };
		2A3B3EB2280E9F77003F21F4 /* SF-Pro-Display-Thin.otf */ = {isa = PBXFileReference; lastKnownFileType = file; path = "SF-Pro-Display-Thin.otf"; sourceTree = "<group>"; };
		2A3B3EB3280E9F77003F21F4 /* SF-Pro-Display-MediumItalic.otf */ = {isa = PBXFileReference; lastKnownFileType = file; path = "SF-Pro-Display-MediumItalic.otf"; sourceTree = "<group>"; };
		2A3B3EB4280E9F77003F21F4 /* SF-Pro-Display-RegularItalic.otf */ = {isa = PBXFileReference; lastKnownFileType = file; path = "SF-Pro-Display-RegularItalic.otf"; sourceTree = "<group>"; };
		2A3B3EB5280E9F77003F21F4 /* SF-Pro-Display-UltralightItalic.otf */ = {isa = PBXFileReference; lastKnownFileType = file; path = "SF-Pro-Display-UltralightItalic.otf"; sourceTree = "<group>"; };
		2A3B3EB6280E9F77003F21F4 /* SF-Pro-Display-Medium.otf */ = {isa = PBXFileReference; lastKnownFileType = file; path = "SF-Pro-Display-Medium.otf"; sourceTree = "<group>"; };
		2A3B3EB7280E9F77003F21F4 /* SF-Pro-Display-ThinItalic.otf */ = {isa = PBXFileReference; lastKnownFileType = file; path = "SF-Pro-Display-ThinItalic.otf"; sourceTree = "<group>"; };
		2A3B3EB8280E9F77003F21F4 /* SF-Pro-Display-Regular.otf */ = {isa = PBXFileReference; lastKnownFileType = file; path = "SF-Pro-Display-Regular.otf"; sourceTree = "<group>"; };
		2A3B3EB9280E9F78003F21F4 /* SF-Pro-Display-Semibold.otf */ = {isa = PBXFileReference; lastKnownFileType = file; path = "SF-Pro-Display-Semibold.otf"; sourceTree = "<group>"; };
		2A3B3EBA280E9F78003F21F4 /* SF-Pro-Display-HeavyItalic.otf */ = {isa = PBXFileReference; lastKnownFileType = file; path = "SF-Pro-Display-HeavyItalic.otf"; sourceTree = "<group>"; };
		2A3B3EBB280E9F78003F21F4 /* SF-Pro-Display-BlackItalic.otf */ = {isa = PBXFileReference; lastKnownFileType = file; path = "SF-Pro-Display-BlackItalic.otf"; sourceTree = "<group>"; };
		2A3B3EBC280E9F78003F21F4 /* SF-Pro-Display-LightItalic.otf */ = {isa = PBXFileReference; lastKnownFileType = file; path = "SF-Pro-Display-LightItalic.otf"; sourceTree = "<group>"; };
		2A3B3EBD280E9F78003F21F4 /* SF-Pro-Display-Bold.otf */ = {isa = PBXFileReference; lastKnownFileType = file; path = "SF-Pro-Display-Bold.otf"; sourceTree = "<group>"; };
		2A3B3EBE280E9F78003F21F4 /* SF-Pro-Display-SemiboldItalic.otf */ = {isa = PBXFileReference; lastKnownFileType = file; path = "SF-Pro-Display-SemiboldItalic.otf"; sourceTree = "<group>"; };
		2A3B3EBF280E9F78003F21F4 /* SF-Pro-Display-Ultralight.otf */ = {isa = PBXFileReference; lastKnownFileType = file; path = "SF-Pro-Display-Ultralight.otf"; sourceTree = "<group>"; };
		2A3B3EC0280E9F78003F21F4 /* SF-Pro-Display-Light.otf */ = {isa = PBXFileReference; lastKnownFileType = file; path = "SF-Pro-Display-Light.otf"; sourceTree = "<group>"; };
		2A3B3EC1280E9F78003F21F4 /* SF-Pro-Display-BoldItalic.otf */ = {isa = PBXFileReference; lastKnownFileType = file; path = "SF-Pro-Display-BoldItalic.otf"; sourceTree = "<group>"; };
		2A50C196280D55F400AFF2F7 /* SideDish.app */ = {isa = PBXFileReference; explicitFileType = wrapper.application; includeInIndex = 0; path = SideDish.app; sourceTree = BUILT_PRODUCTS_DIR; };
		2A50C199280D55F400AFF2F7 /* AppDelegate.swift */ = {isa = PBXFileReference; lastKnownFileType = sourcecode.swift; path = AppDelegate.swift; sourceTree = "<group>"; };
		2A50C19B280D55F400AFF2F7 /* SceneDelegate.swift */ = {isa = PBXFileReference; lastKnownFileType = sourcecode.swift; path = SceneDelegate.swift; sourceTree = "<group>"; };
		2A50C1A0280D55F400AFF2F7 /* Base */ = {isa = PBXFileReference; lastKnownFileType = file.storyboard; name = Base; path = Base.lproj/Main.storyboard; sourceTree = "<group>"; };
		2A50C1A3280D55F400AFF2F7 /* SideDish.xcdatamodel */ = {isa = PBXFileReference; lastKnownFileType = wrapper.xcdatamodel; path = SideDish.xcdatamodel; sourceTree = "<group>"; };
		2A50C1A5280D55F500AFF2F7 /* Assets.xcassets */ = {isa = PBXFileReference; lastKnownFileType = folder.assetcatalog; path = Assets.xcassets; sourceTree = "<group>"; };
		2A50C1A8280D55F500AFF2F7 /* Base */ = {isa = PBXFileReference; lastKnownFileType = file.storyboard; name = Base; path = Base.lproj/LaunchScreen.storyboard; sourceTree = "<group>"; };
		2A50C1AA280D55F500AFF2F7 /* Info.plist */ = {isa = PBXFileReference; lastKnownFileType = text.plist.xml; path = Info.plist; sourceTree = "<group>"; };
		2A50C1AF280D55F500AFF2F7 /* SideDishTests.xctest */ = {isa = PBXFileReference; explicitFileType = wrapper.cfbundle; includeInIndex = 0; path = SideDishTests.xctest; sourceTree = BUILT_PRODUCTS_DIR; };
		2A50C1B3280D55F500AFF2F7 /* SideDishTests.swift */ = {isa = PBXFileReference; lastKnownFileType = sourcecode.swift; path = SideDishTests.swift; sourceTree = "<group>"; };
		2A50C1B9280D55F500AFF2F7 /* SideDishUITests.xctest */ = {isa = PBXFileReference; explicitFileType = wrapper.cfbundle; includeInIndex = 0; path = SideDishUITests.xctest; sourceTree = BUILT_PRODUCTS_DIR; };
		2A50C1BD280D55F500AFF2F7 /* SideDishUITests.swift */ = {isa = PBXFileReference; lastKnownFileType = sourcecode.swift; path = SideDishUITests.swift; sourceTree = "<group>"; };
		2A50C1BF280D55F500AFF2F7 /* SideDishUITestsLaunchTests.swift */ = {isa = PBXFileReference; lastKnownFileType = sourcecode.swift; path = SideDishUITestsLaunchTests.swift; sourceTree = "<group>"; };
		34A1DF0084315042857A8672 /* Pods-SideDishTests.debug.xcconfig */ = {isa = PBXFileReference; includeInIndex = 1; lastKnownFileType = text.xcconfig; name = "Pods-SideDishTests.debug.xcconfig"; path = "Target Support Files/Pods-SideDishTests/Pods-SideDishTests.debug.xcconfig"; sourceTree = "<group>"; };
		49DCB82FACC701F525421E03 /* Pods_SideDish_SideDishUITests.framework */ = {isa = PBXFileReference; explicitFileType = wrapper.framework; includeInIndex = 0; path = Pods_SideDish_SideDishUITests.framework; sourceTree = BUILT_PRODUCTS_DIR; };
		4A531719F4219C962D0D45C4 /* Pods-SideDishTests.release.xcconfig */ = {isa = PBXFileReference; includeInIndex = 1; lastKnownFileType = text.xcconfig; name = "Pods-SideDishTests.release.xcconfig"; path = "Target Support Files/Pods-SideDishTests/Pods-SideDishTests.release.xcconfig"; sourceTree = "<group>"; };
		607CFDF8B445BBB92ED69B8A /* Pods-SideDish-SideDishUITests.debug.xcconfig */ = {isa = PBXFileReference; includeInIndex = 1; lastKnownFileType = text.xcconfig; name = "Pods-SideDish-SideDishUITests.debug.xcconfig"; path = "Target Support Files/Pods-SideDish-SideDishUITests/Pods-SideDish-SideDishUITests.debug.xcconfig"; sourceTree = "<group>"; };
		835AF9DC4E3A5C309BBF2414 /* Pods-SideDish.release.xcconfig */ = {isa = PBXFileReference; includeInIndex = 1; lastKnownFileType = text.xcconfig; name = "Pods-SideDish.release.xcconfig"; path = "Target Support Files/Pods-SideDish/Pods-SideDish.release.xcconfig"; sourceTree = "<group>"; };
		D35D24DA6FDFE840C2889DA1 /* Pods_SideDishTests.framework */ = {isa = PBXFileReference; explicitFileType = wrapper.framework; includeInIndex = 0; path = Pods_SideDishTests.framework; sourceTree = BUILT_PRODUCTS_DIR; };
/* End PBXFileReference section */

/* Begin PBXFrameworksBuildPhase section */
		2A50C193280D55F400AFF2F7 /* Frameworks */ = {
			isa = PBXFrameworksBuildPhase;
			buildActionMask = 2147483647;
			files = (
				FB3EC5F5C68103A09B5576F4 /* Pods_SideDish.framework in Frameworks */,
			);
			runOnlyForDeploymentPostprocessing = 0;
		};
		2A50C1AC280D55F500AFF2F7 /* Frameworks */ = {
			isa = PBXFrameworksBuildPhase;
			buildActionMask = 2147483647;
			files = (
				738D4BEAB2A5305AF0539D68 /* Pods_SideDishTests.framework in Frameworks */,
			);
			runOnlyForDeploymentPostprocessing = 0;
		};
		2A50C1B6280D55F500AFF2F7 /* Frameworks */ = {
			isa = PBXFrameworksBuildPhase;
			buildActionMask = 2147483647;
			files = (
				C8B4A2577E28987617CF5698 /* Pods_SideDish_SideDishUITests.framework in Frameworks */,
			);
			runOnlyForDeploymentPostprocessing = 0;
		};
/* End PBXFrameworksBuildPhase section */

/* Begin PBXGroup section */
		024D59D028112129007E2727 /* Support */ = {
			isa = PBXGroup;
			children = (
				024D59D12811216B007E2727 /* Font.swift */,
			);
			path = Support;
			sourceTree = "<group>";
		};
		0279B34B280FDED100DDBA6E /* Base */ = {
			isa = PBXGroup;
			children = (
				2A50C199280D55F400AFF2F7 /* AppDelegate.swift */,
				2A50C19B280D55F400AFF2F7 /* SceneDelegate.swift */,
				2A50C19F280D55F400AFF2F7 /* Main.storyboard */,
				2A50C1A5280D55F500AFF2F7 /* Assets.xcassets */,
				2A50C1A7280D55F500AFF2F7 /* LaunchScreen.storyboard */,
				2A50C1A2280D55F400AFF2F7 /* SideDish.xcdatamodeld */,
				2A50C1AA280D55F500AFF2F7 /* Info.plist */,
			);
			path = Base;
			sourceTree = "<group>";
		};
		0279B34C280FDFAD00DDBA6E /* Model */ = {
			isa = PBXGroup;
			children = (
			);
			path = Model;
			sourceTree = "<group>";
		};
		0279B34D280FDFDF00DDBA6E /* View */ = {
			isa = PBXGroup;
			children = (
				0049FA51280EE98300470FCD /* HomeViewController.swift */,
				0049FA53280EF2EB00470FCD /* SectionHeader.swift */,
				0279B33D280FDB9E00DDBA6E /* DishCell.swift */,
				0279B33E280FDB9E00DDBA6E /* DishCell.xib */,
				024D59D328112409007E2727 /* PaddingLabel.swift */,
			);
			path = View;
			sourceTree = "<group>";
		};
		0279B34E280FDFE700DDBA6E /* ViewModel */ = {
			isa = PBXGroup;
			children = (
			);
			path = ViewModel;
			sourceTree = "<group>";
		};
		2A3B3EAF280E9EE8003F21F4 /* Font */ = {
			isa = PBXGroup;
			children = (
				2A3B3EB0280E9F77003F21F4 /* SF-Pro-Display-Black.otf */,
				2A3B3EBB280E9F78003F21F4 /* SF-Pro-Display-BlackItalic.otf */,
				2A3B3EBD280E9F78003F21F4 /* SF-Pro-Display-Bold.otf */,
				2A3B3EC1280E9F78003F21F4 /* SF-Pro-Display-BoldItalic.otf */,
				2A3B3EB1280E9F77003F21F4 /* SF-Pro-Display-Heavy.otf */,
				2A3B3EBA280E9F78003F21F4 /* SF-Pro-Display-HeavyItalic.otf */,
				2A3B3EC0280E9F78003F21F4 /* SF-Pro-Display-Light.otf */,
				2A3B3EBC280E9F78003F21F4 /* SF-Pro-Display-LightItalic.otf */,
				2A3B3EB6280E9F77003F21F4 /* SF-Pro-Display-Medium.otf */,
				2A3B3EB3280E9F77003F21F4 /* SF-Pro-Display-MediumItalic.otf */,
				2A3B3EB8280E9F77003F21F4 /* SF-Pro-Display-Regular.otf */,
				2A3B3EB4280E9F77003F21F4 /* SF-Pro-Display-RegularItalic.otf */,
				2A3B3EB9280E9F78003F21F4 /* SF-Pro-Display-Semibold.otf */,
				2A3B3EBE280E9F78003F21F4 /* SF-Pro-Display-SemiboldItalic.otf */,
				2A3B3EB2280E9F77003F21F4 /* SF-Pro-Display-Thin.otf */,
				2A3B3EB7280E9F77003F21F4 /* SF-Pro-Display-ThinItalic.otf */,
				2A3B3EBF280E9F78003F21F4 /* SF-Pro-Display-Ultralight.otf */,
				2A3B3EB5280E9F77003F21F4 /* SF-Pro-Display-UltralightItalic.otf */,
			);
			path = Font;
			sourceTree = "<group>";
		};
		2A50C18D280D55F400AFF2F7 = {
			isa = PBXGroup;
			children = (
				004EA4DF280E541000D365DB /* .swiftlint.yml */,
				2A3B3EAF280E9EE8003F21F4 /* Font */,
				2A50C198280D55F400AFF2F7 /* SideDish */,
				2A50C1B2280D55F500AFF2F7 /* SideDishTests */,
				2A50C1BC280D55F500AFF2F7 /* SideDishUITests */,
				2A50C197280D55F400AFF2F7 /* Products */,
				57584F6B4FD2B53AAAC770DD /* Pods */,
				70A2F51F9C5C97411BF256FB /* Frameworks */,
			);
			sourceTree = "<group>";
		};
		2A50C197280D55F400AFF2F7 /* Products */ = {
			isa = PBXGroup;
			children = (
				2A50C196280D55F400AFF2F7 /* SideDish.app */,
				2A50C1AF280D55F500AFF2F7 /* SideDishTests.xctest */,
				2A50C1B9280D55F500AFF2F7 /* SideDishUITests.xctest */,
			);
			name = Products;
			sourceTree = "<group>";
		};
		2A50C198280D55F400AFF2F7 /* SideDish */ = {
			isa = PBXGroup;
			children = (
				024D59D028112129007E2727 /* Support */,
				0279B34C280FDFAD00DDBA6E /* Model */,
				0279B34D280FDFDF00DDBA6E /* View */,
				0279B34E280FDFE700DDBA6E /* ViewModel */,
				0279B34B280FDED100DDBA6E /* Base */,
			);
			path = SideDish;
			sourceTree = "<group>";
		};
		2A50C1B2280D55F500AFF2F7 /* SideDishTests */ = {
			isa = PBXGroup;
			children = (
				2A50C1B3280D55F500AFF2F7 /* SideDishTests.swift */,
			);
			path = SideDishTests;
			sourceTree = "<group>";
		};
		2A50C1BC280D55F500AFF2F7 /* SideDishUITests */ = {
			isa = PBXGroup;
			children = (
				2A50C1BD280D55F500AFF2F7 /* SideDishUITests.swift */,
				2A50C1BF280D55F500AFF2F7 /* SideDishUITestsLaunchTests.swift */,
			);
			path = SideDishUITests;
			sourceTree = "<group>";
		};
		57584F6B4FD2B53AAAC770DD /* Pods */ = {
			isa = PBXGroup;
			children = (
				0610F82D47EF6C51A3403E55 /* Pods-SideDish.debug.xcconfig */,
				835AF9DC4E3A5C309BBF2414 /* Pods-SideDish.release.xcconfig */,
				607CFDF8B445BBB92ED69B8A /* Pods-SideDish-SideDishUITests.debug.xcconfig */,
				08B6432E83B949F7C197B7D3 /* Pods-SideDish-SideDishUITests.release.xcconfig */,
				34A1DF0084315042857A8672 /* Pods-SideDishTests.debug.xcconfig */,
				4A531719F4219C962D0D45C4 /* Pods-SideDishTests.release.xcconfig */,
			);
			path = Pods;
			sourceTree = "<group>";
		};
		70A2F51F9C5C97411BF256FB /* Frameworks */ = {
			isa = PBXGroup;
			children = (
				05CA88970920716FAF533DFC /* Pods_SideDish.framework */,
				49DCB82FACC701F525421E03 /* Pods_SideDish_SideDishUITests.framework */,
				D35D24DA6FDFE840C2889DA1 /* Pods_SideDishTests.framework */,
			);
			name = Frameworks;
			sourceTree = "<group>";
		};
/* End PBXGroup section */

/* Begin PBXNativeTarget section */
		2A50C195280D55F400AFF2F7 /* SideDish */ = {
			isa = PBXNativeTarget;
			buildConfigurationList = 2A50C1C3280D55F500AFF2F7 /* Build configuration list for PBXNativeTarget "SideDish" */;
			buildPhases = (
				515875B694FF4BC12315B6F6 /* [CP] Check Pods Manifest.lock */,
				2A50C192280D55F400AFF2F7 /* Sources */,
				2A50C193280D55F400AFF2F7 /* Frameworks */,
				2A50C194280D55F400AFF2F7 /* Resources */,
				2AC38F98B2CE5912E7773973 /* [CP] Embed Pods Frameworks */,
				0032CBE9280E526600FB145B /* ShellScript */,
			);
			buildRules = (
			);
			dependencies = (
			);
			name = SideDish;
			productName = SideDish;
			productReference = 2A50C196280D55F400AFF2F7 /* SideDish.app */;
			productType = "com.apple.product-type.application";
		};
		2A50C1AE280D55F500AFF2F7 /* SideDishTests */ = {
			isa = PBXNativeTarget;
			buildConfigurationList = 2A50C1C6280D55F500AFF2F7 /* Build configuration list for PBXNativeTarget "SideDishTests" */;
			buildPhases = (
				AECFB18CD200387B0978AB7F /* [CP] Check Pods Manifest.lock */,
				2A50C1AB280D55F500AFF2F7 /* Sources */,
				2A50C1AC280D55F500AFF2F7 /* Frameworks */,
				2A50C1AD280D55F500AFF2F7 /* Resources */,
			);
			buildRules = (
			);
			dependencies = (
				2A50C1B1280D55F500AFF2F7 /* PBXTargetDependency */,
			);
			name = SideDishTests;
			productName = SideDishTests;
			productReference = 2A50C1AF280D55F500AFF2F7 /* SideDishTests.xctest */;
			productType = "com.apple.product-type.bundle.unit-test";
		};
		2A50C1B8280D55F500AFF2F7 /* SideDishUITests */ = {
			isa = PBXNativeTarget;
			buildConfigurationList = 2A50C1C9280D55F500AFF2F7 /* Build configuration list for PBXNativeTarget "SideDishUITests" */;
			buildPhases = (
				3A8C676C94204C02A2FFB05E /* [CP] Check Pods Manifest.lock */,
				2A50C1B5280D55F500AFF2F7 /* Sources */,
				2A50C1B6280D55F500AFF2F7 /* Frameworks */,
				2A50C1B7280D55F500AFF2F7 /* Resources */,
				BE7BCAD4D68180B3465636A6 /* [CP] Embed Pods Frameworks */,
			);
			buildRules = (
			);
			dependencies = (
				2A50C1BB280D55F500AFF2F7 /* PBXTargetDependency */,
			);
			name = SideDishUITests;
			productName = SideDishUITests;
			productReference = 2A50C1B9280D55F500AFF2F7 /* SideDishUITests.xctest */;
			productType = "com.apple.product-type.bundle.ui-testing";
		};
/* End PBXNativeTarget section */

/* Begin PBXProject section */
		2A50C18E280D55F400AFF2F7 /* Project object */ = {
			isa = PBXProject;
			attributes = {
				BuildIndependentTargetsInParallel = 1;
				LastSwiftUpdateCheck = 1320;
				LastUpgradeCheck = 1320;
				TargetAttributes = {
					2A50C195280D55F400AFF2F7 = {
						CreatedOnToolsVersion = 13.2.1;
					};
					2A50C1AE280D55F500AFF2F7 = {
						CreatedOnToolsVersion = 13.2.1;
						TestTargetID = 2A50C195280D55F400AFF2F7;
					};
					2A50C1B8280D55F500AFF2F7 = {
						CreatedOnToolsVersion = 13.2.1;
						TestTargetID = 2A50C195280D55F400AFF2F7;
					};
				};
			};
			buildConfigurationList = 2A50C191280D55F400AFF2F7 /* Build configuration list for PBXProject "SideDish" */;
			compatibilityVersion = "Xcode 13.0";
			developmentRegion = en;
			hasScannedForEncodings = 0;
			knownRegions = (
				en,
				Base,
			);
			mainGroup = 2A50C18D280D55F400AFF2F7;
			productRefGroup = 2A50C197280D55F400AFF2F7 /* Products */;
			projectDirPath = "";
			projectRoot = "";
			targets = (
				2A50C195280D55F400AFF2F7 /* SideDish */,
				2A50C1AE280D55F500AFF2F7 /* SideDishTests */,
				2A50C1B8280D55F500AFF2F7 /* SideDishUITests */,
			);
		};
/* End PBXProject section */

/* Begin PBXResourcesBuildPhase section */
		2A50C194280D55F400AFF2F7 /* Resources */ = {
			isa = PBXResourcesBuildPhase;
			buildActionMask = 2147483647;
			files = (
				2A3B3EC4280E9F78003F21F4 /* SF-Pro-Display-Thin.otf in Resources */,
				2A3B3ECA280E9F78003F21F4 /* SF-Pro-Display-Regular.otf in Resources */,
				2A3B3ECF280E9F78003F21F4 /* SF-Pro-Display-Bold.otf in Resources */,
				004EA4E0280E541000D365DB /* .swiftlint.yml in Resources */,
				2A50C1A9280D55F500AFF2F7 /* LaunchScreen.storyboard in Resources */,
				0279B340280FDB9E00DDBA6E /* DishCell.xib in Resources */,
				2A3B3ECC280E9F78003F21F4 /* SF-Pro-Display-HeavyItalic.otf in Resources */,
				2A3B3ED0280E9F78003F21F4 /* SF-Pro-Display-SemiboldItalic.otf in Resources */,
				2A3B3ED2280E9F78003F21F4 /* SF-Pro-Display-Light.otf in Resources */,
				2A3B3ED1280E9F78003F21F4 /* SF-Pro-Display-Ultralight.otf in Resources */,
				2A3B3EC2280E9F78003F21F4 /* SF-Pro-Display-Black.otf in Resources */,
				2A3B3EC9280E9F78003F21F4 /* SF-Pro-Display-ThinItalic.otf in Resources */,
				2A3B3EC5280E9F78003F21F4 /* SF-Pro-Display-MediumItalic.otf in Resources */,
				2A50C1A6280D55F500AFF2F7 /* Assets.xcassets in Resources */,
				2A3B3EC8280E9F78003F21F4 /* SF-Pro-Display-Medium.otf in Resources */,
				2A50C1A1280D55F400AFF2F7 /* Main.storyboard in Resources */,
				2A3B3ECB280E9F78003F21F4 /* SF-Pro-Display-Semibold.otf in Resources */,
				2A3B3EC3280E9F78003F21F4 /* SF-Pro-Display-Heavy.otf in Resources */,
				2A3B3EC6280E9F78003F21F4 /* SF-Pro-Display-RegularItalic.otf in Resources */,
				2A3B3ED3280E9F78003F21F4 /* SF-Pro-Display-BoldItalic.otf in Resources */,
				2A3B3EC7280E9F78003F21F4 /* SF-Pro-Display-UltralightItalic.otf in Resources */,
				2A3B3ECE280E9F78003F21F4 /* SF-Pro-Display-LightItalic.otf in Resources */,
				2A3B3ECD280E9F78003F21F4 /* SF-Pro-Display-BlackItalic.otf in Resources */,
			);
			runOnlyForDeploymentPostprocessing = 0;
		};
		2A50C1AD280D55F500AFF2F7 /* Resources */ = {
			isa = PBXResourcesBuildPhase;
			buildActionMask = 2147483647;
			files = (
			);
			runOnlyForDeploymentPostprocessing = 0;
		};
		2A50C1B7280D55F500AFF2F7 /* Resources */ = {
			isa = PBXResourcesBuildPhase;
			buildActionMask = 2147483647;
			files = (
			);
			runOnlyForDeploymentPostprocessing = 0;
		};
/* End PBXResourcesBuildPhase section */

/* Begin PBXShellScriptBuildPhase section */
		0032CBE9280E526600FB145B /* ShellScript */ = {
			isa = PBXShellScriptBuildPhase;
			buildActionMask = 2147483647;
			files = (
			);
			inputFileListPaths = (
			);
			inputPaths = (
			);
			outputFileListPaths = (
			);
			outputPaths = (
			);
			runOnlyForDeploymentPostprocessing = 0;
			shellPath = /bin/sh;
			shellScript = "# Type a script or drag a script file from your workspace to insert its path.\n\"${PODS_ROOT}/SwiftLint/swiftlint\"\n";
		};
		2AC38F98B2CE5912E7773973 /* [CP] Embed Pods Frameworks */ = {
			isa = PBXShellScriptBuildPhase;
			buildActionMask = 2147483647;
			files = (
			);
			inputFileListPaths = (
				"${PODS_ROOT}/Target Support Files/Pods-SideDish/Pods-SideDish-frameworks-${CONFIGURATION}-input-files.xcfilelist",
			);
			name = "[CP] Embed Pods Frameworks";
			outputFileListPaths = (
				"${PODS_ROOT}/Target Support Files/Pods-SideDish/Pods-SideDish-frameworks-${CONFIGURATION}-output-files.xcfilelist",
			);
			runOnlyForDeploymentPostprocessing = 0;
			shellPath = /bin/sh;
			shellScript = "\"${PODS_ROOT}/Target Support Files/Pods-SideDish/Pods-SideDish-frameworks.sh\"\n";
			showEnvVarsInLog = 0;
		};
		3A8C676C94204C02A2FFB05E /* [CP] Check Pods Manifest.lock */ = {
			isa = PBXShellScriptBuildPhase;
			buildActionMask = 2147483647;
			files = (
			);
			inputFileListPaths = (
			);
			inputPaths = (
				"${PODS_PODFILE_DIR_PATH}/Podfile.lock",
				"${PODS_ROOT}/Manifest.lock",
			);
			name = "[CP] Check Pods Manifest.lock";
			outputFileListPaths = (
			);
			outputPaths = (
				"$(DERIVED_FILE_DIR)/Pods-SideDish-SideDishUITests-checkManifestLockResult.txt",
			);
			runOnlyForDeploymentPostprocessing = 0;
			shellPath = /bin/sh;
			shellScript = "diff \"${PODS_PODFILE_DIR_PATH}/Podfile.lock\" \"${PODS_ROOT}/Manifest.lock\" > /dev/null\nif [ $? != 0 ] ; then\n    # print error to STDERR\n    echo \"error: The sandbox is not in sync with the Podfile.lock. Run 'pod install' or update your CocoaPods installation.\" >&2\n    exit 1\nfi\n# This output is used by Xcode 'outputs' to avoid re-running this script phase.\necho \"SUCCESS\" > \"${SCRIPT_OUTPUT_FILE_0}\"\n";
			showEnvVarsInLog = 0;
		};
		515875B694FF4BC12315B6F6 /* [CP] Check Pods Manifest.lock */ = {
			isa = PBXShellScriptBuildPhase;
			buildActionMask = 2147483647;
			files = (
			);
			inputFileListPaths = (
			);
			inputPaths = (
				"${PODS_PODFILE_DIR_PATH}/Podfile.lock",
				"${PODS_ROOT}/Manifest.lock",
			);
			name = "[CP] Check Pods Manifest.lock";
			outputFileListPaths = (
			);
			outputPaths = (
				"$(DERIVED_FILE_DIR)/Pods-SideDish-checkManifestLockResult.txt",
			);
			runOnlyForDeploymentPostprocessing = 0;
			shellPath = /bin/sh;
			shellScript = "diff \"${PODS_PODFILE_DIR_PATH}/Podfile.lock\" \"${PODS_ROOT}/Manifest.lock\" > /dev/null\nif [ $? != 0 ] ; then\n    # print error to STDERR\n    echo \"error: The sandbox is not in sync with the Podfile.lock. Run 'pod install' or update your CocoaPods installation.\" >&2\n    exit 1\nfi\n# This output is used by Xcode 'outputs' to avoid re-running this script phase.\necho \"SUCCESS\" > \"${SCRIPT_OUTPUT_FILE_0}\"\n";
			showEnvVarsInLog = 0;
		};
		AECFB18CD200387B0978AB7F /* [CP] Check Pods Manifest.lock */ = {
			isa = PBXShellScriptBuildPhase;
			buildActionMask = 2147483647;
			files = (
			);
			inputFileListPaths = (
			);
			inputPaths = (
				"${PODS_PODFILE_DIR_PATH}/Podfile.lock",
				"${PODS_ROOT}/Manifest.lock",
			);
			name = "[CP] Check Pods Manifest.lock";
			outputFileListPaths = (
			);
			outputPaths = (
				"$(DERIVED_FILE_DIR)/Pods-SideDishTests-checkManifestLockResult.txt",
			);
			runOnlyForDeploymentPostprocessing = 0;
			shellPath = /bin/sh;
			shellScript = "diff \"${PODS_PODFILE_DIR_PATH}/Podfile.lock\" \"${PODS_ROOT}/Manifest.lock\" > /dev/null\nif [ $? != 0 ] ; then\n    # print error to STDERR\n    echo \"error: The sandbox is not in sync with the Podfile.lock. Run 'pod install' or update your CocoaPods installation.\" >&2\n    exit 1\nfi\n# This output is used by Xcode 'outputs' to avoid re-running this script phase.\necho \"SUCCESS\" > \"${SCRIPT_OUTPUT_FILE_0}\"\n";
			showEnvVarsInLog = 0;
		};
		BE7BCAD4D68180B3465636A6 /* [CP] Embed Pods Frameworks */ = {
			isa = PBXShellScriptBuildPhase;
			buildActionMask = 2147483647;
			files = (
			);
			inputFileListPaths = (
				"${PODS_ROOT}/Target Support Files/Pods-SideDish-SideDishUITests/Pods-SideDish-SideDishUITests-frameworks-${CONFIGURATION}-input-files.xcfilelist",
			);
			name = "[CP] Embed Pods Frameworks";
			outputFileListPaths = (
				"${PODS_ROOT}/Target Support Files/Pods-SideDish-SideDishUITests/Pods-SideDish-SideDishUITests-frameworks-${CONFIGURATION}-output-files.xcfilelist",
			);
			runOnlyForDeploymentPostprocessing = 0;
			shellPath = /bin/sh;
			shellScript = "\"${PODS_ROOT}/Target Support Files/Pods-SideDish-SideDishUITests/Pods-SideDish-SideDishUITests-frameworks.sh\"\n";
			showEnvVarsInLog = 0;
		};
/* End PBXShellScriptBuildPhase section */

/* Begin PBXSourcesBuildPhase section */
		2A50C192280D55F400AFF2F7 /* Sources */ = {
			isa = PBXSourcesBuildPhase;
			buildActionMask = 2147483647;
			files = (
				2A50C19A280D55F400AFF2F7 /* AppDelegate.swift in Sources */,
				2A50C1A4280D55F400AFF2F7 /* SideDish.xcdatamodeld in Sources */,
				0049FA54280EF2EB00470FCD /* SectionHeader.swift in Sources */,
				0279B33F280FDB9E00DDBA6E /* DishCell.swift in Sources */,
				2A50C19C280D55F400AFF2F7 /* SceneDelegate.swift in Sources */,
				0049FA52280EE98300470FCD /* HomeViewController.swift in Sources */,
				024D59D428112409007E2727 /* PaddingLabel.swift in Sources */,
				024D59D22811216B007E2727 /* Font.swift in Sources */,
			);
			runOnlyForDeploymentPostprocessing = 0;
		};
		2A50C1AB280D55F500AFF2F7 /* Sources */ = {
			isa = PBXSourcesBuildPhase;
			buildActionMask = 2147483647;
			files = (
				2A50C1B4280D55F500AFF2F7 /* SideDishTests.swift in Sources */,
			);
			runOnlyForDeploymentPostprocessing = 0;
		};
		2A50C1B5280D55F500AFF2F7 /* Sources */ = {
			isa = PBXSourcesBuildPhase;
			buildActionMask = 2147483647;
			files = (
				2A50C1C0280D55F500AFF2F7 /* SideDishUITestsLaunchTests.swift in Sources */,
				2A50C1BE280D55F500AFF2F7 /* SideDishUITests.swift in Sources */,
			);
			runOnlyForDeploymentPostprocessing = 0;
		};
/* End PBXSourcesBuildPhase section */

/* Begin PBXTargetDependency section */
		2A50C1B1280D55F500AFF2F7 /* PBXTargetDependency */ = {
			isa = PBXTargetDependency;
			target = 2A50C195280D55F400AFF2F7 /* SideDish */;
			targetProxy = 2A50C1B0280D55F500AFF2F7 /* PBXContainerItemProxy */;
		};
		2A50C1BB280D55F500AFF2F7 /* PBXTargetDependency */ = {
			isa = PBXTargetDependency;
			target = 2A50C195280D55F400AFF2F7 /* SideDish */;
			targetProxy = 2A50C1BA280D55F500AFF2F7 /* PBXContainerItemProxy */;
		};
/* End PBXTargetDependency section */

/* Begin PBXVariantGroup section */
		2A50C19F280D55F400AFF2F7 /* Main.storyboard */ = {
			isa = PBXVariantGroup;
			children = (
				2A50C1A0280D55F400AFF2F7 /* Base */,
			);
			name = Main.storyboard;
			sourceTree = "<group>";
		};
		2A50C1A7280D55F500AFF2F7 /* LaunchScreen.storyboard */ = {
			isa = PBXVariantGroup;
			children = (
				2A50C1A8280D55F500AFF2F7 /* Base */,
			);
			name = LaunchScreen.storyboard;
			sourceTree = "<group>";
		};
/* End PBXVariantGroup section */

/* Begin XCBuildConfiguration section */
		2A50C1C1280D55F500AFF2F7 /* Debug */ = {
			isa = XCBuildConfiguration;
			buildSettings = {
				ALWAYS_SEARCH_USER_PATHS = NO;
				CLANG_ANALYZER_NONNULL = YES;
				CLANG_ANALYZER_NUMBER_OBJECT_CONVERSION = YES_AGGRESSIVE;
				CLANG_CXX_LANGUAGE_STANDARD = "gnu++17";
				CLANG_CXX_LIBRARY = "libc++";
				CLANG_ENABLE_MODULES = YES;
				CLANG_ENABLE_OBJC_ARC = YES;
				CLANG_ENABLE_OBJC_WEAK = YES;
				CLANG_WARN_BLOCK_CAPTURE_AUTORELEASING = YES;
				CLANG_WARN_BOOL_CONVERSION = YES;
				CLANG_WARN_COMMA = YES;
				CLANG_WARN_CONSTANT_CONVERSION = YES;
				CLANG_WARN_DEPRECATED_OBJC_IMPLEMENTATIONS = YES;
				CLANG_WARN_DIRECT_OBJC_ISA_USAGE = YES_ERROR;
				CLANG_WARN_DOCUMENTATION_COMMENTS = YES;
				CLANG_WARN_EMPTY_BODY = YES;
				CLANG_WARN_ENUM_CONVERSION = YES;
				CLANG_WARN_INFINITE_RECURSION = YES;
				CLANG_WARN_INT_CONVERSION = YES;
				CLANG_WARN_NON_LITERAL_NULL_CONVERSION = YES;
				CLANG_WARN_OBJC_IMPLICIT_RETAIN_SELF = YES;
				CLANG_WARN_OBJC_LITERAL_CONVERSION = YES;
				CLANG_WARN_OBJC_ROOT_CLASS = YES_ERROR;
				CLANG_WARN_QUOTED_INCLUDE_IN_FRAMEWORK_HEADER = YES;
				CLANG_WARN_RANGE_LOOP_ANALYSIS = YES;
				CLANG_WARN_STRICT_PROTOTYPES = YES;
				CLANG_WARN_SUSPICIOUS_MOVE = YES;
				CLANG_WARN_UNGUARDED_AVAILABILITY = YES_AGGRESSIVE;
				CLANG_WARN_UNREACHABLE_CODE = YES;
				CLANG_WARN__DUPLICATE_METHOD_MATCH = YES;
				COPY_PHASE_STRIP = NO;
				DEBUG_INFORMATION_FORMAT = dwarf;
				ENABLE_STRICT_OBJC_MSGSEND = YES;
				ENABLE_TESTABILITY = YES;
				GCC_C_LANGUAGE_STANDARD = gnu11;
				GCC_DYNAMIC_NO_PIC = NO;
				GCC_NO_COMMON_BLOCKS = YES;
				GCC_OPTIMIZATION_LEVEL = 0;
				GCC_PREPROCESSOR_DEFINITIONS = (
					"DEBUG=1",
					"$(inherited)",
				);
				GCC_WARN_64_TO_32_BIT_CONVERSION = YES;
				GCC_WARN_ABOUT_RETURN_TYPE = YES_ERROR;
				GCC_WARN_UNDECLARED_SELECTOR = YES;
				GCC_WARN_UNINITIALIZED_AUTOS = YES_AGGRESSIVE;
				GCC_WARN_UNUSED_FUNCTION = YES;
				GCC_WARN_UNUSED_VARIABLE = YES;
				IPHONEOS_DEPLOYMENT_TARGET = 15.0;
				MTL_ENABLE_DEBUG_INFO = INCLUDE_SOURCE;
				MTL_FAST_MATH = YES;
				ONLY_ACTIVE_ARCH = YES;
				SDKROOT = iphoneos;
				SWIFT_ACTIVE_COMPILATION_CONDITIONS = DEBUG;
				SWIFT_OPTIMIZATION_LEVEL = "-Onone";
			};
			name = Debug;
		};
		2A50C1C2280D55F500AFF2F7 /* Release */ = {
			isa = XCBuildConfiguration;
			buildSettings = {
				ALWAYS_SEARCH_USER_PATHS = NO;
				CLANG_ANALYZER_NONNULL = YES;
				CLANG_ANALYZER_NUMBER_OBJECT_CONVERSION = YES_AGGRESSIVE;
				CLANG_CXX_LANGUAGE_STANDARD = "gnu++17";
				CLANG_CXX_LIBRARY = "libc++";
				CLANG_ENABLE_MODULES = YES;
				CLANG_ENABLE_OBJC_ARC = YES;
				CLANG_ENABLE_OBJC_WEAK = YES;
				CLANG_WARN_BLOCK_CAPTURE_AUTORELEASING = YES;
				CLANG_WARN_BOOL_CONVERSION = YES;
				CLANG_WARN_COMMA = YES;
				CLANG_WARN_CONSTANT_CONVERSION = YES;
				CLANG_WARN_DEPRECATED_OBJC_IMPLEMENTATIONS = YES;
				CLANG_WARN_DIRECT_OBJC_ISA_USAGE = YES_ERROR;
				CLANG_WARN_DOCUMENTATION_COMMENTS = YES;
				CLANG_WARN_EMPTY_BODY = YES;
				CLANG_WARN_ENUM_CONVERSION = YES;
				CLANG_WARN_INFINITE_RECURSION = YES;
				CLANG_WARN_INT_CONVERSION = YES;
				CLANG_WARN_NON_LITERAL_NULL_CONVERSION = YES;
				CLANG_WARN_OBJC_IMPLICIT_RETAIN_SELF = YES;
				CLANG_WARN_OBJC_LITERAL_CONVERSION = YES;
				CLANG_WARN_OBJC_ROOT_CLASS = YES_ERROR;
				CLANG_WARN_QUOTED_INCLUDE_IN_FRAMEWORK_HEADER = YES;
				CLANG_WARN_RANGE_LOOP_ANALYSIS = YES;
				CLANG_WARN_STRICT_PROTOTYPES = YES;
				CLANG_WARN_SUSPICIOUS_MOVE = YES;
				CLANG_WARN_UNGUARDED_AVAILABILITY = YES_AGGRESSIVE;
				CLANG_WARN_UNREACHABLE_CODE = YES;
				CLANG_WARN__DUPLICATE_METHOD_MATCH = YES;
				COPY_PHASE_STRIP = NO;
				DEBUG_INFORMATION_FORMAT = "dwarf-with-dsym";
				ENABLE_NS_ASSERTIONS = NO;
				ENABLE_STRICT_OBJC_MSGSEND = YES;
				GCC_C_LANGUAGE_STANDARD = gnu11;
				GCC_NO_COMMON_BLOCKS = YES;
				GCC_WARN_64_TO_32_BIT_CONVERSION = YES;
				GCC_WARN_ABOUT_RETURN_TYPE = YES_ERROR;
				GCC_WARN_UNDECLARED_SELECTOR = YES;
				GCC_WARN_UNINITIALIZED_AUTOS = YES_AGGRESSIVE;
				GCC_WARN_UNUSED_FUNCTION = YES;
				GCC_WARN_UNUSED_VARIABLE = YES;
				IPHONEOS_DEPLOYMENT_TARGET = 15.0;
				MTL_ENABLE_DEBUG_INFO = NO;
				MTL_FAST_MATH = YES;
				SDKROOT = iphoneos;
				SWIFT_COMPILATION_MODE = wholemodule;
				SWIFT_OPTIMIZATION_LEVEL = "-O";
				VALIDATE_PRODUCT = YES;
			};
			name = Release;
		};
		2A50C1C4280D55F500AFF2F7 /* Debug */ = {
			isa = XCBuildConfiguration;
			baseConfigurationReference = 0610F82D47EF6C51A3403E55 /* Pods-SideDish.debug.xcconfig */;
			buildSettings = {
				ASSETCATALOG_COMPILER_APPICON_NAME = AppIcon;
				ASSETCATALOG_COMPILER_GLOBAL_ACCENT_COLOR_NAME = AccentColor;
				CODE_SIGN_STYLE = Automatic;
				CURRENT_PROJECT_VERSION = 1;
				DEVELOPMENT_TEAM = B3PWYBKFUK;
				GENERATE_INFOPLIST_FILE = YES;
				INFOPLIST_FILE = SideDish/Base/Info.plist;
				INFOPLIST_KEY_UIApplicationSupportsIndirectInputEvents = YES;
				INFOPLIST_KEY_UILaunchStoryboardName = LaunchScreen;
				INFOPLIST_KEY_UIMainStoryboardFile = Main;
				INFOPLIST_KEY_UISupportedInterfaceOrientations_iPad = "UIInterfaceOrientationPortrait UIInterfaceOrientationPortraitUpsideDown UIInterfaceOrientationLandscapeLeft UIInterfaceOrientationLandscapeRight";
				INFOPLIST_KEY_UISupportedInterfaceOrientations_iPhone = "UIInterfaceOrientationPortrait UIInterfaceOrientationLandscapeLeft UIInterfaceOrientationLandscapeRight";
				LD_RUNPATH_SEARCH_PATHS = (
					"$(inherited)",
					"@executable_path/Frameworks",
				);
				MARKETING_VERSION = 1.0;
				PRODUCT_BUNDLE_IDENTIFIER = Damagucci.SideDish;
				PRODUCT_NAME = "$(TARGET_NAME)";
				SWIFT_EMIT_LOC_STRINGS = YES;
				SWIFT_VERSION = 5.0;
				TARGETED_DEVICE_FAMILY = "1,2";
			};
			name = Debug;
		};
		2A50C1C5280D55F500AFF2F7 /* Release */ = {
			isa = XCBuildConfiguration;
			baseConfigurationReference = 835AF9DC4E3A5C309BBF2414 /* Pods-SideDish.release.xcconfig */;
			buildSettings = {
				ASSETCATALOG_COMPILER_APPICON_NAME = AppIcon;
				ASSETCATALOG_COMPILER_GLOBAL_ACCENT_COLOR_NAME = AccentColor;
				CODE_SIGN_STYLE = Automatic;
				CURRENT_PROJECT_VERSION = 1;
				DEVELOPMENT_TEAM = B3PWYBKFUK;
				GENERATE_INFOPLIST_FILE = YES;
				INFOPLIST_FILE = SideDish/Base/Info.plist;
				INFOPLIST_KEY_UIApplicationSupportsIndirectInputEvents = YES;
				INFOPLIST_KEY_UILaunchStoryboardName = LaunchScreen;
				INFOPLIST_KEY_UIMainStoryboardFile = Main;
				INFOPLIST_KEY_UISupportedInterfaceOrientations_iPad = "UIInterfaceOrientationPortrait UIInterfaceOrientationPortraitUpsideDown UIInterfaceOrientationLandscapeLeft UIInterfaceOrientationLandscapeRight";
				INFOPLIST_KEY_UISupportedInterfaceOrientations_iPhone = "UIInterfaceOrientationPortrait UIInterfaceOrientationLandscapeLeft UIInterfaceOrientationLandscapeRight";
				LD_RUNPATH_SEARCH_PATHS = (
					"$(inherited)",
					"@executable_path/Frameworks",
				);
				MARKETING_VERSION = 1.0;
				PRODUCT_BUNDLE_IDENTIFIER = Damagucci.SideDish;
				PRODUCT_NAME = "$(TARGET_NAME)";
				SWIFT_EMIT_LOC_STRINGS = YES;
				SWIFT_VERSION = 5.0;
				TARGETED_DEVICE_FAMILY = "1,2";
			};
			name = Release;
		};
		2A50C1C7280D55F500AFF2F7 /* Debug */ = {
			isa = XCBuildConfiguration;
			baseConfigurationReference = 34A1DF0084315042857A8672 /* Pods-SideDishTests.debug.xcconfig */;
			buildSettings = {
				ALWAYS_EMBED_SWIFT_STANDARD_LIBRARIES = YES;
				BUNDLE_LOADER = "$(TEST_HOST)";
				CODE_SIGN_STYLE = Automatic;
				CURRENT_PROJECT_VERSION = 1;
				DEVELOPMENT_TEAM = B3PWYBKFUK;
				GENERATE_INFOPLIST_FILE = YES;
				IPHONEOS_DEPLOYMENT_TARGET = 15.2;
				MARKETING_VERSION = 1.0;
				PRODUCT_BUNDLE_IDENTIFIER = Damagucci.SideDishTests;
				PRODUCT_NAME = "$(TARGET_NAME)";
				SWIFT_EMIT_LOC_STRINGS = NO;
				SWIFT_VERSION = 5.0;
				TARGETED_DEVICE_FAMILY = "1,2";
				TEST_HOST = "$(BUILT_PRODUCTS_DIR)/SideDish.app/SideDish";
			};
			name = Debug;
		};
		2A50C1C8280D55F500AFF2F7 /* Release */ = {
			isa = XCBuildConfiguration;
			baseConfigurationReference = 4A531719F4219C962D0D45C4 /* Pods-SideDishTests.release.xcconfig */;
			buildSettings = {
				ALWAYS_EMBED_SWIFT_STANDARD_LIBRARIES = YES;
				BUNDLE_LOADER = "$(TEST_HOST)";
				CODE_SIGN_STYLE = Automatic;
				CURRENT_PROJECT_VERSION = 1;
				DEVELOPMENT_TEAM = B3PWYBKFUK;
				GENERATE_INFOPLIST_FILE = YES;
				IPHONEOS_DEPLOYMENT_TARGET = 15.2;
				MARKETING_VERSION = 1.0;
				PRODUCT_BUNDLE_IDENTIFIER = Damagucci.SideDishTests;
				PRODUCT_NAME = "$(TARGET_NAME)";
				SWIFT_EMIT_LOC_STRINGS = NO;
				SWIFT_VERSION = 5.0;
				TARGETED_DEVICE_FAMILY = "1,2";
				TEST_HOST = "$(BUILT_PRODUCTS_DIR)/SideDish.app/SideDish";
			};
			name = Release;
		};
		2A50C1CA280D55F500AFF2F7 /* Debug */ = {
			isa = XCBuildConfiguration;
			baseConfigurationReference = 607CFDF8B445BBB92ED69B8A /* Pods-SideDish-SideDishUITests.debug.xcconfig */;
			buildSettings = {
				ALWAYS_EMBED_SWIFT_STANDARD_LIBRARIES = YES;
				CODE_SIGN_STYLE = Automatic;
				CURRENT_PROJECT_VERSION = 1;
				DEVELOPMENT_TEAM = B3PWYBKFUK;
				GENERATE_INFOPLIST_FILE = YES;
				MARKETING_VERSION = 1.0;
				PRODUCT_BUNDLE_IDENTIFIER = Damagucci.SideDishUITests;
				PRODUCT_NAME = "$(TARGET_NAME)";
				SWIFT_EMIT_LOC_STRINGS = NO;
				SWIFT_VERSION = 5.0;
				TARGETED_DEVICE_FAMILY = "1,2";
				TEST_TARGET_NAME = SideDish;
			};
			name = Debug;
		};
		2A50C1CB280D55F500AFF2F7 /* Release */ = {
			isa = XCBuildConfiguration;
			baseConfigurationReference = 08B6432E83B949F7C197B7D3 /* Pods-SideDish-SideDishUITests.release.xcconfig */;
			buildSettings = {
				ALWAYS_EMBED_SWIFT_STANDARD_LIBRARIES = YES;
				CODE_SIGN_STYLE = Automatic;
				CURRENT_PROJECT_VERSION = 1;
				DEVELOPMENT_TEAM = B3PWYBKFUK;
				GENERATE_INFOPLIST_FILE = YES;
				MARKETING_VERSION = 1.0;
				PRODUCT_BUNDLE_IDENTIFIER = Damagucci.SideDishUITests;
				PRODUCT_NAME = "$(TARGET_NAME)";
				SWIFT_EMIT_LOC_STRINGS = NO;
				SWIFT_VERSION = 5.0;
				TARGETED_DEVICE_FAMILY = "1,2";
				TEST_TARGET_NAME = SideDish;
			};
			name = Release;
		};
/* End XCBuildConfiguration section */

/* Begin XCConfigurationList section */
		2A50C191280D55F400AFF2F7 /* Build configuration list for PBXProject "SideDish" */ = {
			isa = XCConfigurationList;
			buildConfigurations = (
				2A50C1C1280D55F500AFF2F7 /* Debug */,
				2A50C1C2280D55F500AFF2F7 /* Release */,
			);
			defaultConfigurationIsVisible = 0;
			defaultConfigurationName = Release;
		};
		2A50C1C3280D55F500AFF2F7 /* Build configuration list for PBXNativeTarget "SideDish" */ = {
			isa = XCConfigurationList;
			buildConfigurations = (
				2A50C1C4280D55F500AFF2F7 /* Debug */,
				2A50C1C5280D55F500AFF2F7 /* Release */,
			);
			defaultConfigurationIsVisible = 0;
			defaultConfigurationName = Release;
		};
		2A50C1C6280D55F500AFF2F7 /* Build configuration list for PBXNativeTarget "SideDishTests" */ = {
			isa = XCConfigurationList;
			buildConfigurations = (
				2A50C1C7280D55F500AFF2F7 /* Debug */,
				2A50C1C8280D55F500AFF2F7 /* Release */,
			);
			defaultConfigurationIsVisible = 0;
			defaultConfigurationName = Release;
		};
		2A50C1C9280D55F500AFF2F7 /* Build configuration list for PBXNativeTarget "SideDishUITests" */ = {
			isa = XCConfigurationList;
			buildConfigurations = (
				2A50C1CA280D55F500AFF2F7 /* Debug */,
				2A50C1CB280D55F500AFF2F7 /* Release */,
			);
			defaultConfigurationIsVisible = 0;
			defaultConfigurationName = Release;
		};
/* End XCConfigurationList section */

/* Begin XCVersionGroup section */
		2A50C1A2280D55F400AFF2F7 /* SideDish.xcdatamodeld */ = {
			isa = XCVersionGroup;
			children = (
				2A50C1A3280D55F400AFF2F7 /* SideDish.xcdatamodel */,
			);
			currentVersion = 2A50C1A3280D55F400AFF2F7 /* SideDish.xcdatamodel */;
			path = SideDish.xcdatamodeld;
			sourceTree = "<group>";
			versionGroupType = wrapper.xcdatamodel;
		};
/* End XCVersionGroup section */
	};
	rootObject = 2A50C18E280D55F400AFF2F7 /* Project object */;
}
