PODS:
  - SwiftLint (0.45.1)
  - Toaster (2.3.0)

DEPENDENCIES:
  - SwiftLint
  - Toaster

SPEC REPOS:
  trunk:
    - SwiftLint
    - Toaster

SPEC CHECKSUMS:
  SwiftLint: 06ac37e4d38c7068e0935bb30cda95f093bec761
  Toaster: c3473963c78e8cabbf6ea6f11ad0fdaae6f54987

PODFILE CHECKSUM: 6ed68cc1f2f620aaba61c8418d7056ac394bc66c

COCOAPODS: 1.11.2
