// !$*UTF8*$!
{
	archiveVersion = 1;
	classes = {
	};
	objectVersion = 55;
	objects = {

/* Begin PBXBuildFile section */
		6B33B9A040F6610AADDF7446 /* Pods_BanchanApp.framework in Frameworks */ = {isa = PBXBuildFile; fileRef = 5312E135B08B1F128DD6F3CC /* Pods_BanchanApp.framework */; };
		6FCDA43A280E552000EB8DF6 /* Header.swift in Sources */ = {isa = PBXBuildFile; fileRef = 6FCDA439280E552000EB8DF6 /* Header.swift */; };
		6FCDA43E280E954500EB8DF6 /* ProductDetailView.swift in Sources */ = {isa = PBXBuildFile; fileRef = 6FCDA43D280E954500EB8DF6 /* ProductDetailView.swift */; };
		6FCDA440280E964900EB8DF6 /* ProductDetailCell.swift in Sources */ = {isa = PBXBuildFile; fileRef = 6FCDA43F280E964900EB8DF6 /* ProductDetailCell.swift */; };
		E4A41E53280E45300044CEB3 /* BanchanDetailViewController.storyboard in Resources */ = {isa = PBXBuildFile; fileRef = E4A41E52280E45300044CEB3 /* BanchanDetailViewController.storyboard */; };
		E4A41E55280E46780044CEB3 /* BanchanDetailViewController.swift in Sources */ = {isa = PBXBuildFile; fileRef = E4A41E54280E46780044CEB3 /* BanchanDetailViewController.swift */; };
		E4B7D36A280D7124009B2C2A /* BanchanListViewController.storyboard in Resources */ = {isa = PBXBuildFile; fileRef = E4B7D369280D7124009B2C2A /* BanchanListViewController.storyboard */; };
		E4C6B776280CFA7D001C14F7 /* AppDelegate.swift in Sources */ = {isa = PBXBuildFile; fileRef = E4C6B775280CFA7D001C14F7 /* AppDelegate.swift */; };
		E4C6B778280CFA7D001C14F7 /* SceneDelegate.swift in Sources */ = {isa = PBXBuildFile; fileRef = E4C6B777280CFA7D001C14F7 /* SceneDelegate.swift */; };
		E4C6B77A280CFA7D001C14F7 /* BanchanListViewController.swift in Sources */ = {isa = PBXBuildFile; fileRef = E4C6B779280CFA7D001C14F7 /* BanchanListViewController.swift */; };
		E4C6B77F280CFA7F001C14F7 /* Assets.xcassets in Resources */ = {isa = PBXBuildFile; fileRef = E4C6B77E280CFA7F001C14F7 /* Assets.xcassets */; };
		E4C6B782280CFA7F001C14F7 /* LaunchScreen.storyboard in Resources */ = {isa = PBXBuildFile; fileRef = E4C6B780280CFA7F001C14F7 /* LaunchScreen.storyboard */; };
/* End PBXBuildFile section */

/* Begin PBXFileReference section */
		5312E135B08B1F128DD6F3CC /* Pods_BanchanApp.framework */ = {isa = PBXFileReference; explicitFileType = wrapper.framework; includeInIndex = 0; path = Pods_BanchanApp.framework; sourceTree = BUILT_PRODUCTS_DIR; };
		5752C8297112F34F435319FF /* Pods-BanchanApp.release.xcconfig */ = {isa = PBXFileReference; includeInIndex = 1; lastKnownFileType = text.xcconfig; name = "Pods-BanchanApp.release.xcconfig"; path = "Target Support Files/Pods-BanchanApp/Pods-BanchanApp.release.xcconfig"; sourceTree = "<group>"; };
		6FCDA439280E552000EB8DF6 /* Header.swift */ = {isa = PBXFileReference; lastKnownFileType = sourcecode.swift; path = Header.swift; sourceTree = "<group>"; };
		6FCDA43D280E954500EB8DF6 /* ProductDetailView.swift */ = {isa = PBXFileReference; lastKnownFileType = sourcecode.swift; path = ProductDetailView.swift; sourceTree = "<group>"; };
		6FCDA43F280E964900EB8DF6 /* ProductDetailCell.swift */ = {isa = PBXFileReference; lastKnownFileType = sourcecode.swift; path = ProductDetailCell.swift; sourceTree = "<group>"; };
		A534D41406FF931B3F59A588 /* Pods-BanchanApp.debug.xcconfig */ = {isa = PBXFileReference; includeInIndex = 1; lastKnownFileType = text.xcconfig; name = "Pods-BanchanApp.debug.xcconfig"; path = "Target Support Files/Pods-BanchanApp/Pods-BanchanApp.debug.xcconfig"; sourceTree = "<group>"; };
		E469A945280D136B00C02D97 /* BanchanApp.app */ = {isa = PBXFileReference; explicitFileType = wrapper.application; includeInIndex = 0; path = BanchanApp.app; sourceTree = BUILT_PRODUCTS_DIR; };
		E469A94A280D166700C02D97 /* .swiftlint.yml */ = {isa = PBXFileReference; lastKnownFileType = text.yaml; path = .swiftlint.yml; sourceTree = "<group>"; };
		E4A41E52280E45300044CEB3 /* BanchanDetailViewController.storyboard */ = {isa = PBXFileReference; lastKnownFileType = file.storyboard; path = BanchanDetailViewController.storyboard; sourceTree = "<group>"; };
		E4A41E54280E46780044CEB3 /* BanchanDetailViewController.swift */ = {isa = PBXFileReference; lastKnownFileType = sourcecode.swift; path = BanchanDetailViewController.swift; sourceTree = "<group>"; };
		E4B7D369280D7124009B2C2A /* BanchanListViewController.storyboard */ = {isa = PBXFileReference; lastKnownFileType = file.storyboard; path = BanchanListViewController.storyboard; sourceTree = "<group>"; };
		E4C6B775280CFA7D001C14F7 /* AppDelegate.swift */ = {isa = PBXFileReference; lastKnownFileType = sourcecode.swift; path = AppDelegate.swift; sourceTree = "<group>"; };
		E4C6B777280CFA7D001C14F7 /* SceneDelegate.swift */ = {isa = PBXFileReference; lastKnownFileType = sourcecode.swift; path = SceneDelegate.swift; sourceTree = "<group>"; };
		E4C6B779280CFA7D001C14F7 /* BanchanListViewController.swift */ = {isa = PBXFileReference; lastKnownFileType = sourcecode.swift; path = BanchanListViewController.swift; sourceTree = "<group>"; };
		E4C6B77E280CFA7F001C14F7 /* Assets.xcassets */ = {isa = PBXFileReference; lastKnownFileType = folder.assetcatalog; path = Assets.xcassets; sourceTree = "<group>"; };
		E4C6B781280CFA7F001C14F7 /* Base */ = {isa = PBXFileReference; lastKnownFileType = file.storyboard; name = Base; path = Base.lproj/LaunchScreen.storyboard; sourceTree = "<group>"; };
		E4C6B783280CFA7F001C14F7 /* Info.plist */ = {isa = PBXFileReference; lastKnownFileType = text.plist.xml; path = Info.plist; sourceTree = "<group>"; };
/* End PBXFileReference section */

/* Begin PBXFrameworksBuildPhase section */
		E4C6B76F280CFA7D001C14F7 /* Frameworks */ = {
			isa = PBXFrameworksBuildPhase;
			buildActionMask = 2147483647;
			files = (
				6B33B9A040F6610AADDF7446 /* Pods_BanchanApp.framework in Frameworks */,
			);
			runOnlyForDeploymentPostprocessing = 0;
		};
/* End PBXFrameworksBuildPhase section */

/* Begin PBXGroup section */
		7F83E8AF5116AFA58E89563A /* Frameworks */ = {
			isa = PBXGroup;
			children = (
				5312E135B08B1F128DD6F3CC /* Pods_BanchanApp.framework */,
			);
			name = Frameworks;
			sourceTree = "<group>";
		};
		BDA4B4D1B1C26ED61049E3C2 /* Pods */ = {
			isa = PBXGroup;
			children = (
				A534D41406FF931B3F59A588 /* Pods-BanchanApp.debug.xcconfig */,
				5752C8297112F34F435319FF /* Pods-BanchanApp.release.xcconfig */,
			);
			path = Pods;
			sourceTree = "<group>";
		};
		E4B7D366280D703A009B2C2A /* Controllers */ = {
			isa = PBXGroup;
			children = (
				E4C6B779280CFA7D001C14F7 /* BanchanListViewController.swift */,
				E4B7D369280D7124009B2C2A /* BanchanListViewController.storyboard */,
				E4A41E54280E46780044CEB3 /* BanchanDetailViewController.swift */,
				E4A41E52280E45300044CEB3 /* BanchanDetailViewController.storyboard */,
			);
			path = Controllers;
			sourceTree = "<group>";
		};
		E4B7D367280D7048009B2C2A /* Models */ = {
			isa = PBXGroup;
			children = (
			);
			path = Models;
			sourceTree = "<group>";
		};
		E4B7D368280D704B009B2C2A /* Views */ = {
			isa = PBXGroup;
			children = (
				6FCDA439280E552000EB8DF6 /* Header.swift */,
				6FCDA43D280E954500EB8DF6 /* ProductDetailView.swift */,
				6FCDA43F280E964900EB8DF6 /* ProductDetailCell.swift */,
			);
			path = Views;
			sourceTree = "<group>";
		};
		E4C6B769280CFA7D001C14F7 = {
			isa = PBXGroup;
			children = (
				E469A94A280D166700C02D97 /* .swiftlint.yml */,
				E4C6B774280CFA7D001C14F7 /* BanchanApp */,
				BDA4B4D1B1C26ED61049E3C2 /* Pods */,
				7F83E8AF5116AFA58E89563A /* Frameworks */,
				E469A945280D136B00C02D97 /* BanchanApp.app */,
			);
			sourceTree = "<group>";
		};
		E4C6B774280CFA7D001C14F7 /* BanchanApp */ = {
			isa = PBXGroup;
			children = (
				E4C6B775280CFA7D001C14F7 /* AppDelegate.swift */,
				E4C6B777280CFA7D001C14F7 /* SceneDelegate.swift */,
				E4B7D367280D7048009B2C2A /* Models */,
				E4B7D368280D704B009B2C2A /* Views */,
				E4B7D366280D703A009B2C2A /* Controllers */,
				E4C6B77E280CFA7F001C14F7 /* Assets.xcassets */,
				E4C6B780280CFA7F001C14F7 /* LaunchScreen.storyboard */,
				E4C6B783280CFA7F001C14F7 /* Info.plist */,
			);
			path = BanchanApp;
			sourceTree = "<group>";
		};
/* End PBXGroup section */

/* Begin PBXNativeTarget section */
		E4C6B771280CFA7D001C14F7 /* BanchanApp */ = {
			isa = PBXNativeTarget;
			buildConfigurationList = E4C6B786280CFA7F001C14F7 /* Build configuration list for PBXNativeTarget "BanchanApp" */;
			buildPhases = (
				EB0FE9202C8624646AED0551 /* [CP] Check Pods Manifest.lock */,
				E469A946280D13D200C02D97 /* SwiftLint */,
				E4C6B76E280CFA7D001C14F7 /* Sources */,
				E4C6B76F280CFA7D001C14F7 /* Frameworks */,
				E4C6B770280CFA7D001C14F7 /* Resources */,
				DE2654B19C919D0B7EF15ABF /* [CP] Embed Pods Frameworks */,
			);
			buildRules = (
			);
			dependencies = (
			);
			name = BanchanApp;
			productName = BanchanApp;
			productReference = E469A945280D136B00C02D97 /* BanchanApp.app */;
			productType = "com.apple.product-type.application";
		};
/* End PBXNativeTarget section */

/* Begin PBXProject section */
		E4C6B76A280CFA7D001C14F7 /* Project object */ = {
			isa = PBXProject;
			attributes = {
				BuildIndependentTargetsInParallel = 1;
				LastSwiftUpdateCheck = 1330;
				LastUpgradeCheck = 1330;
				TargetAttributes = {
					E4C6B771280CFA7D001C14F7 = {
						CreatedOnToolsVersion = 13.3;
					};
				};
			};
			buildConfigurationList = E4C6B76D280CFA7D001C14F7 /* Build configuration list for PBXProject "BanchanApp" */;
			compatibilityVersion = "Xcode 13.0";
			developmentRegion = en;
			hasScannedForEncodings = 0;
			knownRegions = (
				en,
				Base,
			);
			mainGroup = E4C6B769280CFA7D001C14F7;
			productRefGroup = E4C6B769280CFA7D001C14F7;
			projectDirPath = "";
			projectRoot = "";
			targets = (
				E4C6B771280CFA7D001C14F7 /* BanchanApp */,
			);
		};
/* End PBXProject section */

/* Begin PBXResourcesBuildPhase section */
		E4C6B770280CFA7D001C14F7 /* Resources */ = {
			isa = PBXResourcesBuildPhase;
			buildActionMask = 2147483647;
			files = (
				E4B7D36A280D7124009B2C2A /* BanchanListViewController.storyboard in Resources */,
				E4C6B782280CFA7F001C14F7 /* LaunchScreen.storyboard in Resources */,
				E4A41E53280E45300044CEB3 /* BanchanDetailViewController.storyboard in Resources */,
				E4C6B77F280CFA7F001C14F7 /* Assets.xcassets in Resources */,
			);
			runOnlyForDeploymentPostprocessing = 0;
		};
/* End PBXResourcesBuildPhase section */

/* Begin PBXShellScriptBuildPhase section */
		DE2654B19C919D0B7EF15ABF /* [CP] Embed Pods Frameworks */ = {
			isa = PBXShellScriptBuildPhase;
			buildActionMask = 2147483647;
			files = (
			);
			inputFileListPaths = (
				"${PODS_ROOT}/Target Support Files/Pods-BanchanApp/Pods-BanchanApp-frameworks-${CONFIGURATION}-input-files.xcfilelist",
			);
			name = "[CP] Embed Pods Frameworks";
			outputFileListPaths = (
				"${PODS_ROOT}/Target Support Files/Pods-BanchanApp/Pods-BanchanApp-frameworks-${CONFIGURATION}-output-files.xcfilelist",
			);
			runOnlyForDeploymentPostprocessing = 0;
			shellPath = /bin/sh;
			shellScript = "\"${PODS_ROOT}/Target Support Files/Pods-BanchanApp/Pods-BanchanApp-frameworks.sh\"\n";
			showEnvVarsInLog = 0;
		};
		E469A946280D13D200C02D97 /* SwiftLint */ = {
			isa = PBXShellScriptBuildPhase;
			buildActionMask = 2147483647;
			files = (
			);
			inputFileListPaths = (
			);
			inputPaths = (
			);
			name = SwiftLint;
			outputFileListPaths = (
			);
			outputPaths = (
			);
			runOnlyForDeploymentPostprocessing = 0;
			shellPath = /bin/sh;
			shellScript = "# Type a script or drag a script file from your workspace to insert its path.\n\"${PODS_ROOT}/SwiftLint/swiftlint\"\n";
		};
		EB0FE9202C8624646AED0551 /* [CP] Check Pods Manifest.lock */ = {
			isa = PBXShellScriptBuildPhase;
			buildActionMask = 2147483647;
			files = (
			);
			inputFileListPaths = (
			);
			inputPaths = (
				"${PODS_PODFILE_DIR_PATH}/Podfile.lock",
				"${PODS_ROOT}/Manifest.lock",
			);
			name = "[CP] Check Pods Manifest.lock";
			outputFileListPaths = (
			);
			outputPaths = (
				"$(DERIVED_FILE_DIR)/Pods-BanchanApp-checkManifestLockResult.txt",
			);
			runOnlyForDeploymentPostprocessing = 0;
			shellPath = /bin/sh;
			shellScript = "diff \"${PODS_PODFILE_DIR_PATH}/Podfile.lock\" \"${PODS_ROOT}/Manifest.lock\" > /dev/null\nif [ $? != 0 ] ; then\n    # print error to STDERR\n    echo \"error: The sandbox is not in sync with the Podfile.lock. Run 'pod install' or update your CocoaPods installation.\" >&2\n    exit 1\nfi\n# This output is used by Xcode 'outputs' to avoid re-running this script phase.\necho \"SUCCESS\" > \"${SCRIPT_OUTPUT_FILE_0}\"\n";
			showEnvVarsInLog = 0;
		};
/* End PBXShellScriptBuildPhase section */

/* Begin PBXSourcesBuildPhase section */
		E4C6B76E280CFA7D001C14F7 /* Sources */ = {
			isa = PBXSourcesBuildPhase;
			buildActionMask = 2147483647;
			files = (
				6FCDA43A280E552000EB8DF6 /* Header.swift in Sources */,
				6FCDA43E280E954500EB8DF6 /* ProductDetailView.swift in Sources */,
				E4A41E55280E46780044CEB3 /* BanchanDetailViewController.swift in Sources */,
				E4C6B77A280CFA7D001C14F7 /* BanchanListViewController.swift in Sources */,
				E4C6B776280CFA7D001C14F7 /* AppDelegate.swift in Sources */,
				E4C6B778280CFA7D001C14F7 /* SceneDelegate.swift in Sources */,
				6FCDA440280E964900EB8DF6 /* ProductDetailCell.swift in Sources */,
			);
			runOnlyForDeploymentPostprocessing = 0;
		};
/* End PBXSourcesBuildPhase section */

/* Begin PBXVariantGroup section */
		E4C6B780280CFA7F001C14F7 /* LaunchScreen.storyboard */ = {
			isa = PBXVariantGroup;
			children = (
				E4C6B781280CFA7F001C14F7 /* Base */,
			);
			name = LaunchScreen.storyboard;
			sourceTree = "<group>";
		};
/* End PBXVariantGroup section */

/* Begin XCBuildConfiguration section */
		E4C6B784280CFA7F001C14F7 /* Debug */ = {
			isa = XCBuildConfiguration;
			buildSettings = {
				ALWAYS_SEARCH_USER_PATHS = NO;
				CLANG_ANALYZER_NONNULL = YES;
				CLANG_ANALYZER_NUMBER_OBJECT_CONVERSION = YES_AGGRESSIVE;
				CLANG_CXX_LANGUAGE_STANDARD = "gnu++17";
				CLANG_ENABLE_MODULES = YES;
				CLANG_ENABLE_OBJC_ARC = YES;
				CLANG_ENABLE_OBJC_WEAK = YES;
				CLANG_WARN_BLOCK_CAPTURE_AUTORELEASING = YES;
				CLANG_WARN_BOOL_CONVERSION = YES;
				CLANG_WARN_COMMA = YES;
				CLANG_WARN_CONSTANT_CONVERSION = YES;
				CLANG_WARN_DEPRECATED_OBJC_IMPLEMENTATIONS = YES;
				CLANG_WARN_DIRECT_OBJC_ISA_USAGE = YES_ERROR;
				CLANG_WARN_DOCUMENTATION_COMMENTS = YES;
				CLANG_WARN_EMPTY_BODY = YES;
				CLANG_WARN_ENUM_CONVERSION = YES;
				CLANG_WARN_INFINITE_RECURSION = YES;
				CLANG_WARN_INT_CONVERSION = YES;
				CLANG_WARN_NON_LITERAL_NULL_CONVERSION = YES;
				CLANG_WARN_OBJC_IMPLICIT_RETAIN_SELF = YES;
				CLANG_WARN_OBJC_LITERAL_CONVERSION = YES;
				CLANG_WARN_OBJC_ROOT_CLASS = YES_ERROR;
				CLANG_WARN_QUOTED_INCLUDE_IN_FRAMEWORK_HEADER = YES;
				CLANG_WARN_RANGE_LOOP_ANALYSIS = YES;
				CLANG_WARN_STRICT_PROTOTYPES = YES;
				CLANG_WARN_SUSPICIOUS_MOVE = YES;
				CLANG_WARN_UNGUARDED_AVAILABILITY = YES_AGGRESSIVE;
				CLANG_WARN_UNREACHABLE_CODE = YES;
				CLANG_WARN__DUPLICATE_METHOD_MATCH = YES;
				COPY_PHASE_STRIP = NO;
				DEBUG_INFORMATION_FORMAT = dwarf;
				ENABLE_STRICT_OBJC_MSGSEND = YES;
				ENABLE_TESTABILITY = YES;
				GCC_C_LANGUAGE_STANDARD = gnu11;
				GCC_DYNAMIC_NO_PIC = NO;
				GCC_NO_COMMON_BLOCKS = YES;
				GCC_OPTIMIZATION_LEVEL = 0;
				GCC_PREPROCESSOR_DEFINITIONS = (
					"DEBUG=1",
					"$(inherited)",
				);
				GCC_WARN_64_TO_32_BIT_CONVERSION = YES;
				GCC_WARN_ABOUT_RETURN_TYPE = YES_ERROR;
				GCC_WARN_UNDECLARED_SELECTOR = YES;
				GCC_WARN_UNINITIALIZED_AUTOS = YES_AGGRESSIVE;
				GCC_WARN_UNUSED_FUNCTION = YES;
				GCC_WARN_UNUSED_VARIABLE = YES;
				IPHONEOS_DEPLOYMENT_TARGET = 15.4;
				MTL_ENABLE_DEBUG_INFO = INCLUDE_SOURCE;
				MTL_FAST_MATH = YES;
				ONLY_ACTIVE_ARCH = YES;
				SDKROOT = iphoneos;
				SWIFT_ACTIVE_COMPILATION_CONDITIONS = DEBUG;
				SWIFT_OPTIMIZATION_LEVEL = "-Onone";
			};
			name = Debug;
		};
		E4C6B785280CFA7F001C14F7 /* Release */ = {
			isa = XCBuildConfiguration;
			buildSettings = {
				ALWAYS_SEARCH_USER_PATHS = NO;
				CLANG_ANALYZER_NONNULL = YES;
				CLANG_ANALYZER_NUMBER_OBJECT_CONVERSION = YES_AGGRESSIVE;
				CLANG_CXX_LANGUAGE_STANDARD = "gnu++17";
				CLANG_ENABLE_MODULES = YES;
				CLANG_ENABLE_OBJC_ARC = YES;
				CLANG_ENABLE_OBJC_WEAK = YES;
				CLANG_WARN_BLOCK_CAPTURE_AUTORELEASING = YES;
				CLANG_WARN_BOOL_CONVERSION = YES;
				CLANG_WARN_COMMA = YES;
				CLANG_WARN_CONSTANT_CONVERSION = YES;
				CLANG_WARN_DEPRECATED_OBJC_IMPLEMENTATIONS = YES;
				CLANG_WARN_DIRECT_OBJC_ISA_USAGE = YES_ERROR;
				CLANG_WARN_DOCUMENTATION_COMMENTS = YES;
				CLANG_WARN_EMPTY_BODY = YES;
				CLANG_WARN_ENUM_CONVERSION = YES;
				CLANG_WARN_INFINITE_RECURSION = YES;
				CLANG_WARN_INT_CONVERSION = YES;
				CLANG_WARN_NON_LITERAL_NULL_CONVERSION = YES;
				CLANG_WARN_OBJC_IMPLICIT_RETAIN_SELF = YES;
				CLANG_WARN_OBJC_LITERAL_CONVERSION = YES;
				CLANG_WARN_OBJC_ROOT_CLASS = YES_ERROR;
				CLANG_WARN_QUOTED_INCLUDE_IN_FRAMEWORK_HEADER = YES;
				CLANG_WARN_RANGE_LOOP_ANALYSIS = YES;
				CLANG_WARN_STRICT_PROTOTYPES = YES;
				CLANG_WARN_SUSPICIOUS_MOVE = YES;
				CLANG_WARN_UNGUARDED_AVAILABILITY = YES_AGGRESSIVE;
				CLANG_WARN_UNREACHABLE_CODE = YES;
				CLANG_WARN__DUPLICATE_METHOD_MATCH = YES;
				COPY_PHASE_STRIP = NO;
				DEBUG_INFORMATION_FORMAT = "dwarf-with-dsym";
				ENABLE_NS_ASSERTIONS = NO;
				ENABLE_STRICT_OBJC_MSGSEND = YES;
				GCC_C_LANGUAGE_STANDARD = gnu11;
				GCC_NO_COMMON_BLOCKS = YES;
				GCC_WARN_64_TO_32_BIT_CONVERSION = YES;
				GCC_WARN_ABOUT_RETURN_TYPE = YES_ERROR;
				GCC_WARN_UNDECLARED_SELECTOR = YES;
				GCC_WARN_UNINITIALIZED_AUTOS = YES_AGGRESSIVE;
				GCC_WARN_UNUSED_FUNCTION = YES;
				GCC_WARN_UNUSED_VARIABLE = YES;
				IPHONEOS_DEPLOYMENT_TARGET = 15.4;
				MTL_ENABLE_DEBUG_INFO = NO;
				MTL_FAST_MATH = YES;
				SDKROOT = iphoneos;
				SWIFT_COMPILATION_MODE = wholemodule;
				SWIFT_OPTIMIZATION_LEVEL = "-O";
				VALIDATE_PRODUCT = YES;
			};
			name = Release;
		};
		E4C6B787280CFA7F001C14F7 /* Debug */ = {
			isa = XCBuildConfiguration;
			baseConfigurationReference = A534D41406FF931B3F59A588 /* Pods-BanchanApp.debug.xcconfig */;
			buildSettings = {
				ASSETCATALOG_COMPILER_APPICON_NAME = AppIcon;
				ASSETCATALOG_COMPILER_GLOBAL_ACCENT_COLOR_NAME = AccentColor;
				CODE_SIGN_STYLE = Automatic;
				CURRENT_PROJECT_VERSION = 1;
				DEVELOPMENT_TEAM = B3PWYBKFUK;
				GENERATE_INFOPLIST_FILE = YES;
				INFOPLIST_FILE = BanchanApp/Info.plist;
				INFOPLIST_KEY_UIApplicationSupportsIndirectInputEvents = YES;
				INFOPLIST_KEY_UILaunchStoryboardName = LaunchScreen;
				INFOPLIST_KEY_UISupportedInterfaceOrientations_iPad = "UIInterfaceOrientationPortrait UIInterfaceOrientationPortraitUpsideDown UIInterfaceOrientationLandscapeLeft UIInterfaceOrientationLandscapeRight";
				INFOPLIST_KEY_UISupportedInterfaceOrientations_iPhone = "UIInterfaceOrientationPortrait UIInterfaceOrientationLandscapeLeft UIInterfaceOrientationLandscapeRight";
				LD_RUNPATH_SEARCH_PATHS = (
					"$(inherited)",
					"@executable_path/Frameworks",
				);
				MARKETING_VERSION = 1.0;
				PRODUCT_BUNDLE_IDENTIFIER = "co.team-17.BanchanApp";
				PRODUCT_NAME = "$(TARGET_NAME)";
				SWIFT_EMIT_LOC_STRINGS = YES;
				SWIFT_VERSION = 5.0;
				TARGETED_DEVICE_FAMILY = "1,2";
			};
			name = Debug;
		};
		E4C6B788280CFA7F001C14F7 /* Release */ = {
			isa = XCBuildConfiguration;
			baseConfigurationReference = 5752C8297112F34F435319FF /* Pods-BanchanApp.release.xcconfig */;
			buildSettings = {
				ASSETCATALOG_COMPILER_APPICON_NAME = AppIcon;
				ASSETCATALOG_COMPILER_GLOBAL_ACCENT_COLOR_NAME = AccentColor;
				CODE_SIGN_STYLE = Automatic;
				CURRENT_PROJECT_VERSION = 1;
				DEVELOPMENT_TEAM = B3PWYBKFUK;
				GENERATE_INFOPLIST_FILE = YES;
				INFOPLIST_FILE = BanchanApp/Info.plist;
				INFOPLIST_KEY_UIApplicationSupportsIndirectInputEvents = YES;
				INFOPLIST_KEY_UILaunchStoryboardName = LaunchScreen;
				INFOPLIST_KEY_UISupportedInterfaceOrientations_iPad = "UIInterfaceOrientationPortrait UIInterfaceOrientationPortraitUpsideDown UIInterfaceOrientationLandscapeLeft UIInterfaceOrientationLandscapeRight";
				INFOPLIST_KEY_UISupportedInterfaceOrientations_iPhone = "UIInterfaceOrientationPortrait UIInterfaceOrientationLandscapeLeft UIInterfaceOrientationLandscapeRight";
				LD_RUNPATH_SEARCH_PATHS = (
					"$(inherited)",
					"@executable_path/Frameworks",
				);
				MARKETING_VERSION = 1.0;
				PRODUCT_BUNDLE_IDENTIFIER = "co.team-17.BanchanApp";
				PRODUCT_NAME = "$(TARGET_NAME)";
				SWIFT_EMIT_LOC_STRINGS = YES;
				SWIFT_VERSION = 5.0;
				TARGETED_DEVICE_FAMILY = "1,2";
			};
			name = Release;
		};
/* End XCBuildConfiguration section */

/* Begin XCConfigurationList section */
		E4C6B76D280CFA7D001C14F7 /* Build configuration list for PBXProject "BanchanApp" */ = {
			isa = XCConfigurationList;
			buildConfigurations = (
				E4C6B784280CFA7F001C14F7 /* Debug */,
				E4C6B785280CFA7F001C14F7 /* Release */,
			);
			defaultConfigurationIsVisible = 0;
			defaultConfigurationName = Release;
		};
		E4C6B786280CFA7F001C14F7 /* Build configuration list for PBXNativeTarget "BanchanApp" */ = {
			isa = XCConfigurationList;
			buildConfigurations = (
				E4C6B787280CFA7F001C14F7 /* Debug */,
				E4C6B788280CFA7F001C14F7 /* Release */,
			);
			defaultConfigurationIsVisible = 0;
			defaultConfigurationName = Release;
		};
/* End XCConfigurationList section */
	};
	rootObject = E4C6B76A280CFA7D001C14F7 /* Project object */;
}
