// !$*UTF8*$!
{
	archiveVersion = 1;
	classes = {
	};
	objectVersion = 55;
	objects = {

/* Begin PBXBuildFile section */
		1FC322910B3CCF973519C0A6 /* Pods_SideDishApp.framework in Frameworks */ = {isa = PBXBuildFile; fileRef = 77AF36B9DD68BA77D2288999 /* Pods_SideDishApp.framework */; };
		6A71AB58AB41CA274817EBA9 /* Pods_SideDishAppTests.framework in Frameworks */ = {isa = PBXBuildFile; fileRef = 3C7FAB905432DC28979456A3 /* Pods_SideDishAppTests.framework */; };
		A7E1C7CA161617BB2B7BDFEA /* Pods_SideDishApp_SideDishAppUITests.framework in Frameworks */ = {isa = PBXBuildFile; fileRef = D85136A4CA64966FEAA85A98 /* Pods_SideDishApp_SideDishAppUITests.framework */; };
		B7F90B24280E7C2A0067E4FE /* Product.swift in Sources */ = {isa = PBXBuildFile; fileRef = B7F90B23280E7C2A0067E4FE /* Product.swift */; };
		B7F90B26280E7FE10067E4FE /* Delivery.swift in Sources */ = {isa = PBXBuildFile; fileRef = B7F90B25280E7FE10067E4FE /* Delivery.swift */; };
		B7F90B28280E7FEC0067E4FE /* Money.swift in Sources */ = {isa = PBXBuildFile; fileRef = B7F90B27280E7FEC0067E4FE /* Money.swift */; };
		B7F90B2A280E7FF30067E4FE /* Badge.swift in Sources */ = {isa = PBXBuildFile; fileRef = B7F90B29280E7FF30067E4FE /* Badge.swift */; };
		B7F90B2C280E86200067E4FE /* ProductDecodingTests.swift in Sources */ = {isa = PBXBuildFile; fileRef = B7F90B2B280E86200067E4FE /* ProductDecodingTests.swift */; };
		B7F90B2F280E86E10067E4FE /* mockProductData.json in Resources */ = {isa = PBXBuildFile; fileRef = B7F90B2E280E86E10067E4FE /* mockProductData.json */; };
		B7F90B31280E89520067E4FE /* mockProductData.json in Resources */ = {isa = PBXBuildFile; fileRef = B7F90B2E280E86E10067E4FE /* mockProductData.json */; };
		B7F90B33280EA7850067E4FE /* Category.swift in Sources */ = {isa = PBXBuildFile; fileRef = B7F90B32280EA7850067E4FE /* Category.swift */; };
		B7F90B35280EE1C20067E4FE /* ProductType.swift in Sources */ = {isa = PBXBuildFile; fileRef = B7F90B34280EE1C20067E4FE /* ProductType.swift */; };
		B7F90B39280FB8E90067E4FE /* ProductDetail.swift in Sources */ = {isa = PBXBuildFile; fileRef = B7F90B38280FB8E90067E4FE /* ProductDetail.swift */; };
		B7F90B3F280FCC340067E4FE /* mockProductDetailData.json in Resources */ = {isa = PBXBuildFile; fileRef = B7F90B3E280FCC340067E4FE /* mockProductDetailData.json */; };
		B7F90B43280FCD710067E4FE /* DetailData.swift in Sources */ = {isa = PBXBuildFile; fileRef = B7F90B42280FCD710067E4FE /* DetailData.swift */; };
		B7F90B45280FD65D0067E4FE /* ProductDetailDecodingTest.swift in Sources */ = {isa = PBXBuildFile; fileRef = B7F90B44280FD65D0067E4FE /* ProductDetailDecodingTest.swift */; };
		B7F90B46280FD69A0067E4FE /* mockProductDetailData.json in Resources */ = {isa = PBXBuildFile; fileRef = B7F90B3E280FCC340067E4FE /* mockProductDetailData.json */; };
		B7F90B4C280FE10C0067E4FE /* NetworkManager.swift in Sources */ = {isa = PBXBuildFile; fileRef = B7F90B4B280FE10C0067E4FE /* NetworkManager.swift */; };
		B7F90B4E280FE1940067E4FE /* SystemLog.swift in Sources */ = {isa = PBXBuildFile; fileRef = B7F90B4D280FE1940067E4FE /* SystemLog.swift */; };
		B7F90B50280FE29C0067E4FE /* NetworkManagerTests.swift in Sources */ = {isa = PBXBuildFile; fileRef = B7F90B4F280FE29B0067E4FE /* NetworkManagerTests.swift */; };
		B7F90B60281006EA0067E4FE /* CategoryManagerTests.swift in Sources */ = {isa = PBXBuildFile; fileRef = B7F90B5F281006EA0067E4FE /* CategoryManagerTests.swift */; };
		B7F90B62281006F00067E4FE /* 1155_ZIP_P_0081_T.jpg in Resources */ = {isa = PBXBuildFile; fileRef = B7F90B61281006F00067E4FE /* 1155_ZIP_P_0081_T.jpg */; };
		B7F90B6E2810081D0067E4FE /* Product.swift in Sources */ = {isa = PBXBuildFile; fileRef = B7F90B23280E7C2A0067E4FE /* Product.swift */; };
		B7F90B6F2810081F0067E4FE /* ProductDetail.swift in Sources */ = {isa = PBXBuildFile; fileRef = B7F90B38280FB8E90067E4FE /* ProductDetail.swift */; };
		B7F90B70281008200067E4FE /* DetailData.swift in Sources */ = {isa = PBXBuildFile; fileRef = B7F90B42280FCD710067E4FE /* DetailData.swift */; };
		B7F90B71281008220067E4FE /* Category.swift in Sources */ = {isa = PBXBuildFile; fileRef = B7F90B32280EA7850067E4FE /* Category.swift */; };
		B7F90B72281008230067E4FE /* ProductType.swift in Sources */ = {isa = PBXBuildFile; fileRef = B7F90B34280EE1C20067E4FE /* ProductType.swift */; };
		B7F90B73281008250067E4FE /* Money.swift in Sources */ = {isa = PBXBuildFile; fileRef = B7F90B27280E7FEC0067E4FE /* Money.swift */; };
		B7F90B74281008270067E4FE /* Badge.swift in Sources */ = {isa = PBXBuildFile; fileRef = B7F90B29280E7FF30067E4FE /* Badge.swift */; };
		B7F90B75281008290067E4FE /* Delivery.swift in Sources */ = {isa = PBXBuildFile; fileRef = B7F90B25280E7FE10067E4FE /* Delivery.swift */; };
		B7F90B762810086C0067E4FE /* NetworkManager.swift in Sources */ = {isa = PBXBuildFile; fileRef = B7F90B4B280FE10C0067E4FE /* NetworkManager.swift */; };
		B7F90B772810086E0067E4FE /* NetworkError.swift in Sources */ = {isa = PBXBuildFile; fileRef = BCFE48B5281003BE00F23DCE /* NetworkError.swift */; };
		B7F90B7C2810090D0067E4FE /* CategoryManager.swift in Sources */ = {isa = PBXBuildFile; fileRef = B7F90B7B2810090D0067E4FE /* CategoryManager.swift */; };
		B7F90B7D2810090D0067E4FE /* CategoryManager.swift in Sources */ = {isa = PBXBuildFile; fileRef = B7F90B7B2810090D0067E4FE /* CategoryManager.swift */; };
		B7F90B7E2810094B0067E4FE /* SystemLog.swift in Sources */ = {isa = PBXBuildFile; fileRef = B7F90B4D280FE1940067E4FE /* SystemLog.swift */; };
		B7F90B8C2810523A0067E4FE /* ProductCollectionViewModel.swift in Sources */ = {isa = PBXBuildFile; fileRef = B7F90B8B2810523A0067E4FE /* ProductCollectionViewModel.swift */; };
		B7F90B8E2810561A0067E4FE /* Obseverable.swift in Sources */ = {isa = PBXBuildFile; fileRef = B7F90B8D2810561A0067E4FE /* Obseverable.swift */; };
		B7F90B90281059870067E4FE /* ProductCellViewModel.swift in Sources */ = {isa = PBXBuildFile; fileRef = B7F90B8F281059870067E4FE /* ProductCellViewModel.swift */; };
		B7F90B922810723E0067E4FE /* ProductCollectionViewModelTests.swift in Sources */ = {isa = PBXBuildFile; fileRef = B7F90B912810723E0067E4FE /* ProductCollectionViewModelTests.swift */; };
		B7F90B932810725C0067E4FE /* ProductCollectionViewModel.swift in Sources */ = {isa = PBXBuildFile; fileRef = B7F90B8B2810523A0067E4FE /* ProductCollectionViewModel.swift */; };
		B7F90B942810725E0067E4FE /* ProductCellViewModel.swift in Sources */ = {isa = PBXBuildFile; fileRef = B7F90B8F281059870067E4FE /* ProductCellViewModel.swift */; };
		B7F90B95281076BE0067E4FE /* Obseverable.swift in Sources */ = {isa = PBXBuildFile; fileRef = B7F90B8D2810561A0067E4FE /* Obseverable.swift */; };
		B7F90B98281128DB0067E4FE /* .swiftlint.yml in Resources */ = {isa = PBXBuildFile; fileRef = B7F90B97281128DB0067E4FE /* .swiftlint.yml */; };
		B7F90B9A28114F470067E4FE /* MoneyCurrency.swift in Sources */ = {isa = PBXBuildFile; fileRef = B7F90B9928114F470067E4FE /* MoneyCurrency.swift */; };
		B7F90B9B2811AA200067E4FE /* MoneyCurrency.swift in Sources */ = {isa = PBXBuildFile; fileRef = B7F90B9928114F470067E4FE /* MoneyCurrency.swift */; };
		B7F90BA12811D32C0067E4FE /* MainCollectionViewSectionHeader.swift in Sources */ = {isa = PBXBuildFile; fileRef = B7F90BA02811D32C0067E4FE /* MainCollectionViewSectionHeader.swift */; };
		B7F90BA8281246300067E4FE /* MainCollectionViewCell.swift in Sources */ = {isa = PBXBuildFile; fileRef = B7F90BA6281246300067E4FE /* MainCollectionViewCell.swift */; };
		B7F90BA9281246300067E4FE /* MainCollectionViewCell.xib in Resources */ = {isa = PBXBuildFile; fileRef = B7F90BA7281246300067E4FE /* MainCollectionViewCell.xib */; };
		B7F90BAA281258DC0067E4FE /* Assets.xcassets in Resources */ = {isa = PBXBuildFile; fileRef = BCFE483E280D5AE200F23DCE /* Assets.xcassets */; };
		B7F90BAB28125B9E0067E4FE /* 1155_ZIP_P_0081_T.jpg in Resources */ = {isa = PBXBuildFile; fileRef = B7F90B61281006F00067E4FE /* 1155_ZIP_P_0081_T.jpg */; };
		BCFE4836280D5AE100F23DCE /* AppDelegate.swift in Sources */ = {isa = PBXBuildFile; fileRef = BCFE4835280D5AE100F23DCE /* AppDelegate.swift */; };
		BCFE4838280D5AE100F23DCE /* SceneDelegate.swift in Sources */ = {isa = PBXBuildFile; fileRef = BCFE4837280D5AE100F23DCE /* SceneDelegate.swift */; };
		BCFE483A280D5AE100F23DCE /* MainViewController.swift in Sources */ = {isa = PBXBuildFile; fileRef = BCFE4839280D5AE100F23DCE /* MainViewController.swift */; };
		BCFE483D280D5AE100F23DCE /* Main.storyboard in Resources */ = {isa = PBXBuildFile; fileRef = BCFE483B280D5AE100F23DCE /* Main.storyboard */; };
		BCFE483F280D5AE200F23DCE /* Assets.xcassets in Resources */ = {isa = PBXBuildFile; fileRef = BCFE483E280D5AE200F23DCE /* Assets.xcassets */; };
		BCFE4842280D5AE200F23DCE /* LaunchScreen.storyboard in Resources */ = {isa = PBXBuildFile; fileRef = BCFE4840280D5AE200F23DCE /* LaunchScreen.storyboard */; };
		BCFE484D280D5AE200F23DCE /* SideDishAppTests.swift in Sources */ = {isa = PBXBuildFile; fileRef = BCFE484C280D5AE200F23DCE /* SideDishAppTests.swift */; };
		BCFE4857280D5AE200F23DCE /* SideDishAppUITests.swift in Sources */ = {isa = PBXBuildFile; fileRef = BCFE4856280D5AE200F23DCE /* SideDishAppUITests.swift */; };
		BCFE4859280D5AE200F23DCE /* SideDishAppUITestsLaunchTests.swift in Sources */ = {isa = PBXBuildFile; fileRef = BCFE4858280D5AE200F23DCE /* SideDishAppUITestsLaunchTests.swift */; };
		BCFE48B6281003BE00F23DCE /* NetworkError.swift in Sources */ = {isa = PBXBuildFile; fileRef = BCFE48B5281003BE00F23DCE /* NetworkError.swift */; };
/* End PBXBuildFile section */

/* Begin PBXContainerItemProxy section */
		BCFE4849280D5AE200F23DCE /* PBXContainerItemProxy */ = {
			isa = PBXContainerItemProxy;
			containerPortal = BCFE482A280D5AE100F23DCE /* Project object */;
			proxyType = 1;
			remoteGlobalIDString = BCFE4831280D5AE100F23DCE;
			remoteInfo = SideDishApp;
		};
		BCFE4853280D5AE200F23DCE /* PBXContainerItemProxy */ = {
			isa = PBXContainerItemProxy;
			containerPortal = BCFE482A280D5AE100F23DCE /* Project object */;
			proxyType = 1;
			remoteGlobalIDString = BCFE4831280D5AE100F23DCE;
			remoteInfo = SideDishApp;
		};
/* End PBXContainerItemProxy section */

/* Begin PBXFileReference section */
		3C7FAB905432DC28979456A3 /* Pods_SideDishAppTests.framework */ = {isa = PBXFileReference; explicitFileType = wrapper.framework; includeInIndex = 0; path = Pods_SideDishAppTests.framework; sourceTree = BUILT_PRODUCTS_DIR; };
		4A4D36B25ECA6BDFCCEBA044 /* Pods-SideDishApp.release.xcconfig */ = {isa = PBXFileReference; includeInIndex = 1; lastKnownFileType = text.xcconfig; name = "Pods-SideDishApp.release.xcconfig"; path = "Target Support Files/Pods-SideDishApp/Pods-SideDishApp.release.xcconfig"; sourceTree = "<group>"; };
		5B9E737893654D77F4F54DFC /* Pods-SideDishAppTests.release.xcconfig */ = {isa = PBXFileReference; includeInIndex = 1; lastKnownFileType = text.xcconfig; name = "Pods-SideDishAppTests.release.xcconfig"; path = "Target Support Files/Pods-SideDishAppTests/Pods-SideDishAppTests.release.xcconfig"; sourceTree = "<group>"; };
		77AF36B9DD68BA77D2288999 /* Pods_SideDishApp.framework */ = {isa = PBXFileReference; explicitFileType = wrapper.framework; includeInIndex = 0; path = Pods_SideDishApp.framework; sourceTree = BUILT_PRODUCTS_DIR; };
		9802E4AF15E23AC2B4659A4A /* Pods-SideDishAppTests.debug.xcconfig */ = {isa = PBXFileReference; includeInIndex = 1; lastKnownFileType = text.xcconfig; name = "Pods-SideDishAppTests.debug.xcconfig"; path = "Target Support Files/Pods-SideDishAppTests/Pods-SideDishAppTests.debug.xcconfig"; sourceTree = "<group>"; };
		B7F90B23280E7C2A0067E4FE /* Product.swift */ = {isa = PBXFileReference; lastKnownFileType = sourcecode.swift; path = Product.swift; sourceTree = "<group>"; };
		B7F90B25280E7FE10067E4FE /* Delivery.swift */ = {isa = PBXFileReference; lastKnownFileType = sourcecode.swift; path = Delivery.swift; sourceTree = "<group>"; };
		B7F90B27280E7FEC0067E4FE /* Money.swift */ = {isa = PBXFileReference; lastKnownFileType = sourcecode.swift; path = Money.swift; sourceTree = "<group>"; };
		B7F90B29280E7FF30067E4FE /* Badge.swift */ = {isa = PBXFileReference; lastKnownFileType = sourcecode.swift; path = Badge.swift; sourceTree = "<group>"; };
		B7F90B2B280E86200067E4FE /* ProductDecodingTests.swift */ = {isa = PBXFileReference; lastKnownFileType = sourcecode.swift; path = ProductDecodingTests.swift; sourceTree = "<group>"; };
		B7F90B2E280E86E10067E4FE /* mockProductData.json */ = {isa = PBXFileReference; lastKnownFileType = text.json; path = mockProductData.json; sourceTree = "<group>"; };
		B7F90B32280EA7850067E4FE /* Category.swift */ = {isa = PBXFileReference; lastKnownFileType = sourcecode.swift; path = Category.swift; sourceTree = "<group>"; };
		B7F90B34280EE1C20067E4FE /* ProductType.swift */ = {isa = PBXFileReference; lastKnownFileType = sourcecode.swift; path = ProductType.swift; sourceTree = "<group>"; };
		B7F90B38280FB8E90067E4FE /* ProductDetail.swift */ = {isa = PBXFileReference; lastKnownFileType = sourcecode.swift; path = ProductDetail.swift; sourceTree = "<group>"; };
		B7F90B3E280FCC340067E4FE /* mockProductDetailData.json */ = {isa = PBXFileReference; lastKnownFileType = text.json; path = mockProductDetailData.json; sourceTree = "<group>"; };
		B7F90B42280FCD710067E4FE /* DetailData.swift */ = {isa = PBXFileReference; lastKnownFileType = sourcecode.swift; path = DetailData.swift; sourceTree = "<group>"; };
		B7F90B44280FD65D0067E4FE /* ProductDetailDecodingTest.swift */ = {isa = PBXFileReference; lastKnownFileType = sourcecode.swift; path = ProductDetailDecodingTest.swift; sourceTree = "<group>"; };
		B7F90B4B280FE10C0067E4FE /* NetworkManager.swift */ = {isa = PBXFileReference; fileEncoding = 4; lastKnownFileType = sourcecode.swift; path = NetworkManager.swift; sourceTree = "<group>"; };
		B7F90B4D280FE1940067E4FE /* SystemLog.swift */ = {isa = PBXFileReference; fileEncoding = 4; lastKnownFileType = sourcecode.swift; path = SystemLog.swift; sourceTree = "<group>"; };
		B7F90B4F280FE29B0067E4FE /* NetworkManagerTests.swift */ = {isa = PBXFileReference; fileEncoding = 4; lastKnownFileType = sourcecode.swift; path = NetworkManagerTests.swift; sourceTree = "<group>"; };
		B7F90B5F281006EA0067E4FE /* CategoryManagerTests.swift */ = {isa = PBXFileReference; fileEncoding = 4; lastKnownFileType = sourcecode.swift; path = CategoryManagerTests.swift; sourceTree = "<group>"; };
		B7F90B61281006F00067E4FE /* 1155_ZIP_P_0081_T.jpg */ = {isa = PBXFileReference; lastKnownFileType = image.jpeg; name = 1155_ZIP_P_0081_T.jpg; path = resources/1155_ZIP_P_0081_T.jpg; sourceTree = "<group>"; };
		B7F90B7B2810090D0067E4FE /* CategoryManager.swift */ = {isa = PBXFileReference; fileEncoding = 4; lastKnownFileType = sourcecode.swift; path = CategoryManager.swift; sourceTree = "<group>"; };
		B7F90B8B2810523A0067E4FE /* ProductCollectionViewModel.swift */ = {isa = PBXFileReference; lastKnownFileType = sourcecode.swift; path = ProductCollectionViewModel.swift; sourceTree = "<group>"; };
		B7F90B8D2810561A0067E4FE /* Obseverable.swift */ = {isa = PBXFileReference; lastKnownFileType = sourcecode.swift; path = Obseverable.swift; sourceTree = "<group>"; };
		B7F90B8F281059870067E4FE /* ProductCellViewModel.swift */ = {isa = PBXFileReference; lastKnownFileType = sourcecode.swift; path = ProductCellViewModel.swift; sourceTree = "<group>"; };
		B7F90B912810723E0067E4FE /* ProductCollectionViewModelTests.swift */ = {isa = PBXFileReference; lastKnownFileType = sourcecode.swift; path = ProductCollectionViewModelTests.swift; sourceTree = "<group>"; };
		B7F90B97281128DB0067E4FE /* .swiftlint.yml */ = {isa = PBXFileReference; fileEncoding = 4; lastKnownFileType = text.yaml; path = .swiftlint.yml; sourceTree = "<group>"; };
		B7F90B9928114F470067E4FE /* MoneyCurrency.swift */ = {isa = PBXFileReference; lastKnownFileType = sourcecode.swift; path = MoneyCurrency.swift; sourceTree = "<group>"; };
		B7F90BA02811D32C0067E4FE /* MainCollectionViewSectionHeader.swift */ = {isa = PBXFileReference; lastKnownFileType = sourcecode.swift; path = MainCollectionViewSectionHeader.swift; sourceTree = "<group>"; };
		B7F90BA6281246300067E4FE /* MainCollectionViewCell.swift */ = {isa = PBXFileReference; lastKnownFileType = sourcecode.swift; path = MainCollectionViewCell.swift; sourceTree = "<group>"; };
		B7F90BA7281246300067E4FE /* MainCollectionViewCell.xib */ = {isa = PBXFileReference; lastKnownFileType = file.xib; path = MainCollectionViewCell.xib; sourceTree = "<group>"; };
		B98C60A45FBEDB596EF4430A /* Pods-SideDishApp-SideDishAppUITests.release.xcconfig */ = {isa = PBXFileReference; includeInIndex = 1; lastKnownFileType = text.xcconfig; name = "Pods-SideDishApp-SideDishAppUITests.release.xcconfig"; path = "Target Support Files/Pods-SideDishApp-SideDishAppUITests/Pods-SideDishApp-SideDishAppUITests.release.xcconfig"; sourceTree = "<group>"; };
		BCFE4832280D5AE100F23DCE /* SideDishApp.app */ = {isa = PBXFileReference; explicitFileType = wrapper.application; includeInIndex = 0; path = SideDishApp.app; sourceTree = BUILT_PRODUCTS_DIR; };
		BCFE4835280D5AE100F23DCE /* AppDelegate.swift */ = {isa = PBXFileReference; lastKnownFileType = sourcecode.swift; path = AppDelegate.swift; sourceTree = "<group>"; };
		BCFE4837280D5AE100F23DCE /* SceneDelegate.swift */ = {isa = PBXFileReference; lastKnownFileType = sourcecode.swift; path = SceneDelegate.swift; sourceTree = "<group>"; };
		BCFE4839280D5AE100F23DCE /* MainViewController.swift */ = {isa = PBXFileReference; lastKnownFileType = sourcecode.swift; path = MainViewController.swift; sourceTree = "<group>"; };
		BCFE483C280D5AE100F23DCE /* Base */ = {isa = PBXFileReference; lastKnownFileType = file.storyboard; name = Base; path = Base.lproj/Main.storyboard; sourceTree = "<group>"; };
		BCFE483E280D5AE200F23DCE /* Assets.xcassets */ = {isa = PBXFileReference; lastKnownFileType = folder.assetcatalog; path = Assets.xcassets; sourceTree = "<group>"; };
		BCFE4841280D5AE200F23DCE /* Base */ = {isa = PBXFileReference; lastKnownFileType = file.storyboard; name = Base; path = Base.lproj/LaunchScreen.storyboard; sourceTree = "<group>"; };
		BCFE4843280D5AE200F23DCE /* Info.plist */ = {isa = PBXFileReference; lastKnownFileType = text.plist.xml; path = Info.plist; sourceTree = "<group>"; };
		BCFE4848280D5AE200F23DCE /* SideDishAppTests.xctest */ = {isa = PBXFileReference; explicitFileType = wrapper.cfbundle; includeInIndex = 0; path = SideDishAppTests.xctest; sourceTree = BUILT_PRODUCTS_DIR; };
		BCFE484C280D5AE200F23DCE /* SideDishAppTests.swift */ = {isa = PBXFileReference; lastKnownFileType = sourcecode.swift; path = SideDishAppTests.swift; sourceTree = "<group>"; };
		BCFE4852280D5AE200F23DCE /* SideDishAppUITests.xctest */ = {isa = PBXFileReference; explicitFileType = wrapper.cfbundle; includeInIndex = 0; path = SideDishAppUITests.xctest; sourceTree = BUILT_PRODUCTS_DIR; };
		BCFE4856280D5AE200F23DCE /* SideDishAppUITests.swift */ = {isa = PBXFileReference; lastKnownFileType = sourcecode.swift; path = SideDishAppUITests.swift; sourceTree = "<group>"; };
		BCFE4858280D5AE200F23DCE /* SideDishAppUITestsLaunchTests.swift */ = {isa = PBXFileReference; lastKnownFileType = sourcecode.swift; path = SideDishAppUITestsLaunchTests.swift; sourceTree = "<group>"; };
		BCFE48B5281003BE00F23DCE /* NetworkError.swift */ = {isa = PBXFileReference; fileEncoding = 4; lastKnownFileType = sourcecode.swift; path = NetworkError.swift; sourceTree = "<group>"; };
		D85136A4CA64966FEAA85A98 /* Pods_SideDishApp_SideDishAppUITests.framework */ = {isa = PBXFileReference; explicitFileType = wrapper.framework; includeInIndex = 0; path = Pods_SideDishApp_SideDishAppUITests.framework; sourceTree = BUILT_PRODUCTS_DIR; };
		DD6DBA4B98AF5C0B3C243368 /* Pods-SideDishApp-SideDishAppUITests.debug.xcconfig */ = {isa = PBXFileReference; includeInIndex = 1; lastKnownFileType = text.xcconfig; name = "Pods-SideDishApp-SideDishAppUITests.debug.xcconfig"; path = "Target Support Files/Pods-SideDishApp-SideDishAppUITests/Pods-SideDishApp-SideDishAppUITests.debug.xcconfig"; sourceTree = "<group>"; };
		FFCD83E86001780BAE0622FC /* Pods-SideDishApp.debug.xcconfig */ = {isa = PBXFileReference; includeInIndex = 1; lastKnownFileType = text.xcconfig; name = "Pods-SideDishApp.debug.xcconfig"; path = "Target Support Files/Pods-SideDishApp/Pods-SideDishApp.debug.xcconfig"; sourceTree = "<group>"; };
/* End PBXFileReference section */

/* Begin PBXFrameworksBuildPhase section */
		BCFE482F280D5AE100F23DCE /* Frameworks */ = {
			isa = PBXFrameworksBuildPhase;
			buildActionMask = 2147483647;
			files = (
				1FC322910B3CCF973519C0A6 /* Pods_SideDishApp.framework in Frameworks */,
			);
			runOnlyForDeploymentPostprocessing = 0;
		};
		BCFE4845280D5AE200F23DCE /* Frameworks */ = {
			isa = PBXFrameworksBuildPhase;
			buildActionMask = 2147483647;
			files = (
				6A71AB58AB41CA274817EBA9 /* Pods_SideDishAppTests.framework in Frameworks */,
			);
			runOnlyForDeploymentPostprocessing = 0;
		};
		BCFE484F280D5AE200F23DCE /* Frameworks */ = {
			isa = PBXFrameworksBuildPhase;
			buildActionMask = 2147483647;
			files = (
				A7E1C7CA161617BB2B7BDFEA /* Pods_SideDishApp_SideDishAppUITests.framework in Frameworks */,
			);
			runOnlyForDeploymentPostprocessing = 0;
		};
/* End PBXFrameworksBuildPhase section */

/* Begin PBXGroup section */
		61E5B53E7C194E5B19609E8D /* Pods */ = {
			isa = PBXGroup;
			children = (
				FFCD83E86001780BAE0622FC /* Pods-SideDishApp.debug.xcconfig */,
				4A4D36B25ECA6BDFCCEBA044 /* Pods-SideDishApp.release.xcconfig */,
				DD6DBA4B98AF5C0B3C243368 /* Pods-SideDishApp-SideDishAppUITests.debug.xcconfig */,
				B98C60A45FBEDB596EF4430A /* Pods-SideDishApp-SideDishAppUITests.release.xcconfig */,
				9802E4AF15E23AC2B4659A4A /* Pods-SideDishAppTests.debug.xcconfig */,
				5B9E737893654D77F4F54DFC /* Pods-SideDishAppTests.release.xcconfig */,
			);
			path = Pods;
			sourceTree = "<group>";
		};
		B7F90B22280E7C000067E4FE /* Model */ = {
			isa = PBXGroup;
			children = (
				B7F90B23280E7C2A0067E4FE /* Product.swift */,
				B7F90B38280FB8E90067E4FE /* ProductDetail.swift */,
				B7F90B42280FCD710067E4FE /* DetailData.swift */,
				B7F90B32280EA7850067E4FE /* Category.swift */,
				B7F90B34280EE1C20067E4FE /* ProductType.swift */,
				B7F90B29280E7FF30067E4FE /* Badge.swift */,
				B7F90B25280E7FE10067E4FE /* Delivery.swift */,
				B7F90B27280E7FEC0067E4FE /* Money.swift */,
				B7F90B9928114F470067E4FE /* MoneyCurrency.swift */,
			);
			path = Model;
			sourceTree = "<group>";
		};
		B7F90B2D280E86BD0067E4FE /* resources */ = {
			isa = PBXGroup;
			children = (
				B7F90B2E280E86E10067E4FE /* mockProductData.json */,
				B7F90B3E280FCC340067E4FE /* mockProductDetailData.json */,
			);
			path = resources;
			sourceTree = "<group>";
		};
		B7F90B7F281009F50067E4FE /* Service */ = {
			isa = PBXGroup;
			children = (
				B7F90B7B2810090D0067E4FE /* CategoryManager.swift */,
			);
			path = Service;
			sourceTree = "<group>";
		};
		B7F90B8A2810522A0067E4FE /* ViewModel */ = {
			isa = PBXGroup;
			children = (
				B7F90B8B2810523A0067E4FE /* ProductCollectionViewModel.swift */,
				B7F90B8F281059870067E4FE /* ProductCellViewModel.swift */,
			);
			path = ViewModel;
			sourceTree = "<group>";
		};
		BCFE4829280D5AE100F23DCE = {
			isa = PBXGroup;
			children = (
				B7F90B97281128DB0067E4FE /* .swiftlint.yml */,
				BCFE4834280D5AE100F23DCE /* SideDishApp */,
				BCFE484B280D5AE200F23DCE /* SideDishAppTests */,
				BCFE4855280D5AE200F23DCE /* SideDishAppUITests */,
				BCFE4833280D5AE100F23DCE /* Products */,
				61E5B53E7C194E5B19609E8D /* Pods */,
				FBDA7CB3274DBF5844D0339C /* Frameworks */,
			);
			sourceTree = "<group>";
		};
		BCFE4833280D5AE100F23DCE /* Products */ = {
			isa = PBXGroup;
			children = (
				BCFE4832280D5AE100F23DCE /* SideDishApp.app */,
				BCFE4848280D5AE200F23DCE /* SideDishAppTests.xctest */,
				BCFE4852280D5AE200F23DCE /* SideDishAppUITests.xctest */,
			);
			name = Products;
			sourceTree = "<group>";
		};
		BCFE4834280D5AE100F23DCE /* SideDishApp */ = {
			isa = PBXGroup;
			children = (
				B7F90B8A2810522A0067E4FE /* ViewModel */,
				B7F90B7F281009F50067E4FE /* Service */,
				BCFE4883280D764400F23DCE /* Resource */,
				BCFE4880280D756100F23DCE /* View */,
				B7F90B22280E7C000067E4FE /* Model */,
				BCFE4886280D764400F23DCE /* Networking */,
				BCFE4885280D764400F23DCE /* Common */,
				BCFE4881280D75B900F23DCE /* Support */,
			);
			path = SideDishApp;
			sourceTree = "<group>";
		};
		BCFE484B280D5AE200F23DCE /* SideDishAppTests */ = {
			isa = PBXGroup;
			children = (
				B7F90B912810723E0067E4FE /* ProductCollectionViewModelTests.swift */,
				B7F90B4F280FE29B0067E4FE /* NetworkManagerTests.swift */,
				B7F90B44280FD65D0067E4FE /* ProductDetailDecodingTest.swift */,
				B7F90B2B280E86200067E4FE /* ProductDecodingTests.swift */,
				B7F90B61281006F00067E4FE /* 1155_ZIP_P_0081_T.jpg */,
				B7F90B5F281006EA0067E4FE /* CategoryManagerTests.swift */,
				BCFE484C280D5AE200F23DCE /* SideDishAppTests.swift */,
				B7F90B2D280E86BD0067E4FE /* resources */,
			);
			path = SideDishAppTests;
			sourceTree = "<group>";
		};
		BCFE4855280D5AE200F23DCE /* SideDishAppUITests */ = {
			isa = PBXGroup;
			children = (
				BCFE4856280D5AE200F23DCE /* SideDishAppUITests.swift */,
				BCFE4858280D5AE200F23DCE /* SideDishAppUITestsLaunchTests.swift */,
			);
			path = SideDishAppUITests;
			sourceTree = "<group>";
		};
		BCFE4880280D756100F23DCE /* View */ = {
			isa = PBXGroup;
			children = (
				BCFE4839280D5AE100F23DCE /* MainViewController.swift */,
				B7F90BA02811D32C0067E4FE /* MainCollectionViewSectionHeader.swift */,
				B7F90BA6281246300067E4FE /* MainCollectionViewCell.swift */,
				B7F90BA7281246300067E4FE /* MainCollectionViewCell.xib */,
				BCFE483B280D5AE100F23DCE /* Main.storyboard */,
				BCFE4840280D5AE200F23DCE /* LaunchScreen.storyboard */,
			);
			path = View;
			sourceTree = "<group>";
		};
		BCFE4881280D75B900F23DCE /* Support */ = {
			isa = PBXGroup;
			children = (
				BCFE4835280D5AE100F23DCE /* AppDelegate.swift */,
				BCFE4837280D5AE100F23DCE /* SceneDelegate.swift */,
				BCFE4843280D5AE200F23DCE /* Info.plist */,
			);
			path = Support;
			sourceTree = "<group>";
		};
		BCFE4883280D764400F23DCE /* Resource */ = {
			isa = PBXGroup;
			children = (
				BCFE483E280D5AE200F23DCE /* Assets.xcassets */,
			);
			name = Resource;
			path = SideDishApp/Resource;
			sourceTree = SOURCE_ROOT;
		};
		BCFE4885280D764400F23DCE /* Common */ = {
			isa = PBXGroup;
			children = (
				B7F90B4D280FE1940067E4FE /* SystemLog.swift */,
				B7F90B8D2810561A0067E4FE /* Obseverable.swift */,
			);
			name = Common;
			path = SideDishApp/Common;
			sourceTree = SOURCE_ROOT;
		};
		BCFE4886280D764400F23DCE /* Networking */ = {
			isa = PBXGroup;
			children = (
				BCFE48B5281003BE00F23DCE /* NetworkError.swift */,
				B7F90B4B280FE10C0067E4FE /* NetworkManager.swift */,
			);
			name = Networking;
			path = SideDishApp/Networking;
			sourceTree = SOURCE_ROOT;
		};
		FBDA7CB3274DBF5844D0339C /* Frameworks */ = {
			isa = PBXGroup;
			children = (
				77AF36B9DD68BA77D2288999 /* Pods_SideDishApp.framework */,
				D85136A4CA64966FEAA85A98 /* Pods_SideDishApp_SideDishAppUITests.framework */,
				3C7FAB905432DC28979456A3 /* Pods_SideDishAppTests.framework */,
			);
			name = Frameworks;
			sourceTree = "<group>";
		};
/* End PBXGroup section */

/* Begin PBXNativeTarget section */
		BCFE4831280D5AE100F23DCE /* SideDishApp */ = {
			isa = PBXNativeTarget;
			buildConfigurationList = BCFE485C280D5AE200F23DCE /* Build configuration list for PBXNativeTarget "SideDishApp" */;
			buildPhases = (
				F55AC386C89A24E0862525ED /* [CP] Check Pods Manifest.lock */,
				BCFE482E280D5AE100F23DCE /* Sources */,
				BCFE482F280D5AE100F23DCE /* Frameworks */,
				BCFE4830280D5AE100F23DCE /* Resources */,
				8376A3028B5B4DA864DB8BE9 /* [CP] Embed Pods Frameworks */,
				B7F90B96281126570067E4FE /* ShellScript */,
			);
			buildRules = (
			);
			dependencies = (
			);
			name = SideDishApp;
			productName = SideDishApp;
			productReference = BCFE4832280D5AE100F23DCE /* SideDishApp.app */;
			productType = "com.apple.product-type.application";
		};
		BCFE4847280D5AE200F23DCE /* SideDishAppTests */ = {
			isa = PBXNativeTarget;
			buildConfigurationList = BCFE485F280D5AE200F23DCE /* Build configuration list for PBXNativeTarget "SideDishAppTests" */;
			buildPhases = (
				472711AD51B353487D0ED903 /* [CP] Check Pods Manifest.lock */,
				BCFE4844280D5AE200F23DCE /* Sources */,
				BCFE4845280D5AE200F23DCE /* Frameworks */,
				BCFE4846280D5AE200F23DCE /* Resources */,
				BE96EBAE2FF18ACBAF180DF6 /* [CP] Embed Pods Frameworks */,
			);
			buildRules = (
			);
			dependencies = (
				BCFE484A280D5AE200F23DCE /* PBXTargetDependency */,
			);
			name = SideDishAppTests;
			productName = SideDishAppTests;
			productReference = BCFE4848280D5AE200F23DCE /* SideDishAppTests.xctest */;
			productType = "com.apple.product-type.bundle.unit-test";
		};
		BCFE4851280D5AE200F23DCE /* SideDishAppUITests */ = {
			isa = PBXNativeTarget;
			buildConfigurationList = BCFE4862280D5AE200F23DCE /* Build configuration list for PBXNativeTarget "SideDishAppUITests" */;
			buildPhases = (
				0AC6B79AC4E0AB454BA34F5D /* [CP] Check Pods Manifest.lock */,
				BCFE484E280D5AE200F23DCE /* Sources */,
				BCFE484F280D5AE200F23DCE /* Frameworks */,
				BCFE4850280D5AE200F23DCE /* Resources */,
				4AE8F53459D446198D7E82A7 /* [CP] Embed Pods Frameworks */,
			);
			buildRules = (
			);
			dependencies = (
				BCFE4854280D5AE200F23DCE /* PBXTargetDependency */,
			);
			name = SideDishAppUITests;
			productName = SideDishAppUITests;
			productReference = BCFE4852280D5AE200F23DCE /* SideDishAppUITests.xctest */;
			productType = "com.apple.product-type.bundle.ui-testing";
		};
/* End PBXNativeTarget section */

/* Begin PBXProject section */
		BCFE482A280D5AE100F23DCE /* Project object */ = {
			isa = PBXProject;
			attributes = {
				BuildIndependentTargetsInParallel = 1;
				LastSwiftUpdateCheck = 1330;
				LastUpgradeCheck = 1330;
				TargetAttributes = {
					BCFE4831280D5AE100F23DCE = {
						CreatedOnToolsVersion = 13.3;
					};
					BCFE4847280D5AE200F23DCE = {
						CreatedOnToolsVersion = 13.3;
						TestTargetID = BCFE4831280D5AE100F23DCE;
					};
					BCFE4851280D5AE200F23DCE = {
						CreatedOnToolsVersion = 13.3;
						TestTargetID = BCFE4831280D5AE100F23DCE;
					};
				};
			};
			buildConfigurationList = BCFE482D280D5AE100F23DCE /* Build configuration list for PBXProject "SideDishApp" */;
			compatibilityVersion = "Xcode 13.0";
			developmentRegion = en;
			hasScannedForEncodings = 0;
			knownRegions = (
				en,
				Base,
			);
			mainGroup = BCFE4829280D5AE100F23DCE;
			productRefGroup = BCFE4833280D5AE100F23DCE /* Products */;
			projectDirPath = "";
			projectRoot = "";
			targets = (
				BCFE4831280D5AE100F23DCE /* SideDishApp */,
				BCFE4847280D5AE200F23DCE /* SideDishAppTests */,
				BCFE4851280D5AE200F23DCE /* SideDishAppUITests */,
			);
		};
/* End PBXProject section */

/* Begin PBXResourcesBuildPhase section */
		BCFE4830280D5AE100F23DCE /* Resources */ = {
			isa = PBXResourcesBuildPhase;
			buildActionMask = 2147483647;
			files = (
				B7F90B98281128DB0067E4FE /* .swiftlint.yml in Resources */,
				B7F90B46280FD69A0067E4FE /* mockProductDetailData.json in Resources */,
				BCFE4842280D5AE200F23DCE /* LaunchScreen.storyboard in Resources */,
				B7F90B31280E89520067E4FE /* mockProductData.json in Resources */,
				B7F90BAB28125B9E0067E4FE /* 1155_ZIP_P_0081_T.jpg in Resources */,
				BCFE483F280D5AE200F23DCE /* Assets.xcassets in Resources */,
				B7F90BA9281246300067E4FE /* MainCollectionViewCell.xib in Resources */,
				BCFE483D280D5AE100F23DCE /* Main.storyboard in Resources */,
			);
			runOnlyForDeploymentPostprocessing = 0;
		};
		BCFE4846280D5AE200F23DCE /* Resources */ = {
			isa = PBXResourcesBuildPhase;
			buildActionMask = 2147483647;
			files = (
				B7F90B3F280FCC340067E4FE /* mockProductDetailData.json in Resources */,
				B7F90B2F280E86E10067E4FE /* mockProductData.json in Resources */,
				B7F90BAA281258DC0067E4FE /* Assets.xcassets in Resources */,
				B7F90B62281006F00067E4FE /* 1155_ZIP_P_0081_T.jpg in Resources */,
			);
			runOnlyForDeploymentPostprocessing = 0;
		};
		BCFE4850280D5AE200F23DCE /* Resources */ = {
			isa = PBXResourcesBuildPhase;
			buildActionMask = 2147483647;
			files = (
			);
			runOnlyForDeploymentPostprocessing = 0;
		};
/* End PBXResourcesBuildPhase section */

/* Begin PBXShellScriptBuildPhase section */
		0AC6B79AC4E0AB454BA34F5D /* [CP] Check Pods Manifest.lock */ = {
			isa = PBXShellScriptBuildPhase;
			buildActionMask = 2147483647;
			files = (
			);
			inputFileListPaths = (
			);
			inputPaths = (
				"${PODS_PODFILE_DIR_PATH}/Podfile.lock",
				"${PODS_ROOT}/Manifest.lock",
			);
			name = "[CP] Check Pods Manifest.lock";
			outputFileListPaths = (
			);
			outputPaths = (
				"$(DERIVED_FILE_DIR)/Pods-SideDishApp-SideDishAppUITests-checkManifestLockResult.txt",
			);
			runOnlyForDeploymentPostprocessing = 0;
			shellPath = /bin/sh;
			shellScript = "diff \"${PODS_PODFILE_DIR_PATH}/Podfile.lock\" \"${PODS_ROOT}/Manifest.lock\" > /dev/null\nif [ $? != 0 ] ; then\n    # print error to STDERR\n    echo \"error: The sandbox is not in sync with the Podfile.lock. Run 'pod install' or update your CocoaPods installation.\" >&2\n    exit 1\nfi\n# This output is used by Xcode 'outputs' to avoid re-running this script phase.\necho \"SUCCESS\" > \"${SCRIPT_OUTPUT_FILE_0}\"\n";
			showEnvVarsInLog = 0;
		};
		472711AD51B353487D0ED903 /* [CP] Check Pods Manifest.lock */ = {
			isa = PBXShellScriptBuildPhase;
			buildActionMask = 2147483647;
			files = (
			);
			inputFileListPaths = (
			);
			inputPaths = (
				"${PODS_PODFILE_DIR_PATH}/Podfile.lock",
				"${PODS_ROOT}/Manifest.lock",
			);
			name = "[CP] Check Pods Manifest.lock";
			outputFileListPaths = (
			);
			outputPaths = (
				"$(DERIVED_FILE_DIR)/Pods-SideDishAppTests-checkManifestLockResult.txt",
			);
			runOnlyForDeploymentPostprocessing = 0;
			shellPath = /bin/sh;
			shellScript = "diff \"${PODS_PODFILE_DIR_PATH}/Podfile.lock\" \"${PODS_ROOT}/Manifest.lock\" > /dev/null\nif [ $? != 0 ] ; then\n    # print error to STDERR\n    echo \"error: The sandbox is not in sync with the Podfile.lock. Run 'pod install' or update your CocoaPods installation.\" >&2\n    exit 1\nfi\n# This output is used by Xcode 'outputs' to avoid re-running this script phase.\necho \"SUCCESS\" > \"${SCRIPT_OUTPUT_FILE_0}\"\n";
			showEnvVarsInLog = 0;
		};
		4AE8F53459D446198D7E82A7 /* [CP] Embed Pods Frameworks */ = {
			isa = PBXShellScriptBuildPhase;
			buildActionMask = 2147483647;
			files = (
			);
			inputFileListPaths = (
				"${PODS_ROOT}/Target Support Files/Pods-SideDishApp-SideDishAppUITests/Pods-SideDishApp-SideDishAppUITests-frameworks-${CONFIGURATION}-input-files.xcfilelist",
			);
			name = "[CP] Embed Pods Frameworks";
			outputFileListPaths = (
				"${PODS_ROOT}/Target Support Files/Pods-SideDishApp-SideDishAppUITests/Pods-SideDishApp-SideDishAppUITests-frameworks-${CONFIGURATION}-output-files.xcfilelist",
			);
			runOnlyForDeploymentPostprocessing = 0;
			shellPath = /bin/sh;
			shellScript = "\"${PODS_ROOT}/Target Support Files/Pods-SideDishApp-SideDishAppUITests/Pods-SideDishApp-SideDishAppUITests-frameworks.sh\"\n";
			showEnvVarsInLog = 0;
		};
		8376A3028B5B4DA864DB8BE9 /* [CP] Embed Pods Frameworks */ = {
			isa = PBXShellScriptBuildPhase;
			buildActionMask = 2147483647;
			files = (
			);
			inputFileListPaths = (
				"${PODS_ROOT}/Target Support Files/Pods-SideDishApp/Pods-SideDishApp-frameworks-${CONFIGURATION}-input-files.xcfilelist",
			);
			name = "[CP] Embed Pods Frameworks";
			outputFileListPaths = (
				"${PODS_ROOT}/Target Support Files/Pods-SideDishApp/Pods-SideDishApp-frameworks-${CONFIGURATION}-output-files.xcfilelist",
			);
			runOnlyForDeploymentPostprocessing = 0;
			shellPath = /bin/sh;
			shellScript = "\"${PODS_ROOT}/Target Support Files/Pods-SideDishApp/Pods-SideDishApp-frameworks.sh\"\n";
			showEnvVarsInLog = 0;
		};
		B7F90B96281126570067E4FE /* ShellScript */ = {
			isa = PBXShellScriptBuildPhase;
			buildActionMask = 2147483647;
			files = (
			);
			inputFileListPaths = (
			);
			inputPaths = (
			);
			outputFileListPaths = (
			);
			outputPaths = (
			);
			runOnlyForDeploymentPostprocessing = 0;
			shellPath = /bin/sh;
			shellScript = "${PODS_ROOT}/SwiftLint/swiftlint autocorrect\n";
		};
		BE96EBAE2FF18ACBAF180DF6 /* [CP] Embed Pods Frameworks */ = {
			isa = PBXShellScriptBuildPhase;
			buildActionMask = 2147483647;
			files = (
			);
			inputFileListPaths = (
				"${PODS_ROOT}/Target Support Files/Pods-SideDishAppTests/Pods-SideDishAppTests-frameworks-${CONFIGURATION}-input-files.xcfilelist",
			);
			name = "[CP] Embed Pods Frameworks";
			outputFileListPaths = (
				"${PODS_ROOT}/Target Support Files/Pods-SideDishAppTests/Pods-SideDishAppTests-frameworks-${CONFIGURATION}-output-files.xcfilelist",
			);
			runOnlyForDeploymentPostprocessing = 0;
			shellPath = /bin/sh;
			shellScript = "\"${PODS_ROOT}/Target Support Files/Pods-SideDishAppTests/Pods-SideDishAppTests-frameworks.sh\"\n";
			showEnvVarsInLog = 0;
		};
		F55AC386C89A24E0862525ED /* [CP] Check Pods Manifest.lock */ = {
			isa = PBXShellScriptBuildPhase;
			buildActionMask = 2147483647;
			files = (
			);
			inputFileListPaths = (
			);
			inputPaths = (
				"${PODS_PODFILE_DIR_PATH}/Podfile.lock",
				"${PODS_ROOT}/Manifest.lock",
			);
			name = "[CP] Check Pods Manifest.lock";
			outputFileListPaths = (
			);
			outputPaths = (
				"$(DERIVED_FILE_DIR)/Pods-SideDishApp-checkManifestLockResult.txt",
			);
			runOnlyForDeploymentPostprocessing = 0;
			shellPath = /bin/sh;
			shellScript = "diff \"${PODS_PODFILE_DIR_PATH}/Podfile.lock\" \"${PODS_ROOT}/Manifest.lock\" > /dev/null\nif [ $? != 0 ] ; then\n    # print error to STDERR\n    echo \"error: The sandbox is not in sync with the Podfile.lock. Run 'pod install' or update your CocoaPods installation.\" >&2\n    exit 1\nfi\n# This output is used by Xcode 'outputs' to avoid re-running this script phase.\necho \"SUCCESS\" > \"${SCRIPT_OUTPUT_FILE_0}\"\n";
			showEnvVarsInLog = 0;
		};
/* End PBXShellScriptBuildPhase section */

/* Begin PBXSourcesBuildPhase section */
		BCFE482E280D5AE100F23DCE /* Sources */ = {
			isa = PBXSourcesBuildPhase;
			buildActionMask = 2147483647;
			files = (
				B7F90B2A280E7FF30067E4FE /* Badge.swift in Sources */,
				B7F90B28280E7FEC0067E4FE /* Money.swift in Sources */,
				B7F90B35280EE1C20067E4FE /* ProductType.swift in Sources */,
				B7F90B90281059870067E4FE /* ProductCellViewModel.swift in Sources */,
				B7F90B4C280FE10C0067E4FE /* NetworkManager.swift in Sources */,
				BCFE483A280D5AE100F23DCE /* MainViewController.swift in Sources */,
				B7F90B4E280FE1940067E4FE /* SystemLog.swift in Sources */,
				B7F90BA8281246300067E4FE /* MainCollectionViewCell.swift in Sources */,
				B7F90B8E2810561A0067E4FE /* Obseverable.swift in Sources */,
				B7F90B24280E7C2A0067E4FE /* Product.swift in Sources */,
				BCFE4836280D5AE100F23DCE /* AppDelegate.swift in Sources */,
				B7F90B7C2810090D0067E4FE /* CategoryManager.swift in Sources */,
				BCFE48B6281003BE00F23DCE /* NetworkError.swift in Sources */,
				B7F90BA12811D32C0067E4FE /* MainCollectionViewSectionHeader.swift in Sources */,
				BCFE4838280D5AE100F23DCE /* SceneDelegate.swift in Sources */,
				B7F90B9A28114F470067E4FE /* MoneyCurrency.swift in Sources */,
				B7F90B43280FCD710067E4FE /* DetailData.swift in Sources */,
				B7F90B26280E7FE10067E4FE /* Delivery.swift in Sources */,
				B7F90B8C2810523A0067E4FE /* ProductCollectionViewModel.swift in Sources */,
				B7F90B39280FB8E90067E4FE /* ProductDetail.swift in Sources */,
				B7F90B33280EA7850067E4FE /* Category.swift in Sources */,
			);
			runOnlyForDeploymentPostprocessing = 0;
		};
		BCFE4844280D5AE200F23DCE /* Sources */ = {
			isa = PBXSourcesBuildPhase;
			buildActionMask = 2147483647;
			files = (
				B7F90B50280FE29C0067E4FE /* NetworkManagerTests.swift in Sources */,
				B7F90B772810086E0067E4FE /* NetworkError.swift in Sources */,
				B7F90B71281008220067E4FE /* Category.swift in Sources */,
				B7F90B72281008230067E4FE /* ProductType.swift in Sources */,
				B7F90B60281006EA0067E4FE /* CategoryManagerTests.swift in Sources */,
				B7F90B6F2810081F0067E4FE /* ProductDetail.swift in Sources */,
				B7F90B75281008290067E4FE /* Delivery.swift in Sources */,
				B7F90B7E2810094B0067E4FE /* SystemLog.swift in Sources */,
				B7F90B922810723E0067E4FE /* ProductCollectionViewModelTests.swift in Sources */,
				BCFE484D280D5AE200F23DCE /* SideDishAppTests.swift in Sources */,
				B7F90B932810725C0067E4FE /* ProductCollectionViewModel.swift in Sources */,
				B7F90B9B2811AA200067E4FE /* MoneyCurrency.swift in Sources */,
				B7F90B73281008250067E4FE /* Money.swift in Sources */,
				B7F90B95281076BE0067E4FE /* Obseverable.swift in Sources */,
				B7F90B7D2810090D0067E4FE /* CategoryManager.swift in Sources */,
				B7F90B45280FD65D0067E4FE /* ProductDetailDecodingTest.swift in Sources */,
				B7F90B942810725E0067E4FE /* ProductCellViewModel.swift in Sources */,
				B7F90B70281008200067E4FE /* DetailData.swift in Sources */,
				B7F90B2C280E86200067E4FE /* ProductDecodingTests.swift in Sources */,
				B7F90B762810086C0067E4FE /* NetworkManager.swift in Sources */,
				B7F90B74281008270067E4FE /* Badge.swift in Sources */,
				B7F90B6E2810081D0067E4FE /* Product.swift in Sources */,
			);
			runOnlyForDeploymentPostprocessing = 0;
		};
		BCFE484E280D5AE200F23DCE /* Sources */ = {
			isa = PBXSourcesBuildPhase;
			buildActionMask = 2147483647;
			files = (
				BCFE4857280D5AE200F23DCE /* SideDishAppUITests.swift in Sources */,
				BCFE4859280D5AE200F23DCE /* SideDishAppUITestsLaunchTests.swift in Sources */,
			);
			runOnlyForDeploymentPostprocessing = 0;
		};
/* End PBXSourcesBuildPhase section */

/* Begin PBXTargetDependency section */
		BCFE484A280D5AE200F23DCE /* PBXTargetDependency */ = {
			isa = PBXTargetDependency;
			target = BCFE4831280D5AE100F23DCE /* SideDishApp */;
			targetProxy = BCFE4849280D5AE200F23DCE /* PBXContainerItemProxy */;
		};
		BCFE4854280D5AE200F23DCE /* PBXTargetDependency */ = {
			isa = PBXTargetDependency;
			target = BCFE4831280D5AE100F23DCE /* SideDishApp */;
			targetProxy = BCFE4853280D5AE200F23DCE /* PBXContainerItemProxy */;
		};
/* End PBXTargetDependency section */

/* Begin PBXVariantGroup section */
		BCFE483B280D5AE100F23DCE /* Main.storyboard */ = {
			isa = PBXVariantGroup;
			children = (
				BCFE483C280D5AE100F23DCE /* Base */,
			);
			name = Main.storyboard;
			sourceTree = "<group>";
		};
		BCFE4840280D5AE200F23DCE /* LaunchScreen.storyboard */ = {
			isa = PBXVariantGroup;
			children = (
				BCFE4841280D5AE200F23DCE /* Base */,
			);
			name = LaunchScreen.storyboard;
			sourceTree = "<group>";
		};
/* End PBXVariantGroup section */

/* Begin XCBuildConfiguration section */
		BCFE485A280D5AE200F23DCE /* Debug */ = {
			isa = XCBuildConfiguration;
			buildSettings = {
				ALWAYS_SEARCH_USER_PATHS = NO;
				CLANG_ANALYZER_NONNULL = YES;
				CLANG_ANALYZER_NUMBER_OBJECT_CONVERSION = YES_AGGRESSIVE;
				CLANG_CXX_LANGUAGE_STANDARD = "gnu++17";
				CLANG_ENABLE_MODULES = YES;
				CLANG_ENABLE_OBJC_ARC = YES;
				CLANG_ENABLE_OBJC_WEAK = YES;
				CLANG_WARN_BLOCK_CAPTURE_AUTORELEASING = YES;
				CLANG_WARN_BOOL_CONVERSION = YES;
				CLANG_WARN_COMMA = YES;
				CLANG_WARN_CONSTANT_CONVERSION = YES;
				CLANG_WARN_DEPRECATED_OBJC_IMPLEMENTATIONS = YES;
				CLANG_WARN_DIRECT_OBJC_ISA_USAGE = YES_ERROR;
				CLANG_WARN_DOCUMENTATION_COMMENTS = YES;
				CLANG_WARN_EMPTY_BODY = YES;
				CLANG_WARN_ENUM_CONVERSION = YES;
				CLANG_WARN_INFINITE_RECURSION = YES;
				CLANG_WARN_INT_CONVERSION = YES;
				CLANG_WARN_NON_LITERAL_NULL_CONVERSION = YES;
				CLANG_WARN_OBJC_IMPLICIT_RETAIN_SELF = YES;
				CLANG_WARN_OBJC_LITERAL_CONVERSION = YES;
				CLANG_WARN_OBJC_ROOT_CLASS = YES_ERROR;
				CLANG_WARN_QUOTED_INCLUDE_IN_FRAMEWORK_HEADER = YES;
				CLANG_WARN_RANGE_LOOP_ANALYSIS = YES;
				CLANG_WARN_STRICT_PROTOTYPES = YES;
				CLANG_WARN_SUSPICIOUS_MOVE = YES;
				CLANG_WARN_UNGUARDED_AVAILABILITY = YES_AGGRESSIVE;
				CLANG_WARN_UNREACHABLE_CODE = YES;
				CLANG_WARN__DUPLICATE_METHOD_MATCH = YES;
				COPY_PHASE_STRIP = NO;
				DEBUG_INFORMATION_FORMAT = dwarf;
				ENABLE_STRICT_OBJC_MSGSEND = YES;
				ENABLE_TESTABILITY = YES;
				GCC_C_LANGUAGE_STANDARD = gnu11;
				GCC_DYNAMIC_NO_PIC = NO;
				GCC_NO_COMMON_BLOCKS = YES;
				GCC_OPTIMIZATION_LEVEL = 0;
				GCC_PREPROCESSOR_DEFINITIONS = (
					"DEBUG=1",
					"$(inherited)",
				);
				GCC_WARN_64_TO_32_BIT_CONVERSION = YES;
				GCC_WARN_ABOUT_RETURN_TYPE = YES_ERROR;
				GCC_WARN_UNDECLARED_SELECTOR = YES;
				GCC_WARN_UNINITIALIZED_AUTOS = YES_AGGRESSIVE;
				GCC_WARN_UNUSED_FUNCTION = YES;
				GCC_WARN_UNUSED_VARIABLE = YES;
				IPHONEOS_DEPLOYMENT_TARGET = 15.4;
				MTL_ENABLE_DEBUG_INFO = INCLUDE_SOURCE;
				MTL_FAST_MATH = YES;
				ONLY_ACTIVE_ARCH = YES;
				SDKROOT = iphoneos;
				SWIFT_ACTIVE_COMPILATION_CONDITIONS = DEBUG;
				SWIFT_OPTIMIZATION_LEVEL = "-Onone";
			};
			name = Debug;
		};
		BCFE485B280D5AE200F23DCE /* Release */ = {
			isa = XCBuildConfiguration;
			buildSettings = {
				ALWAYS_SEARCH_USER_PATHS = NO;
				CLANG_ANALYZER_NONNULL = YES;
				CLANG_ANALYZER_NUMBER_OBJECT_CONVERSION = YES_AGGRESSIVE;
				CLANG_CXX_LANGUAGE_STANDARD = "gnu++17";
				CLANG_ENABLE_MODULES = YES;
				CLANG_ENABLE_OBJC_ARC = YES;
				CLANG_ENABLE_OBJC_WEAK = YES;
				CLANG_WARN_BLOCK_CAPTURE_AUTORELEASING = YES;
				CLANG_WARN_BOOL_CONVERSION = YES;
				CLANG_WARN_COMMA = YES;
				CLANG_WARN_CONSTANT_CONVERSION = YES;
				CLANG_WARN_DEPRECATED_OBJC_IMPLEMENTATIONS = YES;
				CLANG_WARN_DIRECT_OBJC_ISA_USAGE = YES_ERROR;
				CLANG_WARN_DOCUMENTATION_COMMENTS = YES;
				CLANG_WARN_EMPTY_BODY = YES;
				CLANG_WARN_ENUM_CONVERSION = YES;
				CLANG_WARN_INFINITE_RECURSION = YES;
				CLANG_WARN_INT_CONVERSION = YES;
				CLANG_WARN_NON_LITERAL_NULL_CONVERSION = YES;
				CLANG_WARN_OBJC_IMPLICIT_RETAIN_SELF = YES;
				CLANG_WARN_OBJC_LITERAL_CONVERSION = YES;
				CLANG_WARN_OBJC_ROOT_CLASS = YES_ERROR;
				CLANG_WARN_QUOTED_INCLUDE_IN_FRAMEWORK_HEADER = YES;
				CLANG_WARN_RANGE_LOOP_ANALYSIS = YES;
				CLANG_WARN_STRICT_PROTOTYPES = YES;
				CLANG_WARN_SUSPICIOUS_MOVE = YES;
				CLANG_WARN_UNGUARDED_AVAILABILITY = YES_AGGRESSIVE;
				CLANG_WARN_UNREACHABLE_CODE = YES;
				CLANG_WARN__DUPLICATE_METHOD_MATCH = YES;
				COPY_PHASE_STRIP = NO;
				DEBUG_INFORMATION_FORMAT = "dwarf-with-dsym";
				ENABLE_NS_ASSERTIONS = NO;
				ENABLE_STRICT_OBJC_MSGSEND = YES;
				GCC_C_LANGUAGE_STANDARD = gnu11;
				GCC_NO_COMMON_BLOCKS = YES;
				GCC_WARN_64_TO_32_BIT_CONVERSION = YES;
				GCC_WARN_ABOUT_RETURN_TYPE = YES_ERROR;
				GCC_WARN_UNDECLARED_SELECTOR = YES;
				GCC_WARN_UNINITIALIZED_AUTOS = YES_AGGRESSIVE;
				GCC_WARN_UNUSED_FUNCTION = YES;
				GCC_WARN_UNUSED_VARIABLE = YES;
				IPHONEOS_DEPLOYMENT_TARGET = 15.4;
				MTL_ENABLE_DEBUG_INFO = NO;
				MTL_FAST_MATH = YES;
				SDKROOT = iphoneos;
				SWIFT_COMPILATION_MODE = wholemodule;
				SWIFT_OPTIMIZATION_LEVEL = "-O";
				VALIDATE_PRODUCT = YES;
			};
			name = Release;
		};
		BCFE485D280D5AE200F23DCE /* Debug */ = {
			isa = XCBuildConfiguration;
			baseConfigurationReference = FFCD83E86001780BAE0622FC /* Pods-SideDishApp.debug.xcconfig */;
			buildSettings = {
				ASSETCATALOG_COMPILER_APPICON_NAME = AppIcon;
				ASSETCATALOG_COMPILER_GLOBAL_ACCENT_COLOR_NAME = AccentColor;
				CODE_SIGN_STYLE = Automatic;
				CURRENT_PROJECT_VERSION = 1;
				DEVELOPMENT_TEAM = A6HM92H898;
				GENERATE_INFOPLIST_FILE = YES;
				INFOPLIST_FILE = SideDishApp/Support/Info.plist;
				INFOPLIST_KEY_UIApplicationSupportsIndirectInputEvents = YES;
				INFOPLIST_KEY_UILaunchStoryboardName = LaunchScreen;
				INFOPLIST_KEY_UIMainStoryboardFile = Main;
				INFOPLIST_KEY_UISupportedInterfaceOrientations_iPad = "UIInterfaceOrientationPortrait UIInterfaceOrientationPortraitUpsideDown UIInterfaceOrientationLandscapeLeft UIInterfaceOrientationLandscapeRight";
				INFOPLIST_KEY_UISupportedInterfaceOrientations_iPhone = "UIInterfaceOrientationPortrait UIInterfaceOrientationLandscapeLeft UIInterfaceOrientationLandscapeRight";
				LD_RUNPATH_SEARCH_PATHS = (
					"$(inherited)",
					"@executable_path/Frameworks",
				);
				MARKETING_VERSION = 1.0;
				PRODUCT_BUNDLE_IDENTIFIER = com.eddysong.SideDishApp;
				PRODUCT_NAME = "$(TARGET_NAME)";
				SWIFT_EMIT_LOC_STRINGS = YES;
				SWIFT_VERSION = 5.0;
				TARGETED_DEVICE_FAMILY = "1,2";
			};
			name = Debug;
		};
		BCFE485E280D5AE200F23DCE /* Release */ = {
			isa = XCBuildConfiguration;
			baseConfigurationReference = 4A4D36B25ECA6BDFCCEBA044 /* Pods-SideDishApp.release.xcconfig */;
			buildSettings = {
				ASSETCATALOG_COMPILER_APPICON_NAME = AppIcon;
				ASSETCATALOG_COMPILER_GLOBAL_ACCENT_COLOR_NAME = AccentColor;
				CODE_SIGN_STYLE = Automatic;
				CURRENT_PROJECT_VERSION = 1;
				DEVELOPMENT_TEAM = A6HM92H898;
				GENERATE_INFOPLIST_FILE = YES;
				INFOPLIST_FILE = SideDishApp/Support/Info.plist;
				INFOPLIST_KEY_UIApplicationSupportsIndirectInputEvents = YES;
				INFOPLIST_KEY_UILaunchStoryboardName = LaunchScreen;
				INFOPLIST_KEY_UIMainStoryboardFile = Main;
				INFOPLIST_KEY_UISupportedInterfaceOrientations_iPad = "UIInterfaceOrientationPortrait UIInterfaceOrientationPortraitUpsideDown UIInterfaceOrientationLandscapeLeft UIInterfaceOrientationLandscapeRight";
				INFOPLIST_KEY_UISupportedInterfaceOrientations_iPhone = "UIInterfaceOrientationPortrait UIInterfaceOrientationLandscapeLeft UIInterfaceOrientationLandscapeRight";
				LD_RUNPATH_SEARCH_PATHS = (
					"$(inherited)",
					"@executable_path/Frameworks",
				);
				MARKETING_VERSION = 1.0;
				PRODUCT_BUNDLE_IDENTIFIER = com.eddysong.SideDishApp;
				PRODUCT_NAME = "$(TARGET_NAME)";
				SWIFT_EMIT_LOC_STRINGS = YES;
				SWIFT_VERSION = 5.0;
				TARGETED_DEVICE_FAMILY = "1,2";
			};
			name = Release;
		};
		BCFE4860280D5AE200F23DCE /* Debug */ = {
			isa = XCBuildConfiguration;
			baseConfigurationReference = 9802E4AF15E23AC2B4659A4A /* Pods-SideDishAppTests.debug.xcconfig */;
			buildSettings = {
				ALWAYS_EMBED_SWIFT_STANDARD_LIBRARIES = YES;
				BUNDLE_LOADER = "$(TEST_HOST)";
				CODE_SIGN_STYLE = Automatic;
				CURRENT_PROJECT_VERSION = 1;
				DEVELOPMENT_TEAM = A6HM92H898;
				GENERATE_INFOPLIST_FILE = YES;
				IPHONEOS_DEPLOYMENT_TARGET = 15.4;
				MARKETING_VERSION = 1.0;
				PRODUCT_BUNDLE_IDENTIFIER = com.eddysong.SideDishAppTests;
				PRODUCT_NAME = "$(TARGET_NAME)";
				SWIFT_EMIT_LOC_STRINGS = NO;
				SWIFT_VERSION = 5.0;
				TARGETED_DEVICE_FAMILY = "1,2";
				TEST_HOST = "$(BUILT_PRODUCTS_DIR)/SideDishApp.app/SideDishApp";
			};
			name = Debug;
		};
		BCFE4861280D5AE200F23DCE /* Release */ = {
			isa = XCBuildConfiguration;
			baseConfigurationReference = 5B9E737893654D77F4F54DFC /* Pods-SideDishAppTests.release.xcconfig */;
			buildSettings = {
				ALWAYS_EMBED_SWIFT_STANDARD_LIBRARIES = YES;
				BUNDLE_LOADER = "$(TEST_HOST)";
				CODE_SIGN_STYLE = Automatic;
				CURRENT_PROJECT_VERSION = 1;
				DEVELOPMENT_TEAM = A6HM92H898;
				GENERATE_INFOPLIST_FILE = YES;
				IPHONEOS_DEPLOYMENT_TARGET = 15.4;
				MARKETING_VERSION = 1.0;
				PRODUCT_BUNDLE_IDENTIFIER = com.eddysong.SideDishAppTests;
				PRODUCT_NAME = "$(TARGET_NAME)";
				SWIFT_EMIT_LOC_STRINGS = NO;
				SWIFT_VERSION = 5.0;
				TARGETED_DEVICE_FAMILY = "1,2";
				TEST_HOST = "$(BUILT_PRODUCTS_DIR)/SideDishApp.app/SideDishApp";
			};
			name = Release;
		};
		BCFE4863280D5AE200F23DCE /* Debug */ = {
			isa = XCBuildConfiguration;
			baseConfigurationReference = DD6DBA4B98AF5C0B3C243368 /* Pods-SideDishApp-SideDishAppUITests.debug.xcconfig */;
			buildSettings = {
				ALWAYS_EMBED_SWIFT_STANDARD_LIBRARIES = YES;
				CODE_SIGN_STYLE = Automatic;
				CURRENT_PROJECT_VERSION = 1;
				DEVELOPMENT_TEAM = A6HM92H898;
				GENERATE_INFOPLIST_FILE = YES;
				MARKETING_VERSION = 1.0;
				PRODUCT_BUNDLE_IDENTIFIER = com.eddysong.SideDishAppUITests;
				PRODUCT_NAME = "$(TARGET_NAME)";
				SWIFT_EMIT_LOC_STRINGS = NO;
				SWIFT_VERSION = 5.0;
				TARGETED_DEVICE_FAMILY = "1,2";
				TEST_TARGET_NAME = SideDishApp;
			};
			name = Debug;
		};
		BCFE4864280D5AE200F23DCE /* Release */ = {
			isa = XCBuildConfiguration;
			baseConfigurationReference = B98C60A45FBEDB596EF4430A /* Pods-SideDishApp-SideDishAppUITests.release.xcconfig */;
			buildSettings = {
				ALWAYS_EMBED_SWIFT_STANDARD_LIBRARIES = YES;
				CODE_SIGN_STYLE = Automatic;
				CURRENT_PROJECT_VERSION = 1;
				DEVELOPMENT_TEAM = A6HM92H898;
				GENERATE_INFOPLIST_FILE = YES;
				MARKETING_VERSION = 1.0;
				PRODUCT_BUNDLE_IDENTIFIER = com.eddysong.SideDishAppUITests;
				PRODUCT_NAME = "$(TARGET_NAME)";
				SWIFT_EMIT_LOC_STRINGS = NO;
				SWIFT_VERSION = 5.0;
				TARGETED_DEVICE_FAMILY = "1,2";
				TEST_TARGET_NAME = SideDishApp;
			};
			name = Release;
		};
/* End XCBuildConfiguration section */

/* Begin XCConfigurationList section */
		BCFE482D280D5AE100F23DCE /* Build configuration list for PBXProject "SideDishApp" */ = {
			isa = XCConfigurationList;
			buildConfigurations = (
				BCFE485A280D5AE200F23DCE /* Debug */,
				BCFE485B280D5AE200F23DCE /* Release */,
			);
			defaultConfigurationIsVisible = 0;
			defaultConfigurationName = Release;
		};
		BCFE485C280D5AE200F23DCE /* Build configuration list for PBXNativeTarget "SideDishApp" */ = {
			isa = XCConfigurationList;
			buildConfigurations = (
				BCFE485D280D5AE200F23DCE /* Debug */,
				BCFE485E280D5AE200F23DCE /* Release */,
			);
			defaultConfigurationIsVisible = 0;
			defaultConfigurationName = Release;
		};
		BCFE485F280D5AE200F23DCE /* Build configuration list for PBXNativeTarget "SideDishAppTests" */ = {
			isa = XCConfigurationList;
			buildConfigurations = (
				BCFE4860280D5AE200F23DCE /* Debug */,
				BCFE4861280D5AE200F23DCE /* Release */,
			);
			defaultConfigurationIsVisible = 0;
			defaultConfigurationName = Release;
		};
		BCFE4862280D5AE200F23DCE /* Build configuration list for PBXNativeTarget "SideDishAppUITests" */ = {
			isa = XCConfigurationList;
			buildConfigurations = (
				BCFE4863280D5AE200F23DCE /* Debug */,
				BCFE4864280D5AE200F23DCE /* Release */,
			);
			defaultConfigurationIsVisible = 0;
			defaultConfigurationName = Release;
		};
/* End XCConfigurationList section */
	};
	rootObject = BCFE482A280D5AE100F23DCE /* Project object */;
}
