// !$*UTF8*$!
{
	archiveVersion = 1;
	classes = {
	};
	objectVersion = 55;
	objects = {

/* Begin PBXBuildFile section */
		B7F90AE4280D59370067E4FE /* AppDelegate.swift in Sources */ = {isa = PBXBuildFile; fileRef = B7F90AE3280D59370067E4FE /* AppDelegate.swift */; };
		B7F90AE6280D59370067E4FE /* SceneDelegate.swift in Sources */ = {isa = PBXBuildFile; fileRef = B7F90AE5280D59370067E4FE /* SceneDelegate.swift */; };
		B7F90AE8280D59370067E4FE /* ViewController.swift in Sources */ = {isa = PBXBuildFile; fileRef = B7F90AE7280D59370067E4FE /* ViewController.swift */; };
		B7F90AEB280D59370067E4FE /* Main.storyboard in Resources */ = {isa = PBXBuildFile; fileRef = B7F90AE9280D59370067E4FE /* Main.storyboard */; };
		B7F90AED280D59380067E4FE /* Assets.xcassets in Resources */ = {isa = PBXBuildFile; fileRef = B7F90AEC280D59380067E4FE /* Assets.xcassets */; };
		B7F90AF0280D59380067E4FE /* LaunchScreen.storyboard in Resources */ = {isa = PBXBuildFile; fileRef = B7F90AEE280D59380067E4FE /* LaunchScreen.storyboard */; };
		F78DF399D2A56B8296CD220C /* Pods_SideDishApp.framework in Frameworks */ = {isa = PBXBuildFile; fileRef = 1E2B1655254530254685C226 /* Pods_SideDishApp.framework */; };
/* End PBXBuildFile section */

/* Begin PBXFileReference section */
		1E2B1655254530254685C226 /* Pods_SideDishApp.framework */ = {isa = PBXFileReference; explicitFileType = wrapper.framework; includeInIndex = 0; path = Pods_SideDishApp.framework; sourceTree = BUILT_PRODUCTS_DIR; };
		30B7758F5AA5C25B8DB71BC4 /* Pods-SideDishApp.debug.xcconfig */ = {isa = PBXFileReference; includeInIndex = 1; lastKnownFileType = text.xcconfig; name = "Pods-SideDishApp.debug.xcconfig"; path = "Target Support Files/Pods-SideDishApp/Pods-SideDishApp.debug.xcconfig"; sourceTree = "<group>"; };
		712EA6A1420440DE5304111E /* Pods-SideDishApp.release.xcconfig */ = {isa = PBXFileReference; includeInIndex = 1; lastKnownFileType = text.xcconfig; name = "Pods-SideDishApp.release.xcconfig"; path = "Target Support Files/Pods-SideDishApp/Pods-SideDishApp.release.xcconfig"; sourceTree = "<group>"; };
		B7F90AE0280D59370067E4FE /* SideDishApp.app */ = {isa = PBXFileReference; explicitFileType = wrapper.application; includeInIndex = 0; path = SideDishApp.app; sourceTree = BUILT_PRODUCTS_DIR; };
		B7F90AE3280D59370067E4FE /* AppDelegate.swift */ = {isa = PBXFileReference; lastKnownFileType = sourcecode.swift; path = AppDelegate.swift; sourceTree = "<group>"; };
		B7F90AE5280D59370067E4FE /* SceneDelegate.swift */ = {isa = PBXFileReference; lastKnownFileType = sourcecode.swift; path = SceneDelegate.swift; sourceTree = "<group>"; };
		B7F90AE7280D59370067E4FE /* ViewController.swift */ = {isa = PBXFileReference; lastKnownFileType = sourcecode.swift; path = ViewController.swift; sourceTree = "<group>"; };
		B7F90AEA280D59370067E4FE /* Base */ = {isa = PBXFileReference; lastKnownFileType = file.storyboard; name = Base; path = Base.lproj/Main.storyboard; sourceTree = "<group>"; };
		B7F90AEC280D59380067E4FE /* Assets.xcassets */ = {isa = PBXFileReference; lastKnownFileType = folder.assetcatalog; path = Assets.xcassets; sourceTree = "<group>"; };
		B7F90AEF280D59380067E4FE /* Base */ = {isa = PBXFileReference; lastKnownFileType = file.storyboard; name = Base; path = Base.lproj/LaunchScreen.storyboard; sourceTree = "<group>"; };
		B7F90AF1280D59380067E4FE /* Info.plist */ = {isa = PBXFileReference; lastKnownFileType = text.plist.xml; path = Info.plist; sourceTree = "<group>"; };
/* End PBXFileReference section */

/* Begin PBXFrameworksBuildPhase section */
		B7F90ADD280D59370067E4FE /* Frameworks */ = {
			isa = PBXFrameworksBuildPhase;
			buildActionMask = 2147483647;
			files = (
				F78DF399D2A56B8296CD220C /* Pods_SideDishApp.framework in Frameworks */,
			);
			runOnlyForDeploymentPostprocessing = 0;
		};
/* End PBXFrameworksBuildPhase section */

/* Begin PBXGroup section */
		70A613E1F05A45253B5F09BB /* Frameworks */ = {
			isa = PBXGroup;
			children = (
				1E2B1655254530254685C226 /* Pods_SideDishApp.framework */,
			);
			name = Frameworks;
			sourceTree = "<group>";
		};
		B7F90AD7280D59370067E4FE = {
			isa = PBXGroup;
			children = (
				B7F90AE2280D59370067E4FE /* SideDishApp */,
				B7F90AE1280D59370067E4FE /* Products */,
				BC5B923451D7ACBCF0137883 /* Pods */,
				70A613E1F05A45253B5F09BB /* Frameworks */,
			);
			sourceTree = "<group>";
		};
		B7F90AE1280D59370067E4FE /* Products */ = {
			isa = PBXGroup;
			children = (
				B7F90AE0280D59370067E4FE /* SideDishApp.app */,
			);
			name = Products;
			sourceTree = "<group>";
		};
		B7F90AE2280D59370067E4FE /* SideDishApp */ = {
			isa = PBXGroup;
			children = (
				B7F90AE3280D59370067E4FE /* AppDelegate.swift */,
				B7F90AE5280D59370067E4FE /* SceneDelegate.swift */,
				B7F90AE7280D59370067E4FE /* ViewController.swift */,
				B7F90AE9280D59370067E4FE /* Main.storyboard */,
				B7F90AEC280D59380067E4FE /* Assets.xcassets */,
				B7F90AEE280D59380067E4FE /* LaunchScreen.storyboard */,
				B7F90AF1280D59380067E4FE /* Info.plist */,
			);
			path = SideDishApp;
			sourceTree = "<group>";
		};
		BC5B923451D7ACBCF0137883 /* Pods */ = {
			isa = PBXGroup;
			children = (
				30B7758F5AA5C25B8DB71BC4 /* Pods-SideDishApp.debug.xcconfig */,
				712EA6A1420440DE5304111E /* Pods-SideDishApp.release.xcconfig */,
			);
			path = Pods;
			sourceTree = "<group>";
		};
/* End PBXGroup section */

/* Begin PBXNativeTarget section */
		B7F90ADF280D59370067E4FE /* SideDishApp */ = {
			isa = PBXNativeTarget;
			buildConfigurationList = B7F90AF4280D59380067E4FE /* Build configuration list for PBXNativeTarget "SideDishApp" */;
			buildPhases = (
				3F3525C43EE51A6D4407B9D4 /* [CP] Check Pods Manifest.lock */,
				B7F90AF7280D59A60067E4FE /* SwiftLint Script */,
				B7F90ADC280D59370067E4FE /* Sources */,
				B7F90ADD280D59370067E4FE /* Frameworks */,
				B7F90ADE280D59370067E4FE /* Resources */,
				5EC4B87E9F428AD9E5D2BD48 /* [CP] Embed Pods Frameworks */,
			);
			buildRules = (
			);
			dependencies = (
			);
			name = SideDishApp;
			productName = SideDishApp;
			productReference = B7F90AE0280D59370067E4FE /* SideDishApp.app */;
			productType = "com.apple.product-type.application";
		};
/* End PBXNativeTarget section */

/* Begin PBXProject section */
		B7F90AD8280D59370067E4FE /* Project object */ = {
			isa = PBXProject;
			attributes = {
				BuildIndependentTargetsInParallel = 1;
				LastSwiftUpdateCheck = 1330;
				LastUpgradeCheck = 1330;
				TargetAttributes = {
					B7F90ADF280D59370067E4FE = {
						CreatedOnToolsVersion = 13.3;
					};
				};
			};
			buildConfigurationList = B7F90ADB280D59370067E4FE /* Build configuration list for PBXProject "SideDishApp" */;
			compatibilityVersion = "Xcode 13.0";
			developmentRegion = en;
			hasScannedForEncodings = 0;
			knownRegions = (
				en,
				Base,
			);
			mainGroup = B7F90AD7280D59370067E4FE;
			productRefGroup = B7F90AE1280D59370067E4FE /* Products */;
			projectDirPath = "";
			projectRoot = "";
			targets = (
				B7F90ADF280D59370067E4FE /* SideDishApp */,
			);
		};
/* End PBXProject section */

/* Begin PBXResourcesBuildPhase section */
		B7F90ADE280D59370067E4FE /* Resources */ = {
			isa = PBXResourcesBuildPhase;
			buildActionMask = 2147483647;
			files = (
				B7F90AF0280D59380067E4FE /* LaunchScreen.storyboard in Resources */,
				B7F90AED280D59380067E4FE /* Assets.xcassets in Resources */,
				B7F90AEB280D59370067E4FE /* Main.storyboard in Resources */,
			);
			runOnlyForDeploymentPostprocessing = 0;
		};
/* End PBXResourcesBuildPhase section */

/* Begin PBXShellScriptBuildPhase section */
		3F3525C43EE51A6D4407B9D4 /* [CP] Check Pods Manifest.lock */ = {
			isa = PBXShellScriptBuildPhase;
			buildActionMask = 2147483647;
			files = (
			);
			inputFileListPaths = (
			);
			inputPaths = (
				"${PODS_PODFILE_DIR_PATH}/Podfile.lock",
				"${PODS_ROOT}/Manifest.lock",
			);
			name = "[CP] Check Pods Manifest.lock";
			outputFileListPaths = (
			);
			outputPaths = (
				"$(DERIVED_FILE_DIR)/Pods-SideDishApp-checkManifestLockResult.txt",
			);
			runOnlyForDeploymentPostprocessing = 0;
			shellPath = /bin/sh;
			shellScript = "diff \"${PODS_PODFILE_DIR_PATH}/Podfile.lock\" \"${PODS_ROOT}/Manifest.lock\" > /dev/null\nif [ $? != 0 ] ; then\n    # print error to STDERR\n    echo \"error: The sandbox is not in sync with the Podfile.lock. Run 'pod install' or update your CocoaPods installation.\" >&2\n    exit 1\nfi\n# This output is used by Xcode 'outputs' to avoid re-running this script phase.\necho \"SUCCESS\" > \"${SCRIPT_OUTPUT_FILE_0}\"\n";
			showEnvVarsInLog = 0;
		};
		5EC4B87E9F428AD9E5D2BD48 /* [CP] Embed Pods Frameworks */ = {
			isa = PBXShellScriptBuildPhase;
			buildActionMask = 2147483647;
			files = (
			);
			inputFileListPaths = (
				"${PODS_ROOT}/Target Support Files/Pods-SideDishApp/Pods-SideDishApp-frameworks-${CONFIGURATION}-input-files.xcfilelist",
			);
			name = "[CP] Embed Pods Frameworks";
			outputFileListPaths = (
				"${PODS_ROOT}/Target Support Files/Pods-SideDishApp/Pods-SideDishApp-frameworks-${CONFIGURATION}-output-files.xcfilelist",
			);
			runOnlyForDeploymentPostprocessing = 0;
			shellPath = /bin/sh;
			shellScript = "\"${PODS_ROOT}/Target Support Files/Pods-SideDishApp/Pods-SideDishApp-frameworks.sh\"\n";
			showEnvVarsInLog = 0;
		};
		B7F90AF7280D59A60067E4FE /* SwiftLint Script */ = {
			isa = PBXShellScriptBuildPhase;
			buildActionMask = 12;
			files = (
			);
			inputFileListPaths = (
			);
			inputPaths = (
			);
			name = "SwiftLint Script";
			outputFileListPaths = (
			);
			outputPaths = (
			);
			runOnlyForDeploymentPostprocessing = 0;
			shellPath = /bin/sh;
			shellScript = "${PODS_ROOT}/SwiftLint/swiftlint  \n";
		};
/* End PBXShellScriptBuildPhase section */

/* Begin PBXSourcesBuildPhase section */
		B7F90ADC280D59370067E4FE /* Sources */ = {
			isa = PBXSourcesBuildPhase;
			buildActionMask = 2147483647;
			files = (
				B7F90AE8280D59370067E4FE /* ViewController.swift in Sources */,
				B7F90AE4280D59370067E4FE /* AppDelegate.swift in Sources */,
				B7F90AE6280D59370067E4FE /* SceneDelegate.swift in Sources */,
			);
			runOnlyForDeploymentPostprocessing = 0;
		};
/* End PBXSourcesBuildPhase section */

/* Begin PBXVariantGroup section */
		B7F90AE9280D59370067E4FE /* Main.storyboard */ = {
			isa = PBXVariantGroup;
			children = (
				B7F90AEA280D59370067E4FE /* Base */,
			);
			name = Main.storyboard;
			sourceTree = "<group>";
		};
		B7F90AEE280D59380067E4FE /* LaunchScreen.storyboard */ = {
			isa = PBXVariantGroup;
			children = (
				B7F90AEF280D59380067E4FE /* Base */,
			);
			name = LaunchScreen.storyboard;
			sourceTree = "<group>";
		};
/* End PBXVariantGroup section */

/* Begin XCBuildConfiguration section */
		B7F90AF2280D59380067E4FE /* Debug */ = {
			isa = XCBuildConfiguration;
			buildSettings = {
				ALWAYS_SEARCH_USER_PATHS = NO;
				CLANG_ANALYZER_NONNULL = YES;
				CLANG_ANALYZER_NUMBER_OBJECT_CONVERSION = YES_AGGRESSIVE;
				CLANG_CXX_LANGUAGE_STANDARD = "gnu++17";
				CLANG_ENABLE_MODULES = YES;
				CLANG_ENABLE_OBJC_ARC = YES;
				CLANG_ENABLE_OBJC_WEAK = YES;
				CLANG_WARN_BLOCK_CAPTURE_AUTORELEASING = YES;
				CLANG_WARN_BOOL_CONVERSION = YES;
				CLANG_WARN_COMMA = YES;
				CLANG_WARN_CONSTANT_CONVERSION = YES;
				CLANG_WARN_DEPRECATED_OBJC_IMPLEMENTATIONS = YES;
				CLANG_WARN_DIRECT_OBJC_ISA_USAGE = YES_ERROR;
				CLANG_WARN_DOCUMENTATION_COMMENTS = YES;
				CLANG_WARN_EMPTY_BODY = YES;
				CLANG_WARN_ENUM_CONVERSION = YES;
				CLANG_WARN_INFINITE_RECURSION = YES;
				CLANG_WARN_INT_CONVERSION = YES;
				CLANG_WARN_NON_LITERAL_NULL_CONVERSION = YES;
				CLANG_WARN_OBJC_IMPLICIT_RETAIN_SELF = YES;
				CLANG_WARN_OBJC_LITERAL_CONVERSION = YES;
				CLANG_WARN_OBJC_ROOT_CLASS = YES_ERROR;
				CLANG_WARN_QUOTED_INCLUDE_IN_FRAMEWORK_HEADER = YES;
				CLANG_WARN_RANGE_LOOP_ANALYSIS = YES;
				CLANG_WARN_STRICT_PROTOTYPES = YES;
				CLANG_WARN_SUSPICIOUS_MOVE = YES;
				CLANG_WARN_UNGUARDED_AVAILABILITY = YES_AGGRESSIVE;
				CLANG_WARN_UNREACHABLE_CODE = YES;
				CLANG_WARN__DUPLICATE_METHOD_MATCH = YES;
				COPY_PHASE_STRIP = NO;
				DEBUG_INFORMATION_FORMAT = dwarf;
				ENABLE_STRICT_OBJC_MSGSEND = YES;
				ENABLE_TESTABILITY = YES;
				GCC_C_LANGUAGE_STANDARD = gnu11;
				GCC_DYNAMIC_NO_PIC = NO;
				GCC_NO_COMMON_BLOCKS = YES;
				GCC_OPTIMIZATION_LEVEL = 0;
				GCC_PREPROCESSOR_DEFINITIONS = (
					"DEBUG=1",
					"$(inherited)",
				);
				GCC_WARN_64_TO_32_BIT_CONVERSION = YES;
				GCC_WARN_ABOUT_RETURN_TYPE = YES_ERROR;
				GCC_WARN_UNDECLARED_SELECTOR = YES;
				GCC_WARN_UNINITIALIZED_AUTOS = YES_AGGRESSIVE;
				GCC_WARN_UNUSED_FUNCTION = YES;
				GCC_WARN_UNUSED_VARIABLE = YES;
				IPHONEOS_DEPLOYMENT_TARGET = 15.4;
				MTL_ENABLE_DEBUG_INFO = INCLUDE_SOURCE;
				MTL_FAST_MATH = YES;
				ONLY_ACTIVE_ARCH = YES;
				SDKROOT = iphoneos;
				SWIFT_ACTIVE_COMPILATION_CONDITIONS = DEBUG;
				SWIFT_OPTIMIZATION_LEVEL = "-Onone";
			};
			name = Debug;
		};
		B7F90AF3280D59380067E4FE /* Release */ = {
			isa = XCBuildConfiguration;
			buildSettings = {
				ALWAYS_SEARCH_USER_PATHS = NO;
				CLANG_ANALYZER_NONNULL = YES;
				CLANG_ANALYZER_NUMBER_OBJECT_CONVERSION = YES_AGGRESSIVE;
				CLANG_CXX_LANGUAGE_STANDARD = "gnu++17";
				CLANG_ENABLE_MODULES = YES;
				CLANG_ENABLE_OBJC_ARC = YES;
				CLANG_ENABLE_OBJC_WEAK = YES;
				CLANG_WARN_BLOCK_CAPTURE_AUTORELEASING = YES;
				CLANG_WARN_BOOL_CONVERSION = YES;
				CLANG_WARN_COMMA = YES;
				CLANG_WARN_CONSTANT_CONVERSION = YES;
				CLANG_WARN_DEPRECATED_OBJC_IMPLEMENTATIONS = YES;
				CLANG_WARN_DIRECT_OBJC_ISA_USAGE = YES_ERROR;
				CLANG_WARN_DOCUMENTATION_COMMENTS = YES;
				CLANG_WARN_EMPTY_BODY = YES;
				CLANG_WARN_ENUM_CONVERSION = YES;
				CLANG_WARN_INFINITE_RECURSION = YES;
				CLANG_WARN_INT_CONVERSION = YES;
				CLANG_WARN_NON_LITERAL_NULL_CONVERSION = YES;
				CLANG_WARN_OBJC_IMPLICIT_RETAIN_SELF = YES;
				CLANG_WARN_OBJC_LITERAL_CONVERSION = YES;
				CLANG_WARN_OBJC_ROOT_CLASS = YES_ERROR;
				CLANG_WARN_QUOTED_INCLUDE_IN_FRAMEWORK_HEADER = YES;
				CLANG_WARN_RANGE_LOOP_ANALYSIS = YES;
				CLANG_WARN_STRICT_PROTOTYPES = YES;
				CLANG_WARN_SUSPICIOUS_MOVE = YES;
				CLANG_WARN_UNGUARDED_AVAILABILITY = YES_AGGRESSIVE;
				CLANG_WARN_UNREACHABLE_CODE = YES;
				CLANG_WARN__DUPLICATE_METHOD_MATCH = YES;
				COPY_PHASE_STRIP = NO;
				DEBUG_INFORMATION_FORMAT = "dwarf-with-dsym";
				ENABLE_NS_ASSERTIONS = NO;
				ENABLE_STRICT_OBJC_MSGSEND = YES;
				GCC_C_LANGUAGE_STANDARD = gnu11;
				GCC_NO_COMMON_BLOCKS = YES;
				GCC_WARN_64_TO_32_BIT_CONVERSION = YES;
				GCC_WARN_ABOUT_RETURN_TYPE = YES_ERROR;
				GCC_WARN_UNDECLARED_SELECTOR = YES;
				GCC_WARN_UNINITIALIZED_AUTOS = YES_AGGRESSIVE;
				GCC_WARN_UNUSED_FUNCTION = YES;
				GCC_WARN_UNUSED_VARIABLE = YES;
				IPHONEOS_DEPLOYMENT_TARGET = 15.4;
				MTL_ENABLE_DEBUG_INFO = NO;
				MTL_FAST_MATH = YES;
				SDKROOT = iphoneos;
				SWIFT_COMPILATION_MODE = wholemodule;
				SWIFT_OPTIMIZATION_LEVEL = "-O";
				VALIDATE_PRODUCT = YES;
			};
			name = Release;
		};
		B7F90AF5280D59380067E4FE /* Debug */ = {
			isa = XCBuildConfiguration;
			baseConfigurationReference = 30B7758F5AA5C25B8DB71BC4 /* Pods-SideDishApp.debug.xcconfig */;
			buildSettings = {
				ASSETCATALOG_COMPILER_APPICON_NAME = AppIcon;
				ASSETCATALOG_COMPILER_GLOBAL_ACCENT_COLOR_NAME = AccentColor;
				CODE_SIGN_STYLE = Automatic;
				CURRENT_PROJECT_VERSION = 1;
				DEVELOPMENT_TEAM = 57KUPHDJ89;
				GENERATE_INFOPLIST_FILE = YES;
				INFOPLIST_FILE = SideDishApp/Info.plist;
				INFOPLIST_KEY_UIApplicationSupportsIndirectInputEvents = YES;
				INFOPLIST_KEY_UILaunchStoryboardName = LaunchScreen;
				INFOPLIST_KEY_UIMainStoryboardFile = Main;
				INFOPLIST_KEY_UISupportedInterfaceOrientations_iPad = "UIInterfaceOrientationPortrait UIInterfaceOrientationPortraitUpsideDown UIInterfaceOrientationLandscapeLeft UIInterfaceOrientationLandscapeRight";
				INFOPLIST_KEY_UISupportedInterfaceOrientations_iPhone = "UIInterfaceOrientationPortrait UIInterfaceOrientationLandscapeLeft UIInterfaceOrientationLandscapeRight";
				LD_RUNPATH_SEARCH_PATHS = (
					"$(inherited)",
					"@executable_path/Frameworks",
				);
				MARKETING_VERSION = 1.0;
				PRODUCT_BUNDLE_IDENTIFIER = Kai.SideDishApp;
				PRODUCT_NAME = "$(TARGET_NAME)";
				SWIFT_EMIT_LOC_STRINGS = YES;
				SWIFT_VERSION = 5.0;
				TARGETED_DEVICE_FAMILY = "1,2";
			};
			name = Debug;
		};
		B7F90AF6280D59380067E4FE /* Release */ = {
			isa = XCBuildConfiguration;
			baseConfigurationReference = 712EA6A1420440DE5304111E /* Pods-SideDishApp.release.xcconfig */;
			buildSettings = {
				ASSETCATALOG_COMPILER_APPICON_NAME = AppIcon;
				ASSETCATALOG_COMPILER_GLOBAL_ACCENT_COLOR_NAME = AccentColor;
				CODE_SIGN_STYLE = Automatic;
				CURRENT_PROJECT_VERSION = 1;
				DEVELOPMENT_TEAM = 57KUPHDJ89;
				GENERATE_INFOPLIST_FILE = YES;
				INFOPLIST_FILE = SideDishApp/Info.plist;
				INFOPLIST_KEY_UIApplicationSupportsIndirectInputEvents = YES;
				INFOPLIST_KEY_UILaunchStoryboardName = LaunchScreen;
				INFOPLIST_KEY_UIMainStoryboardFile = Main;
				INFOPLIST_KEY_UISupportedInterfaceOrientations_iPad = "UIInterfaceOrientationPortrait UIInterfaceOrientationPortraitUpsideDown UIInterfaceOrientationLandscapeLeft UIInterfaceOrientationLandscapeRight";
				INFOPLIST_KEY_UISupportedInterfaceOrientations_iPhone = "UIInterfaceOrientationPortrait UIInterfaceOrientationLandscapeLeft UIInterfaceOrientationLandscapeRight";
				LD_RUNPATH_SEARCH_PATHS = (
					"$(inherited)",
					"@executable_path/Frameworks",
				);
				MARKETING_VERSION = 1.0;
				PRODUCT_BUNDLE_IDENTIFIER = Kai.SideDishApp;
				PRODUCT_NAME = "$(TARGET_NAME)";
				SWIFT_EMIT_LOC_STRINGS = YES;
				SWIFT_VERSION = 5.0;
				TARGETED_DEVICE_FAMILY = "1,2";
			};
			name = Release;
		};
/* End XCBuildConfiguration section */

/* Begin XCConfigurationList section */
		B7F90ADB280D59370067E4FE /* Build configuration list for PBXProject "SideDishApp" */ = {
			isa = XCConfigurationList;
			buildConfigurations = (
				B7F90AF2280D59380067E4FE /* Debug */,
				B7F90AF3280D59380067E4FE /* Release */,
			);
			defaultConfigurationIsVisible = 0;
			defaultConfigurationName = Release;
		};
		B7F90AF4280D59380067E4FE /* Build configuration list for PBXNativeTarget "SideDishApp" */ = {
			isa = XCConfigurationList;
			buildConfigurations = (
				B7F90AF5280D59380067E4FE /* Debug */,
				B7F90AF6280D59380067E4FE /* Release */,
			);
			defaultConfigurationIsVisible = 0;
			defaultConfigurationName = Release;
		};
/* End XCConfigurationList section */
	};
	rootObject = B7F90AD8280D59370067E4FE /* Project object */;
}
